<?xml version="1.0" encoding="UTF-8"?>
<Scheme
   LastUpgradeVersion = "0730"
   version = "1.3">
   <BuildAction
      parallelizeBuildables = "NO"
      buildImplicitDependencies = "YES">
      <BuildActionEntries>
         <BuildActionEntry
            buildForTesting = "YES"
            buildForRunning = "YES"
            buildForProfiling = "YES"
            buildForArchiving = "YES"
            buildForAnalyzing = "YES">
            <BuildableReference
               BuildableIdentifier = "primary"
               BlueprintIdentifier = "C296499A1B010E39000C2D4A"
               BuildableName = "Chameleon.framework"
               BlueprintName = "Chameleon"
               ReferencedContainer = "container:../Chameleon/Chameleon.xcodeproj">
            </BuildableReference>
         </BuildActionEntry>
         <BuildActionEntry
            buildForTesting = "YES"
            buildForRunning = "YES"
            buildForProfiling = "YES"
            buildForArchiving = "YES"
            buildForAnalyzing = "YES">
            <BuildableReference
               BuildableIdentifier = "primary"
               BlueprintIdentifier = "C2358FEB19C795AA00920F8D"
               BuildableName = "Lumberjack.framework"
               BlueprintName = "Lumberjack"
               ReferencedContainer = "container:../../../MSRemote/Remote/MoonKit/Lumberjack/Lumberjack.xcodeproj">
            </BuildableReference>
         </BuildActionEntry>
         <BuildActionEntry
            buildForTesting = "YES"
            buildForRunning = "YES"
            buildForProfiling = "YES"
            buildForArchiving = "YES"
            buildForAnalyzing = "YES">
            <BuildableReference
               BuildableIdentifier = "primary"
               BlueprintIdentifier = "C2358F1519C78D6D00920F8D"
               BuildableName = "MoonKit.framework"
               BlueprintName = "MoonKit"
               ReferencedContainer = "container:MoonKit.xcodeproj">
            </BuildableReference>
         </BuildActionEntry>
      </BuildActionEntries>
   </BuildAction>
   <TestAction
      buildConfiguration = "Debug"
      selectedDebuggerIdentifier = "Xcode.DebuggerFoundation.Debugger.LLDB"
      selectedLauncherIdentifier = "Xcode.DebuggerFoundation.Launcher.LLDB"
      shouldUseLaunchSchemeArgsEnv = "YES">
      <Testables>
         <TestableReference
            skipped = "NO">
            <BuildableReference
               BuildableIdentifier = "primary"
               BlueprintIdentifier = "C2EE61801C7F8C760091C5AC"
               BuildableName = "OrderedDictionaryTests.xctest"
               BlueprintName = "OrderedDictionaryTests"
               ReferencedContainer = "container:MoonKit.xcodeproj">
            </BuildableReference>
            <SkippedTests>
               <Test
                  Identifier = "OrderedDictionaryTests/testInsertValueForKeyPerformance()">
               </Test>
               <Test
                  Identifier = "OrderedDictionaryTests/testOverallPerformanceWithCapacityReserved()">
               </Test>
               <Test
                  Identifier = "OrderedDictionaryTests/testOverallPerformanceWithoutCapacityReserved()">
               </Test>
               <Test
                  Identifier = "OrderedDictionaryTests/testRemoveValueForKeyPerformance()">
               </Test>
            </SkippedTests>
         </TestableReference>
         <TestableReference
            skipped = "NO">
            <BuildableReference
               BuildableIdentifier = "primary"
               BlueprintIdentifier = "C2C65BBB1C970F38000645ED"
               BuildableName = "OrderedSetTests.xctest"
               BlueprintName = "OrderedSetTests"
               ReferencedContainer = "container:MoonKit.xcodeproj">
            </BuildableReference>
            <SkippedTests>
               <Test
                  Identifier = "OrderedSetTests/testDeletePerformance()">
               </Test>
               <Test
                  Identifier = "OrderedSetTests/testInsertionPerformance()">
               </Test>
               <Test
                  Identifier = "OrderedSetTests/testIntersectionPerformance()">
               </Test>
               <Test
                  Identifier = "OrderedSetTests/testOverallPerformanceWithCapacityReserved()">
               </Test>
               <Test
                  Identifier = "OrderedSetTests/testOverallPerformanceWithoutCapacityReserved()">
               </Test>
               <Test
                  Identifier = "OrderedSetTests/testReplaceRangePerformance()">
               </Test>
               <Test
                  Identifier = "OrderedSetTests/testSubtractPerformance()">
               </Test>
               <Test
                  Identifier = "OrderedSetTests/testUnionPerformance()">
               </Test>
               <Test
                  Identifier = "OrderedSetTests/testXORPerformance()">
               </Test>
            </SkippedTests>
         </TestableReference>
         <TestableReference
            skipped = "NO">
            <BuildableReference
               BuildableIdentifier = "primary"
               BlueprintIdentifier = "C2D137591CFE090A00EE3863"
               BuildableName = "RangeMapTests.xctest"
               BlueprintName = "RangeMapTests"
               ReferencedContainer = "container:MoonKit.xcodeproj">
            </BuildableReference>
         </TestableReference>
         <TestableReference
            skipped = "NO">
            <BuildableReference
               BuildableIdentifier = "primary"
               BlueprintIdentifier = "C2D1376A1CFE55A400EE3863"
               BuildableName = "NativeSetPerformanceTests.xctest"
               BlueprintName = "NativeSetPerformanceTests"
               ReferencedContainer = "container:MoonKit.xcodeproj">
            </BuildableReference>
         </TestableReference>
      </Testables>
      <MacroExpansion>
         <BuildableReference
            BuildableIdentifier = "primary"
            BlueprintIdentifier = "C2358F1519C78D6D00920F8D"
            BuildableName = "MoonKit.framework"
            BlueprintName = "MoonKit"
            ReferencedContainer = "container:MoonKit.xcodeproj">
         </BuildableReference>
      </MacroExpansion>
      <AdditionalOptions>
      </AdditionalOptions>
   </TestAction>
   <LaunchAction
      buildConfiguration = "Debug"
      selectedDebuggerIdentifier = "Xcode.DebuggerFoundation.Debugger.LLDB"
      selectedLauncherIdentifier = "Xcode.DebuggerFoundation.Launcher.LLDB"
      launchStyle = "0"
      useCustomWorkingDirectory = "NO"
      ignoresPersistentStateOnLaunch = "NO"
      debugDocumentVersioning = "YES"
      debugServiceExtension = "internal"
      allowLocationSimulation = "YES">
      <MacroExpansion>
         <BuildableReference
            BuildableIdentifier = "primary"
            BlueprintIdentifier = "C2358F1519C78D6D00920F8D"
            BuildableName = "MoonKit.framework"
            BlueprintName = "MoonKit"
            ReferencedContainer = "container:MoonKit.xcodeproj">
         </BuildableReference>
      </MacroExpansion>
      <AdditionalOptions>
      </AdditionalOptions>
   </LaunchAction>
   <ProfileAction
      buildConfiguration = "Profile"
      shouldUseLaunchSchemeArgsEnv = "YES"
      savedToolIdentifier = ""
      useCustomWorkingDirectory = "NO"
      debugDocumentVersioning = "YES">
      <MacroExpansion>
         <BuildableReference
            BuildableIdentifier = "primary"
            BlueprintIdentifier = "C2358F1519C78D6D00920F8D"
            BuildableName = "MoonKit.framework"
            BlueprintName = "MoonKit"
            ReferencedContainer = "container:MoonKit.xcodeproj">
         </BuildableReference>
      </MacroExpansion>
   </ProfileAction>
   <AnalyzeAction
      buildConfiguration = "Debug">
   </AnalyzeAction>
   <ArchiveAction
      buildConfiguration = "Release"
      revealArchiveInOrganizer = "YES">
   </ArchiveAction>
</Scheme>
