// !$*UTF8*$!
{
	archiveVersion = 1;
	classes = {
	};
	objectVersion = 47;
	objects = {

/* Begin PBXBuildFile section */
		C207458D1B8CFB91000A06D4 /* test_morse_code_a.mid in Resources */ = {isa = PBXBuildFile; fileRef = C207458C1B8CFB91000A06D4 /* test_morse_code_a.mid */; };
		C207458F1B8DF6D5000A06D4 /* BarBeatTime.swift in Sources */ = {isa = PBXBuildFile; fileRef = C207458E1B8DF6D5000A06D4 /* BarBeatTime.swift */; };
		C21451AB1B7FFF0F00E1A0B2 /* Mixer.swift in Sources */ = {isa = PBXBuildFile; fileRef = C21451AA1B7FFF0F00E1A0B2 /* Mixer.swift */; };
		C21E44C11B7653BF00574BD2 /* SPYRO's Pure Oscillators.sf2 in Resources */ = {isa = PBXBuildFile; fileRef = C21E44C01B7653BF00574BD2 /* SPYRO's Pure Oscillators.sf2 */; };
		C21E44C51B76546C00574BD2 /* AudioManager.swift in Sources */ = {isa = PBXBuildFile; fileRef = C21E44C41B76546C00574BD2 /* AudioManager.swift */; };
		C2404BC31B78026500A68A64 /* Sampler Files in Resources */ = {isa = PBXBuildFile; fileRef = C2404BC11B78026500A68A64 /* Sampler Files */; };
		C2404BC41B78026500A68A64 /* Grand Piano.exs in Resources */ = {isa = PBXBuildFile; fileRef = C2404BC21B78026500A68A64 /* Grand Piano.exs */; };
		C2404BC61B7805B400A68A64 /* Hip Hop Kit.exs in Resources */ = {isa = PBXBuildFile; fileRef = C2404BC51B7805B400A68A64 /* Hip Hop Kit.exs */; };
		C2569E401B90005400EEB441 /* TempoTrack.swift in Sources */ = {isa = PBXBuildFile; fileRef = C2569E3F1B90005400EEB441 /* TempoTrack.swift */; settings = {ASSET_TAGS = (); }; };
		C25EBC831B8BFAFA00E57665 /* MIDIFile.swift in Sources */ = {isa = PBXBuildFile; fileRef = C25EBC821B8BFAFA00E57665 /* MIDIFile.swift */; };
		C26A27EF1B948E4F00BD1698 /* FilesViewController.swift in Sources */ = {isa = PBXBuildFile; fileRef = C26A27EE1B948E4E00BD1698 /* FilesViewController.swift */; settings = {ASSET_TAGS = (); }; };
		C26EEB2E1B7FDA8F00EC6979 /* MixerViewController.swift in Sources */ = {isa = PBXBuildFile; fileRef = C26EEB2D1B7FDA8F00EC6979 /* MixerViewController.swift */; };
		C26EEB301B7FDAF300EC6979 /* MixerCell.swift in Sources */ = {isa = PBXBuildFile; fileRef = C26EEB2F1B7FDAF300EC6979 /* MixerCell.swift */; };
		C26FC16D1B7B8A3200E271A3 /* GeneralUser GS MuseScore v1.442.sf2 in Resources */ = {isa = PBXBuildFile; fileRef = C26FC16C1B7B8A3200E271A3 /* GeneralUser GS MuseScore v1.442.sf2 */; };
		C26FC16F1B7BA63300E271A3 /* MIDINode.swift in Sources */ = {isa = PBXBuildFile; fileRef = C26FC16E1B7BA63300E271A3 /* MIDINode.swift */; };
		C26FC1711B7BAC7F00E271A3 /* MIDIPlayerNode.swift in Sources */ = {isa = PBXBuildFile; fileRef = C26FC1701B7BAC7F00E271A3 /* MIDIPlayerNode.swift */; };
		C26FC1731B7BAEBD00E271A3 /* MIDIPlayerFieldNode.swift in Sources */ = {isa = PBXBuildFile; fileRef = C26FC1721B7BAEBD00E271A3 /* MIDIPlayerFieldNode.swift */; };
		C272B2A01B7D700600134E5F /* SoundSet.swift in Sources */ = {isa = PBXBuildFile; fileRef = C272B29F1B7D700600134E5F /* SoundSet.swift */; };
		C272B2A21B7D714B00134E5F /* PureOscillators.programlist in Resources */ = {isa = PBXBuildFile; fileRef = C272B2A11B7D714B00134E5F /* PureOscillators.programlist */; };
		C272B2A31B7D802700134E5F /* FluidR3.sf2 in Resources */ = {isa = PBXBuildFile; fileRef = C21E44C21B7653D500574BD2 /* FluidR3.sf2 */; };
		C27E18AD1B965F8500626314 /* Eveleth.framework in Frameworks */ = {isa = PBXBuildFile; fileRef = C2404BCD1B78EDEB00A68A64 /* Eveleth.framework */; };
		C27E18AE1B965F8500626314 /* Eveleth.framework in Embed Frameworks */ = {isa = PBXBuildFile; fileRef = C2404BCD1B78EDEB00A68A64 /* Eveleth.framework */; settings = {ATTRIBUTES = (CodeSignOnCopy, RemoveHeadersOnCopy, ); }; };
		C27E18B01B965F8500626314 /* Lumberjack.framework in Frameworks */ = {isa = PBXBuildFile; fileRef = C27E18AF1B965F8500626314 /* Lumberjack.framework */; };
		C27E18B11B965F8500626314 /* Lumberjack.framework in Embed Frameworks */ = {isa = PBXBuildFile; fileRef = C27E18AF1B965F8500626314 /* Lumberjack.framework */; settings = {ATTRIBUTES = (CodeSignOnCopy, RemoveHeadersOnCopy, ); }; };
		C27E18B21B965F8500626314 /* MoonKit.framework in Frameworks */ = {isa = PBXBuildFile; fileRef = C2404BD41B78EEC500A68A64 /* MoonKit.framework */; };
		C27E18B31B965F8500626314 /* MoonKit.framework in Embed Frameworks */ = {isa = PBXBuildFile; fileRef = C2404BD41B78EEC500A68A64 /* MoonKit.framework */; settings = {ATTRIBUTES = (CodeSignOnCopy, RemoveHeadersOnCopy, ); }; };
		C27E18B41B965F8500626314 /* Chameleon.framework in Frameworks */ = {isa = PBXBuildFile; fileRef = C2404BD11B78EE3800A68A64 /* Chameleon.framework */; };
		C27E18B51B965F8500626314 /* Chameleon.framework in Embed Frameworks */ = {isa = PBXBuildFile; fileRef = C2404BD11B78EE3800A68A64 /* Chameleon.framework */; settings = {ATTRIBUTES = (CodeSignOnCopy, RemoveHeadersOnCopy, ); }; };
		C28AA0EC1B8BC74800DA2502 /* test.mid in Resources */ = {isa = PBXBuildFile; fileRef = C28AA0EB1B8BC74800DA2502 /* test.mid */; };
		C291C3EB1B91EDA700702AEA /* TrackChunk.swift in Sources */ = {isa = PBXBuildFile; fileRef = C291C3EA1B91EDA700702AEA /* TrackChunk.swift */; settings = {ASSET_TAGS = (); }; };
		C291C3ED1B91EDB700702AEA /* HeaderChunk.swift in Sources */ = {isa = PBXBuildFile; fileRef = C291C3EC1B91EDB700702AEA /* HeaderChunk.swift */; settings = {ASSET_TAGS = (); }; };
		C291C3EF1B91EDCC00702AEA /* MetaEvent.swift in Sources */ = {isa = PBXBuildFile; fileRef = C291C3EE1B91EDCC00702AEA /* MetaEvent.swift */; settings = {ASSET_TAGS = (); }; };
		C291C3F11B91EDD600702AEA /* ChannelEvent.swift in Sources */ = {isa = PBXBuildFile; fileRef = C291C3F01B91EDD600702AEA /* ChannelEvent.swift */; settings = {ASSET_TAGS = (); }; };
		C291C3F31B91EDE100702AEA /* VariableLengthQuantity.swift in Sources */ = {isa = PBXBuildFile; fileRef = C291C3F21B91EDE100702AEA /* VariableLengthQuantity.swift */; settings = {ASSET_TAGS = (); }; };
		C291C3F51B91F05900702AEA /* MIDIFileProtocols.swift in Sources */ = {isa = PBXBuildFile; fileRef = C291C3F41B91F05900702AEA /* MIDIFileProtocols.swift */; settings = {ASSET_TAGS = (); }; };
		C2AA2BC81B84B04200A0B08D /* InstrumentViewController.swift in Sources */ = {isa = PBXBuildFile; fileRef = C2AA2BC71B84B04200A0B08D /* InstrumentViewController.swift */; };
		C2AA2BCB1B84FB2100A0B08D /* Sequencer.swift in Sources */ = {isa = PBXBuildFile; fileRef = C2AA2BCA1B84FB2100A0B08D /* Sequencer.swift */; };
		C2AA9EF21B7BB92F0025BE4D /* MIDIPlayerField.fsh in Resources */ = {isa = PBXBuildFile; fileRef = C2AA9EF11B7BB92F0025BE4D /* MIDIPlayerField.fsh */; };
		C2B123821B8523FF008FED5E /* Bus.swift in Sources */ = {isa = PBXBuildFile; fileRef = C2B123811B8523FF008FED5E /* Bus.swift */; };
		C2B123BF1B864DCC008FED5E /* MIDIClock.swift in Sources */ = {isa = PBXBuildFile; fileRef = C2B123BE1B864DCC008FED5E /* MIDIClock.swift */; };
		C2BC7AD51B76C85E001729BA /* Instrument.swift in Sources */ = {isa = PBXBuildFile; fileRef = C2BC7AD41B76C85E001729BA /* Instrument.swift */; };
		C2CD18E11B7E681A00705922 /* Error.swift in Sources */ = {isa = PBXBuildFile; fileRef = C2CD18E01B7E681A00705922 /* Error.swift */; };
		C2CF38CD1B7EBED30085B3D5 /* Track.swift in Sources */ = {isa = PBXBuildFile; fileRef = C2CF38CC1B7EBED30085B3D5 /* Track.swift */; };
		C2DFBE7A1B8AA5AB00898C2A /* Sequence.swift in Sources */ = {isa = PBXBuildFile; fileRef = C2DFBE791B8AA5AB00898C2A /* Sequence.swift */; };
		C2E043351B72F4DC005F0675 /* AppDelegate.swift in Sources */ = {isa = PBXBuildFile; fileRef = C2E043341B72F4DC005F0675 /* AppDelegate.swift */; };
		C2E043391B72F4DC005F0675 /* MIDIPlayerScene.swift in Sources */ = {isa = PBXBuildFile; fileRef = C2E043381B72F4DC005F0675 /* MIDIPlayerScene.swift */; };
		C2E0433B1B72F4DC005F0675 /* MIDIPlayerViewController.swift in Sources */ = {isa = PBXBuildFile; fileRef = C2E0433A1B72F4DC005F0675 /* MIDIPlayerViewController.swift */; };
		C2E0433E1B72F4DC005F0675 /* Main.storyboard in Resources */ = {isa = PBXBuildFile; fileRef = C2E0433C1B72F4DC005F0675 /* Main.storyboard */; };
		C2E043401B72F4DC005F0675 /* Assets.xcassets in Resources */ = {isa = PBXBuildFile; fileRef = C2E0433F1B72F4DC005F0675 /* Assets.xcassets */; };
		C2E043431B72F4DC005F0675 /* LaunchScreen.storyboard in Resources */ = {isa = PBXBuildFile; fileRef = C2E043411B72F4DC005F0675 /* LaunchScreen.storyboard */; };
		C2EFA0EC1B823642002EBA3D /* TemplateViewController.swift in Sources */ = {isa = PBXBuildFile; fileRef = C2EFA0EB1B823642002EBA3D /* TemplateViewController.swift */; };
		C2EFA0EE1B824A2F002EBA3D /* AssetManager.swift in Sources */ = {isa = PBXBuildFile; fileRef = C2EFA0ED1B824A2F002EBA3D /* AssetManager.swift */; };
		C2F2ADC21B90EBD300FF4836 /* Woodblock.wav in Resources */ = {isa = PBXBuildFile; fileRef = C2F2ADC11B90EBD300FF4836 /* Woodblock.wav */; settings = {ASSET_TAGS = (); }; };
		C2F2ADC41B91098A00FF4836 /* NoteAttributes.swift in Sources */ = {isa = PBXBuildFile; fileRef = C2F2ADC31B91098A00FF4836 /* NoteAttributes.swift */; settings = {ASSET_TAGS = (); }; };
		C2F2ADC61B91203700FF4836 /* Metronome.swift in Sources */ = {isa = PBXBuildFile; fileRef = C2F2ADC51B91203700FF4836 /* Metronome.swift */; settings = {ASSET_TAGS = (); }; };
/* End PBXBuildFile section */

/* Begin PBXCopyFilesBuildPhase section */
		C27E18B61B965F8600626314 /* Embed Frameworks */ = {
			isa = PBXCopyFilesBuildPhase;
			buildActionMask = 2147483647;
			dstPath = "";
			dstSubfolderSpec = 10;
			files = (
				C27E18B11B965F8500626314 /* Lumberjack.framework in Embed Frameworks */,
				C27E18B31B965F8500626314 /* MoonKit.framework in Embed Frameworks */,
				C27E18AE1B965F8500626314 /* Eveleth.framework in Embed Frameworks */,
				C27E18B51B965F8500626314 /* Chameleon.framework in Embed Frameworks */,
			);
			name = "Embed Frameworks";
			runOnlyForDeploymentPostprocessing = 0;
		};
/* End PBXCopyFilesBuildPhase section */

/* Begin PBXFileReference section */
		C20745891B8CE4C3000A06D4 /* morse_code_a.mid */ = {isa = PBXFileReference; lastKnownFileType = audio.midi; path = morse_code_a.mid; sourceTree = "<group>"; };
		C207458C1B8CFB91000A06D4 /* test_morse_code_a.mid */ = {isa = PBXFileReference; lastKnownFileType = audio.midi; path = test_morse_code_a.mid; sourceTree = "<group>"; };
		C207458E1B8DF6D5000A06D4 /* BarBeatTime.swift */ = {isa = PBXFileReference; fileEncoding = 4; lastKnownFileType = sourcecode.swift; path = BarBeatTime.swift; sourceTree = "<group>"; };
		C21451AA1B7FFF0F00E1A0B2 /* Mixer.swift */ = {isa = PBXFileReference; fileEncoding = 4; lastKnownFileType = sourcecode.swift; path = Mixer.swift; sourceTree = "<group>"; };
		C21E44C01B7653BF00574BD2 /* SPYRO's Pure Oscillators.sf2 */ = {isa = PBXFileReference; lastKnownFileType = file; name = "SPYRO's Pure Oscillators.sf2"; path = "MidiSprite/SPYRO's Pure Oscillators.sf2"; sourceTree = "<group>"; };
		C21E44C21B7653D500574BD2 /* FluidR3.sf2 */ = {isa = PBXFileReference; lastKnownFileType = file; name = FluidR3.sf2; path = MidiSprite/FluidR3.sf2; sourceTree = "<group>"; };
		C21E44C41B76546C00574BD2 /* AudioManager.swift */ = {isa = PBXFileReference; fileEncoding = 4; lastKnownFileType = sourcecode.swift; path = AudioManager.swift; sourceTree = "<group>"; };
		C21E44C81B76739C00574BD2 /* sf2.playground */ = {isa = PBXFileReference; lastKnownFileType = file.playground; name = sf2.playground; path = MidiSprite/sf2.playground; sourceTree = "<group>"; };
		C2404BC11B78026500A68A64 /* Sampler Files */ = {isa = PBXFileReference; lastKnownFileType = folder; name = "Sampler Files"; path = "MidiSprite/Sampler Files"; sourceTree = "<group>"; };
		C2404BC21B78026500A68A64 /* Grand Piano.exs */ = {isa = PBXFileReference; lastKnownFileType = file; name = "Grand Piano.exs"; path = "MidiSprite/Grand Piano.exs"; sourceTree = "<group>"; };
		C2404BC51B7805B400A68A64 /* Hip Hop Kit.exs */ = {isa = PBXFileReference; lastKnownFileType = file; name = "Hip Hop Kit.exs"; path = "MidiSprite/Hip Hop Kit.exs"; sourceTree = "<group>"; };
		C2404BCD1B78EDEB00A68A64 /* Eveleth.framework */ = {isa = PBXFileReference; explicitFileType = wrapper.framework; path = Eveleth.framework; sourceTree = BUILT_PRODUCTS_DIR; };
		C2404BD11B78EE3800A68A64 /* Chameleon.framework */ = {isa = PBXFileReference; explicitFileType = wrapper.framework; path = Chameleon.framework; sourceTree = BUILT_PRODUCTS_DIR; };
		C2404BD41B78EEC500A68A64 /* MoonKit.framework */ = {isa = PBXFileReference; explicitFileType = wrapper.framework; path = MoonKit.framework; sourceTree = BUILT_PRODUCTS_DIR; };
		C2569E3F1B90005400EEB441 /* TempoTrack.swift */ = {isa = PBXFileReference; fileEncoding = 4; lastKnownFileType = sourcecode.swift; path = TempoTrack.swift; sourceTree = "<group>"; };
		C25EBC821B8BFAFA00E57665 /* MIDIFile.swift */ = {isa = PBXFileReference; fileEncoding = 4; lastKnownFileType = sourcecode.swift; path = MIDIFile.swift; sourceTree = "<group>"; };
		C26A27EE1B948E4E00BD1698 /* FilesViewController.swift */ = {isa = PBXFileReference; fileEncoding = 4; lastKnownFileType = sourcecode.swift; path = FilesViewController.swift; sourceTree = "<group>"; };
		C26EEB2D1B7FDA8F00EC6979 /* MixerViewController.swift */ = {isa = PBXFileReference; fileEncoding = 4; lastKnownFileType = sourcecode.swift; path = MixerViewController.swift; sourceTree = "<group>"; };
		C26EEB2F1B7FDAF300EC6979 /* MixerCell.swift */ = {isa = PBXFileReference; fileEncoding = 4; lastKnownFileType = sourcecode.swift; path = MixerCell.swift; sourceTree = "<group>"; };
		C26FC16C1B7B8A3200E271A3 /* GeneralUser GS MuseScore v1.442.sf2 */ = {isa = PBXFileReference; lastKnownFileType = file; name = "GeneralUser GS MuseScore v1.442.sf2"; path = "MidiSprite/GeneralUser GS MuseScore v1.442.sf2"; sourceTree = "<group>"; };
		C26FC16E1B7BA63300E271A3 /* MIDINode.swift */ = {isa = PBXFileReference; fileEncoding = 4; lastKnownFileType = sourcecode.swift; path = MIDINode.swift; sourceTree = "<group>"; };
		C26FC1701B7BAC7F00E271A3 /* MIDIPlayerNode.swift */ = {isa = PBXFileReference; fileEncoding = 4; lastKnownFileType = sourcecode.swift; path = MIDIPlayerNode.swift; sourceTree = "<group>"; };
		C26FC1721B7BAEBD00E271A3 /* MIDIPlayerFieldNode.swift */ = {isa = PBXFileReference; fileEncoding = 4; lastKnownFileType = sourcecode.swift; path = MIDIPlayerFieldNode.swift; sourceTree = "<group>"; };
		C272B29F1B7D700600134E5F /* SoundSet.swift */ = {isa = PBXFileReference; fileEncoding = 4; lastKnownFileType = sourcecode.swift; path = SoundSet.swift; sourceTree = "<group>"; };
		C272B2A11B7D714B00134E5F /* PureOscillators.programlist */ = {isa = PBXFileReference; fileEncoding = 4; lastKnownFileType = text; path = PureOscillators.programlist; sourceTree = "<group>"; };
		C27E18AF1B965F8500626314 /* Lumberjack.framework */ = {isa = PBXFileReference; explicitFileType = wrapper.framework; path = Lumberjack.framework; sourceTree = BUILT_PRODUCTS_DIR; };
		C286CE1B1B73D2C10003FCBF /* MidiSprite.playground */ = {isa = PBXFileReference; lastKnownFileType = file.playground; name = MidiSprite.playground; path = /Users/Moondeer/Projects/MidiSprite/MidiSprite.playground; sourceTree = "<absolute>"; };
		C28AA0EB1B8BC74800DA2502 /* test.mid */ = {isa = PBXFileReference; lastKnownFileType = audio.midi; path = test.mid; sourceTree = "<group>"; };
		C28AA0ED1B8BE1F800DA2502 /* Ping Puh Ping.mid */ = {isa = PBXFileReference; lastKnownFileType = audio.midi; path = "Ping Puh Ping.mid"; sourceTree = "<group>"; };
		C291C3EA1B91EDA700702AEA /* TrackChunk.swift */ = {isa = PBXFileReference; fileEncoding = 4; lastKnownFileType = sourcecode.swift; path = TrackChunk.swift; sourceTree = "<group>"; };
		C291C3EC1B91EDB700702AEA /* HeaderChunk.swift */ = {isa = PBXFileReference; fileEncoding = 4; lastKnownFileType = sourcecode.swift; path = HeaderChunk.swift; sourceTree = "<group>"; };
		C291C3EE1B91EDCC00702AEA /* MetaEvent.swift */ = {isa = PBXFileReference; fileEncoding = 4; lastKnownFileType = sourcecode.swift; path = MetaEvent.swift; sourceTree = "<group>"; };
		C291C3F01B91EDD600702AEA /* ChannelEvent.swift */ = {isa = PBXFileReference; fileEncoding = 4; lastKnownFileType = sourcecode.swift; path = ChannelEvent.swift; sourceTree = "<group>"; };
		C291C3F21B91EDE100702AEA /* VariableLengthQuantity.swift */ = {isa = PBXFileReference; fileEncoding = 4; lastKnownFileType = sourcecode.swift; path = VariableLengthQuantity.swift; sourceTree = "<group>"; };
		C291C3F41B91F05900702AEA /* MIDIFileProtocols.swift */ = {isa = PBXFileReference; fileEncoding = 4; lastKnownFileType = sourcecode.swift; path = MIDIFileProtocols.swift; sourceTree = "<group>"; };
		C2AA2BC71B84B04200A0B08D /* InstrumentViewController.swift */ = {isa = PBXFileReference; fileEncoding = 4; lastKnownFileType = sourcecode.swift; path = InstrumentViewController.swift; sourceTree = "<group>"; };
		C2AA2BCA1B84FB2100A0B08D /* Sequencer.swift */ = {isa = PBXFileReference; fileEncoding = 4; lastKnownFileType = sourcecode.swift; path = Sequencer.swift; sourceTree = "<group>"; };
		C2AA9EF11B7BB92F0025BE4D /* MIDIPlayerField.fsh */ = {isa = PBXFileReference; fileEncoding = 4; lastKnownFileType = sourcecode.glsl; path = MIDIPlayerField.fsh; sourceTree = "<group>"; };
		C2AD8E861B7D99C60003579E /* AudioToolbox.framework */ = {isa = PBXFileReference; lastKnownFileType = wrapper.framework; name = AudioToolbox.framework; path = System/Library/Frameworks/AudioToolbox.framework; sourceTree = SDKROOT; };
		C2AD8E881B7D99C60003579E /* MidiSprite.entitlements */ = {isa = PBXFileReference; lastKnownFileType = text.xml; path = MidiSprite.entitlements; sourceTree = "<group>"; };
		C2B123811B8523FF008FED5E /* Bus.swift */ = {isa = PBXFileReference; fileEncoding = 4; lastKnownFileType = sourcecode.swift; path = Bus.swift; sourceTree = "<group>"; };
		C2B123BE1B864DCC008FED5E /* MIDIClock.swift */ = {isa = PBXFileReference; fileEncoding = 4; lastKnownFileType = sourcecode.swift; path = MIDIClock.swift; sourceTree = "<group>"; };
		C2BC7AD41B76C85E001729BA /* Instrument.swift */ = {isa = PBXFileReference; fileEncoding = 4; lastKnownFileType = sourcecode.swift; path = Instrument.swift; sourceTree = "<group>"; };
		C2CD18E01B7E681A00705922 /* Error.swift */ = {isa = PBXFileReference; fileEncoding = 4; lastKnownFileType = sourcecode.swift; path = Error.swift; sourceTree = "<group>"; };
		C2CF38CC1B7EBED30085B3D5 /* Track.swift */ = {isa = PBXFileReference; fileEncoding = 4; lastKnownFileType = sourcecode.swift; path = Track.swift; sourceTree = "<group>"; };
		C2DFBE791B8AA5AB00898C2A /* Sequence.swift */ = {isa = PBXFileReference; fileEncoding = 4; lastKnownFileType = sourcecode.swift; path = Sequence.swift; sourceTree = "<group>"; };
		C2E043311B72F4DC005F0675 /* MidiSprite.app */ = {isa = PBXFileReference; explicitFileType = wrapper.application; includeInIndex = 0; path = MidiSprite.app; sourceTree = BUILT_PRODUCTS_DIR; };
		C2E043341B72F4DC005F0675 /* AppDelegate.swift */ = {isa = PBXFileReference; lastKnownFileType = sourcecode.swift; path = AppDelegate.swift; sourceTree = "<group>"; };
		C2E043381B72F4DC005F0675 /* MIDIPlayerScene.swift */ = {isa = PBXFileReference; lastKnownFileType = sourcecode.swift; path = MIDIPlayerScene.swift; sourceTree = "<group>"; };
		C2E0433A1B72F4DC005F0675 /* MIDIPlayerViewController.swift */ = {isa = PBXFileReference; lastKnownFileType = sourcecode.swift; path = MIDIPlayerViewController.swift; sourceTree = "<group>"; };
		C2E0433D1B72F4DC005F0675 /* Base */ = {isa = PBXFileReference; lastKnownFileType = file.storyboard; name = Base; path = Base.lproj/Main.storyboard; sourceTree = "<group>"; };
		C2E0433F1B72F4DC005F0675 /* Assets.xcassets */ = {isa = PBXFileReference; lastKnownFileType = folder.assetcatalog; path = Assets.xcassets; sourceTree = "<group>"; };
		C2E043421B72F4DC005F0675 /* Base */ = {isa = PBXFileReference; lastKnownFileType = file.storyboard; name = Base; path = Base.lproj/LaunchScreen.storyboard; sourceTree = "<group>"; };
		C2E043441B72F4DC005F0675 /* Info.plist */ = {isa = PBXFileReference; lastKnownFileType = text.plist.xml; path = Info.plist; sourceTree = "<group>"; };
		C2EFA0EB1B823642002EBA3D /* TemplateViewController.swift */ = {isa = PBXFileReference; fileEncoding = 4; lastKnownFileType = sourcecode.swift; path = TemplateViewController.swift; sourceTree = "<group>"; };
		C2EFA0ED1B824A2F002EBA3D /* AssetManager.swift */ = {isa = PBXFileReference; fileEncoding = 4; lastKnownFileType = sourcecode.swift; path = AssetManager.swift; sourceTree = "<group>"; };
		C2F2ADC11B90EBD300FF4836 /* Woodblock.wav */ = {isa = PBXFileReference; lastKnownFileType = audio.wav; path = Woodblock.wav; sourceTree = "<group>"; };
		C2F2ADC31B91098A00FF4836 /* NoteAttributes.swift */ = {isa = PBXFileReference; fileEncoding = 4; lastKnownFileType = sourcecode.swift; path = NoteAttributes.swift; sourceTree = "<group>"; };
		C2F2ADC51B91203700FF4836 /* Metronome.swift */ = {isa = PBXFileReference; fileEncoding = 4; lastKnownFileType = sourcecode.swift; path = Metronome.swift; sourceTree = "<group>"; };
/* End PBXFileReference section */

/* Begin PBXFrameworksBuildPhase section */
		C2E0432E1B72F4DC005F0675 /* Frameworks */ = {
			isa = PBXFrameworksBuildPhase;
			buildActionMask = 2147483647;
			files = (
				C27E18AD1B965F8500626314 /* Eveleth.framework in Frameworks */,
				C27E18B41B965F8500626314 /* Chameleon.framework in Frameworks */,
				C27E18B01B965F8500626314 /* Lumberjack.framework in Frameworks */,
				C27E18B21B965F8500626314 /* MoonKit.framework in Frameworks */,
			);
			runOnlyForDeploymentPostprocessing = 0;
		};
/* End PBXFrameworksBuildPhase section */

/* Begin PBXGroup section */
		C2404BD71B78EF8200A68A64 /* Embedded Frameworks */ = {
			isa = PBXGroup;
			children = (
				C2404BD41B78EEC500A68A64 /* MoonKit.framework */,
				C2404BD11B78EE3800A68A64 /* Chameleon.framework */,
				C2404BCD1B78EDEB00A68A64 /* Eveleth.framework */,
			);
			name = "Embedded Frameworks";
			sourceTree = "<group>";
		};
		C2404BD81B78EFA800A68A64 /* Sound Sets */ = {
			isa = PBXGroup;
			children = (
				C2F2ADC11B90EBD300FF4836 /* Woodblock.wav */,
				C2404BC11B78026500A68A64 /* Sampler Files */,
				C21E44C21B7653D500574BD2 /* FluidR3.sf2 */,
				C26FC16C1B7B8A3200E271A3 /* GeneralUser GS MuseScore v1.442.sf2 */,
				C21E44C01B7653BF00574BD2 /* SPYRO's Pure Oscillators.sf2 */,
				C2404BC51B7805B400A68A64 /* Hip Hop Kit.exs */,
				C2404BC21B78026500A68A64 /* Grand Piano.exs */,
			);
			name = "Sound Sets";
			sourceTree = "<group>";
		};
		C2404BD91B78EFD700A68A64 /* Playgrounds */ = {
			isa = PBXGroup;
			children = (
				C21E44C81B76739C00574BD2 /* sf2.playground */,
				C286CE1B1B73D2C10003FCBF /* MidiSprite.playground */,
			);
			name = Playgrounds;
			sourceTree = "<group>";
		};
		C2404BDA1B78F02C00A68A64 /* Source */ = {
			isa = PBXGroup;
			children = (
				C26A27EE1B948E4E00BD1698 /* FilesViewController.swift */,
				C2E043341B72F4DC005F0675 /* AppDelegate.swift */,
				C2EFA0ED1B824A2F002EBA3D /* AssetManager.swift */,
				C26A27EA1B93C04400BD1698 /* View Controllers */,
				C26A27E91B93C02900BD1698 /* Scene */,
				C26A27ED1B93C0AE00BD1698 /* Audio */,
				C26A27EC1B93C09200BD1698 /* Sequencer */,
				C26A27EB1B93C06200BD1698 /* MIDI Files */,
				C2F2ADC31B91098A00FF4836 /* NoteAttributes.swift */,
				C2CD18E01B7E681A00705922 /* Error.swift */,
			);
			name = Source;
			sourceTree = "<group>";
		};
		C2404BDB1B78F03E00A68A64 /* Resources */ = {
			isa = PBXGroup;
			children = (
				C207458C1B8CFB91000A06D4 /* test_morse_code_a.mid */,
				C20745891B8CE4C3000A06D4 /* morse_code_a.mid */,
				C28AA0ED1B8BE1F800DA2502 /* Ping Puh Ping.mid */,
				C28AA0EB1B8BC74800DA2502 /* test.mid */,
				C2E0433C1B72F4DC005F0675 /* Main.storyboard */,
				C2E0433F1B72F4DC005F0675 /* Assets.xcassets */,
				C2E043411B72F4DC005F0675 /* LaunchScreen.storyboard */,
				C2AA9EF11B7BB92F0025BE4D /* MIDIPlayerField.fsh */,
				C272B2A11B7D714B00134E5F /* PureOscillators.programlist */,
			);
			name = Resources;
			sourceTree = "<group>";
		};
		C2404BDC1B78F04700A68A64 /* Supporting Files */ = {
			isa = PBXGroup;
			children = (
				C2E043441B72F4DC005F0675 /* Info.plist */,
			);
			name = "Supporting Files";
			sourceTree = "<group>";
		};
		C26A27E91B93C02900BD1698 /* Scene */ = {
			isa = PBXGroup;
			children = (
				C2E043381B72F4DC005F0675 /* MIDIPlayerScene.swift */,
				C26FC1701B7BAC7F00E271A3 /* MIDIPlayerNode.swift */,
				C26FC1721B7BAEBD00E271A3 /* MIDIPlayerFieldNode.swift */,
				C26FC16E1B7BA63300E271A3 /* MIDINode.swift */,
			);
			name = Scene;
			sourceTree = "<group>";
		};
		C26A27EA1B93C04400BD1698 /* View Controllers */ = {
			isa = PBXGroup;
			children = (
				C2E0433A1B72F4DC005F0675 /* MIDIPlayerViewController.swift */,
				C26EEB2D1B7FDA8F00EC6979 /* MixerViewController.swift */,
				C26EEB2F1B7FDAF300EC6979 /* MixerCell.swift */,
				C2AA2BC71B84B04200A0B08D /* InstrumentViewController.swift */,
				C2EFA0EB1B823642002EBA3D /* TemplateViewController.swift */,
			);
			name = "View Controllers";
			sourceTree = "<group>";
		};
		C26A27EB1B93C06200BD1698 /* MIDI Files */ = {
			isa = PBXGroup;
			children = (
				C291C3F41B91F05900702AEA /* MIDIFileProtocols.swift */,
				C25EBC821B8BFAFA00E57665 /* MIDIFile.swift */,
				C291C3EC1B91EDB700702AEA /* HeaderChunk.swift */,
				C291C3EA1B91EDA700702AEA /* TrackChunk.swift */,
				C291C3EE1B91EDCC00702AEA /* MetaEvent.swift */,
				C291C3F01B91EDD600702AEA /* ChannelEvent.swift */,
				C291C3F21B91EDE100702AEA /* VariableLengthQuantity.swift */,
			);
			name = "MIDI Files";
			sourceTree = "<group>";
		};
		C26A27EC1B93C09200BD1698 /* Sequencer */ = {
			isa = PBXGroup;
			children = (
				C2AA2BCA1B84FB2100A0B08D /* Sequencer.swift */,
				C2DFBE791B8AA5AB00898C2A /* Sequence.swift */,
				C2CF38CC1B7EBED30085B3D5 /* Track.swift */,
				C2569E3F1B90005400EEB441 /* TempoTrack.swift */,
				C2F2ADC51B91203700FF4836 /* Metronome.swift */,
				C2B123BE1B864DCC008FED5E /* MIDIClock.swift */,
				C207458E1B8DF6D5000A06D4 /* BarBeatTime.swift */,
			);
			name = Sequencer;
			sourceTree = "<group>";
		};
		C26A27ED1B93C0AE00BD1698 /* Audio */ = {
			isa = PBXGroup;
			children = (
				C21E44C41B76546C00574BD2 /* AudioManager.swift */,
				C21451AA1B7FFF0F00E1A0B2 /* Mixer.swift */,
				C2BC7AD41B76C85E001729BA /* Instrument.swift */,
				C272B29F1B7D700600134E5F /* SoundSet.swift */,
				C2B123811B8523FF008FED5E /* Bus.swift */,
			);
			name = Audio;
			sourceTree = "<group>";
		};
		C2E043281B72F4DC005F0675 = {
			isa = PBXGroup;
			children = (
				C27E18AF1B965F8500626314 /* Lumberjack.framework */,
				C2AD8E861B7D99C60003579E /* AudioToolbox.framework */,
				C2404BD91B78EFD700A68A64 /* Playgrounds */,
				C2404BD71B78EF8200A68A64 /* Embedded Frameworks */,
				C2404BD81B78EFA800A68A64 /* Sound Sets */,
				C2E043331B72F4DC005F0675 /* MidiSprite */,
				C2E043321B72F4DC005F0675 /* Products */,
			);
			sourceTree = "<group>";
		};
		C2E043321B72F4DC005F0675 /* Products */ = {
			isa = PBXGroup;
			children = (
				C2E043311B72F4DC005F0675 /* MidiSprite.app */,
			);
			name = Products;
			sourceTree = "<group>";
		};
		C2E043331B72F4DC005F0675 /* MidiSprite */ = {
			isa = PBXGroup;
			children = (
				C2AD8E881B7D99C60003579E /* MidiSprite.entitlements */,
				C2404BDA1B78F02C00A68A64 /* Source */,
				C2404BDB1B78F03E00A68A64 /* Resources */,
				C2404BDC1B78F04700A68A64 /* Supporting Files */,
			);
			path = MidiSprite;
			sourceTree = "<group>";
		};
/* End PBXGroup section */

/* Begin PBXNativeTarget section */
		C2E043301B72F4DC005F0675 /* MidiSprite */ = {
			isa = PBXNativeTarget;
			buildConfigurationList = C2E043471B72F4DC005F0675 /* Build configuration list for PBXNativeTarget "MidiSprite" */;
			buildPhases = (
				C2E0432D1B72F4DC005F0675 /* Sources */,
				C2E0432E1B72F4DC005F0675 /* Frameworks */,
				C2E0432F1B72F4DC005F0675 /* Resources */,
				C27E18B61B965F8600626314 /* Embed Frameworks */,
			);
			buildRules = (
			);
			dependencies = (
			);
			name = MidiSprite;
			productName = MidiSprite;
			productReference = C2E043311B72F4DC005F0675 /* MidiSprite.app */;
			productType = "com.apple.product-type.application";
		};
/* End PBXNativeTarget section */

/* Begin PBXProject section */
		C2E043291B72F4DC005F0675 /* Project object */ = {
			isa = PBXProject;
			attributes = {
				LastSwiftUpdateCheck = 0700;
				LastUpgradeCheck = 0700;
				ORGANIZATIONNAME = "Moondeer Studios";
				TargetAttributes = {
					C2E043301B72F4DC005F0675 = {
						CreatedOnToolsVersion = 7.0;
						DevelopmentTeam = JT6STF4SHA;
						SystemCapabilities = {
							com.apple.BackgroundModes = {
								enabled = 1;
							};
							com.apple.InterAppAudio = {
								enabled = 1;
							};
						};
					};
				};
			};
			buildConfigurationList = C2E0432C1B72F4DC005F0675 /* Build configuration list for PBXProject "MidiSprite" */;
			compatibilityVersion = "Xcode 6.3";
			developmentRegion = English;
			hasScannedForEncodings = 0;
			knownRegions = (
				en,
				Base,
			);
			mainGroup = C2E043281B72F4DC005F0675;
			productRefGroup = C2E043321B72F4DC005F0675 /* Products */;
			projectDirPath = "";
			projectRoot = "";
			targets = (
				C2E043301B72F4DC005F0675 /* MidiSprite */,
			);
		};
/* End PBXProject section */

/* Begin PBXResourcesBuildPhase section */
		C2E0432F1B72F4DC005F0675 /* Resources */ = {
			isa = PBXResourcesBuildPhase;
			buildActionMask = 2147483647;
			files = (
				C28AA0EC1B8BC74800DA2502 /* test.mid in Resources */,
				C2F2ADC21B90EBD300FF4836 /* Woodblock.wav in Resources */,
				C26FC16D1B7B8A3200E271A3 /* GeneralUser GS MuseScore v1.442.sf2 in Resources */,
				C2E043431B72F4DC005F0675 /* LaunchScreen.storyboard in Resources */,
				C2E043401B72F4DC005F0675 /* Assets.xcassets in Resources */,
				C2AA9EF21B7BB92F0025BE4D /* MIDIPlayerField.fsh in Resources */,
				C272B2A31B7D802700134E5F /* FluidR3.sf2 in Resources */,
				C2404BC31B78026500A68A64 /* Sampler Files in Resources */,
				C2E0433E1B72F4DC005F0675 /* Main.storyboard in Resources */,
				C2404BC61B7805B400A68A64 /* Hip Hop Kit.exs in Resources */,
				C21E44C11B7653BF00574BD2 /* SPYRO's Pure Oscillators.sf2 in Resources */,
				C272B2A21B7D714B00134E5F /* PureOscillators.programlist in Resources */,
				C207458D1B8CFB91000A06D4 /* test_morse_code_a.mid in Resources */,
				C2404BC41B78026500A68A64 /* Grand Piano.exs in Resources */,
			);
			runOnlyForDeploymentPostprocessing = 0;
		};
/* End PBXResourcesBuildPhase section */

/* Begin PBXSourcesBuildPhase section */
		C2E0432D1B72F4DC005F0675 /* Sources */ = {
			isa = PBXSourcesBuildPhase;
			buildActionMask = 2147483647;
			files = (
				C2B123BF1B864DCC008FED5E /* MIDIClock.swift in Sources */,
				C2DFBE7A1B8AA5AB00898C2A /* Sequence.swift in Sources */,
				C26FC1731B7BAEBD00E271A3 /* MIDIPlayerFieldNode.swift in Sources */,
				C26FC16F1B7BA63300E271A3 /* MIDINode.swift in Sources */,
				C291C3F31B91EDE100702AEA /* VariableLengthQuantity.swift in Sources */,
				C2F2ADC61B91203700FF4836 /* Metronome.swift in Sources */,
				C207458F1B8DF6D5000A06D4 /* BarBeatTime.swift in Sources */,
				C2F2ADC41B91098A00FF4836 /* NoteAttributes.swift in Sources */,
				C26EEB2E1B7FDA8F00EC6979 /* MixerViewController.swift in Sources */,
				C26A27EF1B948E4F00BD1698 /* FilesViewController.swift in Sources */,
				C2569E401B90005400EEB441 /* TempoTrack.swift in Sources */,
				C2CD18E11B7E681A00705922 /* Error.swift in Sources */,
				C2E043391B72F4DC005F0675 /* MIDIPlayerScene.swift in Sources */,
				C21451AB1B7FFF0F00E1A0B2 /* Mixer.swift in Sources */,
				C272B2A01B7D700600134E5F /* SoundSet.swift in Sources */,
				C26EEB301B7FDAF300EC6979 /* MixerCell.swift in Sources */,
				C2EFA0EC1B823642002EBA3D /* TemplateViewController.swift in Sources */,
				C291C3EF1B91EDCC00702AEA /* MetaEvent.swift in Sources */,
				C25EBC831B8BFAFA00E57665 /* MIDIFile.swift in Sources */,
				C26FC1711B7BAC7F00E271A3 /* MIDIPlayerNode.swift in Sources */,
				C291C3F11B91EDD600702AEA /* ChannelEvent.swift in Sources */,
				C2AA2BC81B84B04200A0B08D /* InstrumentViewController.swift in Sources */,
				C291C3ED1B91EDB700702AEA /* HeaderChunk.swift in Sources */,
				C2E0433B1B72F4DC005F0675 /* MIDIPlayerViewController.swift in Sources */,
				C2BC7AD51B76C85E001729BA /* Instrument.swift in Sources */,
				C2B123821B8523FF008FED5E /* Bus.swift in Sources */,
				C21E44C51B76546C00574BD2 /* AudioManager.swift in Sources */,
				C291C3F51B91F05900702AEA /* MIDIFileProtocols.swift in Sources */,
				C2AA2BCB1B84FB2100A0B08D /* Sequencer.swift in Sources */,
				C291C3EB1B91EDA700702AEA /* TrackChunk.swift in Sources */,
				C2E043351B72F4DC005F0675 /* AppDelegate.swift in Sources */,
				C2CF38CD1B7EBED30085B3D5 /* Track.swift in Sources */,
				C2EFA0EE1B824A2F002EBA3D /* AssetManager.swift in Sources */,
			);
			runOnlyForDeploymentPostprocessing = 0;
		};
/* End PBXSourcesBuildPhase section */

/* Begin PBXVariantGroup section */
		C2E0433C1B72F4DC005F0675 /* Main.storyboard */ = {
			isa = PBXVariantGroup;
			children = (
				C2E0433D1B72F4DC005F0675 /* Base */,
			);
			name = Main.storyboard;
			sourceTree = "<group>";
		};
		C2E043411B72F4DC005F0675 /* LaunchScreen.storyboard */ = {
			isa = PBXVariantGroup;
			children = (
				C2E043421B72F4DC005F0675 /* Base */,
			);
			name = LaunchScreen.storyboard;
			sourceTree = "<group>";
		};
/* End PBXVariantGroup section */

/* Begin XCBuildConfiguration section */
		C2E043451B72F4DC005F0675 /* Debug */ = {
			isa = XCBuildConfiguration;
			buildSettings = {
				ALWAYS_SEARCH_USER_PATHS = NO;
				CLANG_CXX_LANGUAGE_STANDARD = "gnu++0x";
				CLANG_CXX_LIBRARY = "libc++";
				CLANG_ENABLE_MODULES = YES;
				CLANG_ENABLE_OBJC_ARC = YES;
				CLANG_WARN_BOOL_CONVERSION = YES;
				CLANG_WARN_CONSTANT_CONVERSION = YES;
				CLANG_WARN_DIRECT_OBJC_ISA_USAGE = YES_ERROR;
				CLANG_WARN_EMPTY_BODY = YES;
				CLANG_WARN_ENUM_CONVERSION = YES;
				CLANG_WARN_INT_CONVERSION = YES;
				CLANG_WARN_OBJC_ROOT_CLASS = YES_ERROR;
				CLANG_WARN_UNREACHABLE_CODE = YES;
				CLANG_WARN__DUPLICATE_METHOD_MATCH = YES;
				"CODE_SIGN_IDENTITY[sdk=iphoneos*]" = "iPhone Developer";
				COPY_PHASE_STRIP = NO;
				DEBUG_INFORMATION_FORMAT = dwarf;
				ENABLE_STRICT_OBJC_MSGSEND = YES;
				ENABLE_TESTABILITY = YES;
				GCC_C_LANGUAGE_STANDARD = gnu99;
				GCC_DYNAMIC_NO_PIC = NO;
				GCC_NO_COMMON_BLOCKS = YES;
				GCC_OPTIMIZATION_LEVEL = 0;
				GCC_PREPROCESSOR_DEFINITIONS = (
					"DEBUG=1",
					"$(inherited)",
				);
				GCC_WARN_64_TO_32_BIT_CONVERSION = YES;
				GCC_WARN_ABOUT_RETURN_TYPE = YES_ERROR;
				GCC_WARN_UNDECLARED_SELECTOR = YES;
				GCC_WARN_UNINITIALIZED_AUTOS = YES_AGGRESSIVE;
				GCC_WARN_UNUSED_FUNCTION = YES;
				GCC_WARN_UNUSED_VARIABLE = YES;
				IPHONEOS_DEPLOYMENT_TARGET = 9.0;
				MTL_ENABLE_DEBUG_INFO = YES;
				ONLY_ACTIVE_ARCH = YES;
				SDKROOT = iphoneos;
				SWIFT_OPTIMIZATION_LEVEL = "-Onone";
				TARGETED_DEVICE_FAMILY = "1,2";
			};
			name = Debug;
		};
		C2E043461B72F4DC005F0675 /* Release */ = {
			isa = XCBuildConfiguration;
			buildSettings = {
				ALWAYS_SEARCH_USER_PATHS = NO;
				CLANG_CXX_LANGUAGE_STANDARD = "gnu++0x";
				CLANG_CXX_LIBRARY = "libc++";
				CLANG_ENABLE_MODULES = YES;
				CLANG_ENABLE_OBJC_ARC = YES;
				CLANG_WARN_BOOL_CONVERSION = YES;
				CLANG_WARN_CONSTANT_CONVERSION = YES;
				CLANG_WARN_DIRECT_OBJC_ISA_USAGE = YES_ERROR;
				CLANG_WARN_EMPTY_BODY = YES;
				CLANG_WARN_ENUM_CONVERSION = YES;
				CLANG_WARN_INT_CONVERSION = YES;
				CLANG_WARN_OBJC_ROOT_CLASS = YES_ERROR;
				CLANG_WARN_UNREACHABLE_CODE = YES;
				CLANG_WARN__DUPLICATE_METHOD_MATCH = YES;
				"CODE_SIGN_IDENTITY[sdk=iphoneos*]" = "iPhone Developer";
				COPY_PHASE_STRIP = NO;
				DEBUG_INFORMATION_FORMAT = "dwarf-with-dsym";
				ENABLE_NS_ASSERTIONS = NO;
				ENABLE_STRICT_OBJC_MSGSEND = YES;
				GCC_C_LANGUAGE_STANDARD = gnu99;
				GCC_NO_COMMON_BLOCKS = YES;
				GCC_WARN_64_TO_32_BIT_CONVERSION = YES;
				GCC_WARN_ABOUT_RETURN_TYPE = YES_ERROR;
				GCC_WARN_UNDECLARED_SELECTOR = YES;
				GCC_WARN_UNINITIALIZED_AUTOS = YES_AGGRESSIVE;
				GCC_WARN_UNUSED_FUNCTION = YES;
				GCC_WARN_UNUSED_VARIABLE = YES;
				IPHONEOS_DEPLOYMENT_TARGET = 9.0;
				MTL_ENABLE_DEBUG_INFO = NO;
				SDKROOT = iphoneos;
				TARGETED_DEVICE_FAMILY = "1,2";
				VALIDATE_PRODUCT = YES;
			};
			name = Release;
		};
		C2E043481B72F4DC005F0675 /* Debug */ = {
			isa = XCBuildConfiguration;
			buildSettings = {
				ARCHS = "$(ARCHS_STANDARD)";
				ASSETCATALOG_COMPILER_APPICON_NAME = AppIcon;
				CODE_SIGN_ENTITLEMENTS = MidiSprite/MidiSprite.entitlements;
				CODE_SIGN_IDENTITY = "iPhone Developer";
				"CODE_SIGN_IDENTITY[sdk=iphoneos*]" = "iPhone Developer";
				DEBUG_INFORMATION_FORMAT = "dwarf-with-dsym";
				INFOPLIST_FILE = MidiSprite/Info.plist;
				LD_RUNPATH_SEARCH_PATHS = "$(inherited) @executable_path/Frameworks";
				PRODUCT_BUNDLE_IDENTIFIER = com.moondeerstudios.MidiSprite;
				PRODUCT_NAME = "$(TARGET_NAME)";
				PROVISIONING_PROFILE = "";
				SKIP_INSTALL = YES;
				STRIP_STYLE = debugging;
				VALID_ARCHS = "arm64 armv7s armv7";
			};
			name = Debug;
		};
		C2E043491B72F4DC005F0675 /* Release */ = {
			isa = XCBuildConfiguration;
			buildSettings = {
				ARCHS = "$(ARCHS_STANDARD)";
				ASSETCATALOG_COMPILER_APPICON_NAME = AppIcon;
				CODE_SIGN_ENTITLEMENTS = MidiSprite/MidiSprite.entitlements;
				CODE_SIGN_IDENTITY = "iPhone Developer";
				"CODE_SIGN_IDENTITY[sdk=iphoneos*]" = "iPhone Developer";
				INFOPLIST_FILE = MidiSprite/Info.plist;
				LD_RUNPATH_SEARCH_PATHS = "$(inherited) @executable_path/Frameworks";
				PRODUCT_BUNDLE_IDENTIFIER = com.moondeerstudios.MidiSprite;
				PRODUCT_NAME = "$(TARGET_NAME)";
				PROVISIONING_PROFILE = "";
				SKIP_INSTALL = YES;
				STRIP_STYLE = debugging;
				SWIFT_OPTIMIZATION_LEVEL = "-Owholemodule";
				VALID_ARCHS = "arm64 armv7s armv7";
			};
			name = Release;
		};
/* End XCBuildConfiguration section */

/* Begin XCConfigurationList section */
		C2E0432C1B72F4DC005F0675 /* Build configuration list for PBXProject "MidiSprite" */ = {
			isa = XCConfigurationList;
			buildConfigurations = (
				C2E043451B72F4DC005F0675 /* Debug */,
				C2E043461B72F4DC005F0675 /* Release */,
			);
			defaultConfigurationIsVisible = 0;
			defaultConfigurationName = Release;
		};
		C2E043471B72F4DC005F0675 /* Build configuration list for PBXNativeTarget "MidiSprite" */ = {
			isa = XCConfigurationList;
			buildConfigurations = (
				C2E043481B72F4DC005F0675 /* Debug */,
				C2E043491B72F4DC005F0675 /* Release */,
			);
			defaultConfigurationIsVisible = 0;
			defaultConfigurationName = Release;
		};
/* End XCConfigurationList section */
	};
	rootObject = C2E043291B72F4DC005F0675 /* Project object */;
}
