// !$*UTF8*$!
{
	archiveVersion = 1;
	classes = {
	};
	objectVersion = 46;
	objects = {

/* Begin PBXBuildFile section */
		C2B123911B8548F6008FED5E /* Eveleth.h in Headers */ = {isa = PBXBuildFile; fileRef = C2B123901B8548F6008FED5E /* Eveleth.h */; settings = {ATTRIBUTES = (Public, ); }; };
		C2B123A91B85494C008FED5E /* Eveleth.swift in Sources */ = {isa = PBXBuildFile; fileRef = C2B123981B85494C008FED5E /* Eveleth.swift */; };
		C2B123AA1B85494C008FED5E /* Yellow Design Studio - Eveleth Clean Regular.otf in Resources */ = {isa = PBXBuildFile; fileRef = C2B123991B85494C008FED5E /* Yellow Design Studio - Eveleth Clean Regular.otf */; };
		C2B123AB1B85494C008FED5E /* Yellow Design Studio - Eveleth Clean Shadow.otf in Resources */ = {isa = PBXBuildFile; fileRef = C2B1239A1B85494C008FED5E /* Yellow Design Studio - Eveleth Clean Shadow.otf */; };
		C2B123AC1B85494C008FED5E /* Yellow Design Studio - Eveleth Clean Thin.otf in Resources */ = {isa = PBXBuildFile; fileRef = C2B1239B1B85494C008FED5E /* Yellow Design Studio - Eveleth Clean Thin.otf */; };
		C2B123AD1B85494C008FED5E /* Yellow Design Studio - Eveleth Dot Light.otf in Resources */ = {isa = PBXBuildFile; fileRef = C2B1239C1B85494C008FED5E /* Yellow Design Studio - Eveleth Dot Light.otf */; };
		C2B123AE1B85494C008FED5E /* Yellow Design Studio - Eveleth Dot Regular Bold.otf in Resources */ = {isa = PBXBuildFile; fileRef = C2B1239D1B85494C008FED5E /* Yellow Design Studio - Eveleth Dot Regular Bold.otf */; };
		C2B123AF1B85494C008FED5E /* Yellow Design Studio - Eveleth Dot Regular.otf in Resources */ = {isa = PBXBuildFile; fileRef = C2B1239E1B85494C008FED5E /* Yellow Design Studio - Eveleth Dot Regular.otf */; };
		C2B123B01B85494C008FED5E /* Yellow Design Studio - Eveleth Icons.otf in Resources */ = {isa = PBXBuildFile; fileRef = C2B1239F1B85494C008FED5E /* Yellow Design Studio - Eveleth Icons.otf */; };
		C2B123B11B85494C008FED5E /* Yellow Design Studio - Eveleth Light.otf in Resources */ = {isa = PBXBuildFile; fileRef = C2B123A01B85494C008FED5E /* Yellow Design Studio - Eveleth Light.otf */; };
		C2B123B21B85494C008FED5E /* Yellow Design Studio - Eveleth Regular Bold.otf in Resources */ = {isa = PBXBuildFile; fileRef = C2B123A11B85494C008FED5E /* Yellow Design Studio - Eveleth Regular Bold.otf */; };
		C2B123B31B85494C008FED5E /* Yellow Design Studio - Eveleth Regular.otf in Resources */ = {isa = PBXBuildFile; fileRef = C2B123A21B85494C008FED5E /* Yellow Design Studio - Eveleth Regular.otf */; };
		C2B123B41B85494C008FED5E /* Yellow Design Studio - Eveleth Shadow.otf in Resources */ = {isa = PBXBuildFile; fileRef = C2B123A31B85494C008FED5E /* Yellow Design Studio - Eveleth Shadow.otf */; };
		C2B123B51B85494C008FED5E /* Yellow Design Studio - Eveleth Shapes.otf in Resources */ = {isa = PBXBuildFile; fileRef = C2B123A41B85494C008FED5E /* Yellow Design Studio - Eveleth Shapes.otf */; };
		C2B123B61B85494C008FED5E /* Yellow Design Studio - Eveleth Slant Light.otf in Resources */ = {isa = PBXBuildFile; fileRef = C2B123A51B85494C008FED5E /* Yellow Design Studio - Eveleth Slant Light.otf */; };
		C2B123B71B85494C008FED5E /* Yellow Design Studio - Eveleth Slant Regular Bold.otf in Resources */ = {isa = PBXBuildFile; fileRef = C2B123A61B85494C008FED5E /* Yellow Design Studio - Eveleth Slant Regular Bold.otf */; };
		C2B123B81B85494C008FED5E /* Yellow Design Studio - Eveleth Slant Regular.otf in Resources */ = {isa = PBXBuildFile; fileRef = C2B123A71B85494C008FED5E /* Yellow Design Studio - Eveleth Slant Regular.otf */; };
		C2B123B91B85494C008FED5E /* Yellow Design Studio - Eveleth Thin.otf in Resources */ = {isa = PBXBuildFile; fileRef = C2B123A81B85494C008FED5E /* Yellow Design Studio - Eveleth Thin.otf */; };
/* End PBXBuildFile section */

/* Begin PBXFileReference section */
		C2B1238D1B8548F6008FED5E /* Eveleth.framework */ = {isa = PBXFileReference; explicitFileType = wrapper.framework; includeInIndex = 0; path = Eveleth.framework; sourceTree = BUILT_PRODUCTS_DIR; };
		C2B123901B8548F6008FED5E /* Eveleth.h */ = {isa = PBXFileReference; lastKnownFileType = sourcecode.c.h; path = Eveleth.h; sourceTree = "<group>"; };
		C2B123921B8548F6008FED5E /* Info.plist */ = {isa = PBXFileReference; lastKnownFileType = text.plist.xml; path = Info.plist; sourceTree = "<group>"; };
		C2B123981B85494C008FED5E /* Eveleth.swift */ = {isa = PBXFileReference; fileEncoding = 4; lastKnownFileType = sourcecode.swift; path = Eveleth.swift; sourceTree = "<group>"; };
		C2B123991B85494C008FED5E /* Yellow Design Studio - Eveleth Clean Regular.otf */ = {isa = PBXFileReference; lastKnownFileType = file; path = "Yellow Design Studio - Eveleth Clean Regular.otf"; sourceTree = "<group>"; };
		C2B1239A1B85494C008FED5E /* Yellow Design Studio - Eveleth Clean Shadow.otf */ = {isa = PBXFileReference; lastKnownFileType = file; path = "Yellow Design Studio - Eveleth Clean Shadow.otf"; sourceTree = "<group>"; };
		C2B1239B1B85494C008FED5E /* Yellow Design Studio - Eveleth Clean Thin.otf */ = {isa = PBXFileReference; lastKnownFileType = file; path = "Yellow Design Studio - Eveleth Clean Thin.otf"; sourceTree = "<group>"; };
		C2B1239C1B85494C008FED5E /* Yellow Design Studio - Eveleth Dot Light.otf */ = {isa = PBXFileReference; lastKnownFileType = file; path = "Yellow Design Studio - Eveleth Dot Light.otf"; sourceTree = "<group>"; };
		C2B1239D1B85494C008FED5E /* Yellow Design Studio - Eveleth Dot Regular Bold.otf */ = {isa = PBXFileReference; lastKnownFileType = file; path = "Yellow Design Studio - Eveleth Dot Regular Bold.otf"; sourceTree = "<group>"; };
		C2B1239E1B85494C008FED5E /* Yellow Design Studio - Eveleth Dot Regular.otf */ = {isa = PBXFileReference; lastKnownFileType = file; path = "Yellow Design Studio - Eveleth Dot Regular.otf"; sourceTree = "<group>"; };
		C2B1239F1B85494C008FED5E /* Yellow Design Studio - Eveleth Icons.otf */ = {isa = PBXFileReference; lastKnownFileType = file; path = "Yellow Design Studio - Eveleth Icons.otf"; sourceTree = "<group>"; };
		C2B123A01B85494C008FED5E /* Yellow Design Studio - Eveleth Light.otf */ = {isa = PBXFileReference; lastKnownFileType = file; path = "Yellow Design Studio - Eveleth Light.otf"; sourceTree = "<group>"; };
		C2B123A11B85494C008FED5E /* Yellow Design Studio - Eveleth Regular Bold.otf */ = {isa = PBXFileReference; lastKnownFileType = file; path = "Yellow Design Studio - Eveleth Regular Bold.otf"; sourceTree = "<group>"; };
		C2B123A21B85494C008FED5E /* Yellow Design Studio - Eveleth Regular.otf */ = {isa = PBXFileReference; lastKnownFileType = file; path = "Yellow Design Studio - Eveleth Regular.otf"; sourceTree = "<group>"; };
		C2B123A31B85494C008FED5E /* Yellow Design Studio - Eveleth Shadow.otf */ = {isa = PBXFileReference; lastKnownFileType = file; path = "Yellow Design Studio - Eveleth Shadow.otf"; sourceTree = "<group>"; };
		C2B123A41B85494C008FED5E /* Yellow Design Studio - Eveleth Shapes.otf */ = {isa = PBXFileReference; lastKnownFileType = file; path = "Yellow Design Studio - Eveleth Shapes.otf"; sourceTree = "<group>"; };
		C2B123A51B85494C008FED5E /* Yellow Design Studio - Eveleth Slant Light.otf */ = {isa = PBXFileReference; lastKnownFileType = file; path = "Yellow Design Studio - Eveleth Slant Light.otf"; sourceTree = "<group>"; };
		C2B123A61B85494C008FED5E /* Yellow Design Studio - Eveleth Slant Regular Bold.otf */ = {isa = PBXFileReference; lastKnownFileType = file; path = "Yellow Design Studio - Eveleth Slant Regular Bold.otf"; sourceTree = "<group>"; };
		C2B123A71B85494C008FED5E /* Yellow Design Studio - Eveleth Slant Regular.otf */ = {isa = PBXFileReference; lastKnownFileType = file; path = "Yellow Design Studio - Eveleth Slant Regular.otf"; sourceTree = "<group>"; };
		C2B123A81B85494C008FED5E /* Yellow Design Studio - Eveleth Thin.otf */ = {isa = PBXFileReference; lastKnownFileType = file; path = "Yellow Design Studio - Eveleth Thin.otf"; sourceTree = "<group>"; };
/* End PBXFileReference section */

/* Begin PBXFrameworksBuildPhase section */
		C2B123891B8548F6008FED5E /* Frameworks */ = {
			isa = PBXFrameworksBuildPhase;
			buildActionMask = 2147483647;
			files = (
			);
			runOnlyForDeploymentPostprocessing = 0;
		};
/* End PBXFrameworksBuildPhase section */

/* Begin PBXGroup section */
		C2B123831B8548F6008FED5E = {
			isa = PBXGroup;
			children = (
				C2B1238F1B8548F6008FED5E /* Eveleth */,
				C2B1238E1B8548F6008FED5E /* Products */,
			);
			sourceTree = "<group>";
		};
		C2B1238E1B8548F6008FED5E /* Products */ = {
			isa = PBXGroup;
			children = (
				C2B1238D1B8548F6008FED5E /* Eveleth.framework */,
			);
			name = Products;
			sourceTree = "<group>";
		};
		C2B1238F1B8548F6008FED5E /* Eveleth */ = {
			isa = PBXGroup;
			children = (
				C2B123981B85494C008FED5E /* Eveleth.swift */,
				C2B123991B85494C008FED5E /* Yellow Design Studio - Eveleth Clean Regular.otf */,
				C2B1239A1B85494C008FED5E /* Yellow Design Studio - Eveleth Clean Shadow.otf */,
				C2B1239B1B85494C008FED5E /* Yellow Design Studio - Eveleth Clean Thin.otf */,
				C2B1239C1B85494C008FED5E /* Yellow Design Studio - Eveleth Dot Light.otf */,
				C2B1239D1B85494C008FED5E /* Yellow Design Studio - Eveleth Dot Regular Bold.otf */,
				C2B1239E1B85494C008FED5E /* Yellow Design Studio - Eveleth Dot Regular.otf */,
				C2B1239F1B85494C008FED5E /* Yellow Design Studio - Eveleth Icons.otf */,
				C2B123A01B85494C008FED5E /* Yellow Design Studio - Eveleth Light.otf */,
				C2B123A11B85494C008FED5E /* Yellow Design Studio - Eveleth Regular Bold.otf */,
				C2B123A21B85494C008FED5E /* Yellow Design Studio - Eveleth Regular.otf */,
				C2B123A31B85494C008FED5E /* Yellow Design Studio - Eveleth Shadow.otf */,
				C2B123A41B85494C008FED5E /* Yellow Design Studio - Eveleth Shapes.otf */,
				C2B123A51B85494C008FED5E /* Yellow Design Studio - Eveleth Slant Light.otf */,
				C2B123A61B85494C008FED5E /* Yellow Design Studio - Eveleth Slant Regular Bold.otf */,
				C2B123A71B85494C008FED5E /* Yellow Design Studio - Eveleth Slant Regular.otf */,
				C2B123A81B85494C008FED5E /* Yellow Design Studio - Eveleth Thin.otf */,
				C2B123901B8548F6008FED5E /* Eveleth.h */,
				C2B123921B8548F6008FED5E /* Info.plist */,
			);
			path = Eveleth;
			sourceTree = "<group>";
		};
/* End PBXGroup section */

/* Begin PBXHeadersBuildPhase section */
		C2B1238A1B8548F6008FED5E /* Headers */ = {
			isa = PBXHeadersBuildPhase;
			buildActionMask = 2147483647;
			files = (
				C2B123911B8548F6008FED5E /* Eveleth.h in Headers */,
			);
			runOnlyForDeploymentPostprocessing = 0;
		};
/* End PBXHeadersBuildPhase section */

/* Begin PBXNativeTarget section */
		C2B1238C1B8548F6008FED5E /* Eveleth */ = {
			isa = PBXNativeTarget;
			buildConfigurationList = C2B123951B8548F6008FED5E /* Build configuration list for PBXNativeTarget "Eveleth" */;
			buildPhases = (
				C2B123881B8548F6008FED5E /* Sources */,
				C2B123891B8548F6008FED5E /* Frameworks */,
				C2B1238A1B8548F6008FED5E /* Headers */,
				C2B1238B1B8548F6008FED5E /* Resources */,
			);
			buildRules = (
			);
			dependencies = (
			);
			name = Eveleth;
			productName = Eveleth;
			productReference = C2B1238D1B8548F6008FED5E /* Eveleth.framework */;
			productType = "com.apple.product-type.framework";
		};
/* End PBXNativeTarget section */

/* Begin PBXProject section */
		C2B123841B8548F6008FED5E /* Project object */ = {
			isa = PBXProject;
			attributes = {
				LastSwiftUpdateCheck = 0700;
				LastUpgradeCheck = 0700;
				ORGANIZATIONNAME = "Moondeer Studios";
				TargetAttributes = {
					C2B1238C1B8548F6008FED5E = {
						CreatedOnToolsVersion = 7.0;
					};
				};
			};
			buildConfigurationList = C2B123871B8548F6008FED5E /* Build configuration list for PBXProject "Eveleth" */;
			compatibilityVersion = "Xcode 3.2";
			developmentRegion = English;
			hasScannedForEncodings = 0;
			knownRegions = (
				en,
			);
			mainGroup = C2B123831B8548F6008FED5E;
			productRefGroup = C2B1238E1B8548F6008FED5E /* Products */;
			projectDirPath = "";
			projectRoot = "";
			targets = (
				C2B1238C1B8548F6008FED5E /* Eveleth */,
			);
		};
/* End PBXProject section */

/* Begin PBXResourcesBuildPhase section */
		C2B1238B1B8548F6008FED5E /* Resources */ = {
			isa = PBXResourcesBuildPhase;
			buildActionMask = 2147483647;
			files = (
				C2B123B61B85494C008FED5E /* Yellow Design Studio - Eveleth Slant Light.otf in Resources */,
				C2B123B81B85494C008FED5E /* Yellow Design Studio - Eveleth Slant Regular.otf in Resources */,
				C2B123B71B85494C008FED5E /* Yellow Design Studio - Eveleth Slant Regular Bold.otf in Resources */,
				C2B123AA1B85494C008FED5E /* Yellow Design Studio - Eveleth Clean Regular.otf in Resources */,
				C2B123AB1B85494C008FED5E /* Yellow Design Studio - Eveleth Clean Shadow.otf in Resources */,
				C2B123AF1B85494C008FED5E /* Yellow Design Studio - Eveleth Dot Regular.otf in Resources */,
				C2B123AE1B85494C008FED5E /* Yellow Design Studio - Eveleth Dot Regular Bold.otf in Resources */,
				C2B123B21B85494C008FED5E /* Yellow Design Studio - Eveleth Regular Bold.otf in Resources */,
				C2B123AD1B85494C008FED5E /* Yellow Design Studio - Eveleth Dot Light.otf in Resources */,
				C2B123B91B85494C008FED5E /* Yellow Design Studio - Eveleth Thin.otf in Resources */,
				C2B123B01B85494C008FED5E /* Yellow Design Studio - Eveleth Icons.otf in Resources */,
				C2B123B31B85494C008FED5E /* Yellow Design Studio - Eveleth Regular.otf in Resources */,
				C2B123B51B85494C008FED5E /* Yellow Design Studio - Eveleth Shapes.otf in Resources */,
				C2B123AC1B85494C008FED5E /* Yellow Design Studio - Eveleth Clean Thin.otf in Resources */,
				C2B123B41B85494C008FED5E /* Yellow Design Studio - Eveleth Shadow.otf in Resources */,
				C2B123B11B85494C008FED5E /* Yellow Design Studio - Eveleth Light.otf in Resources */,
			);
			runOnlyForDeploymentPostprocessing = 0;
		};
/* End PBXResourcesBuildPhase section */

/* Begin PBXSourcesBuildPhase section */
		C2B123881B8548F6008FED5E /* Sources */ = {
			isa = PBXSourcesBuildPhase;
			buildActionMask = 2147483647;
			files = (
				C2B123A91B85494C008FED5E /* Eveleth.swift in Sources */,
			);
			runOnlyForDeploymentPostprocessing = 0;
		};
/* End PBXSourcesBuildPhase section */

/* Begin XCBuildConfiguration section */
		C2562D071C63A55B0086789D /* Debug-Verbose */ = {
			isa = XCBuildConfiguration;
			buildSettings = {
				ALWAYS_SEARCH_USER_PATHS = NO;
				CLANG_CXX_LANGUAGE_STANDARD = "gnu++0x";
				CLANG_CXX_LIBRARY = "libc++";
				CLANG_ENABLE_MODULES = YES;
				CLANG_ENABLE_OBJC_ARC = YES;
				CLANG_WARN_BOOL_CONVERSION = YES;
				CLANG_WARN_CONSTANT_CONVERSION = YES;
				CLANG_WARN_DIRECT_OBJC_ISA_USAGE = YES_ERROR;
				CLANG_WARN_EMPTY_BODY = YES;
				CLANG_WARN_ENUM_CONVERSION = YES;
				CLANG_WARN_INT_CONVERSION = YES;
				CLANG_WARN_OBJC_ROOT_CLASS = YES_ERROR;
				CLANG_WARN_UNREACHABLE_CODE = YES;
				CLANG_WARN__DUPLICATE_METHOD_MATCH = YES;
				"CODE_SIGN_IDENTITY[sdk=iphoneos*]" = "iPhone Developer";
				COPY_PHASE_STRIP = NO;
				CURRENT_PROJECT_VERSION = 1;
				DEBUG_INFORMATION_FORMAT = dwarf;
				ENABLE_STRICT_OBJC_MSGSEND = YES;
				ENABLE_TESTABILITY = YES;
				GCC_C_LANGUAGE_STANDARD = gnu99;
				GCC_DYNAMIC_NO_PIC = NO;
				GCC_NO_COMMON_BLOCKS = YES;
				GCC_OPTIMIZATION_LEVEL = 0;
				GCC_PREPROCESSOR_DEFINITIONS = (
					"DEBUG=1",
					"$(inherited)",
				);
				GCC_WARN_64_TO_32_BIT_CONVERSION = YES;
				GCC_WARN_ABOUT_RETURN_TYPE = YES_ERROR;
				GCC_WARN_UNDECLARED_SELECTOR = YES;
				GCC_WARN_UNINITIALIZED_AUTOS = YES_AGGRESSIVE;
				GCC_WARN_UNUSED_FUNCTION = YES;
				GCC_WARN_UNUSED_VARIABLE = YES;
				IPHONEOS_DEPLOYMENT_TARGET = 9.0;
				MTL_ENABLE_DEBUG_INFO = YES;
				ONLY_ACTIVE_ARCH = YES;
				SDKROOT = iphoneos;
				SWIFT_OPTIMIZATION_LEVEL = "-Onone";
				TARGETED_DEVICE_FAMILY = "1,2";
				VERSIONING_SYSTEM = "apple-generic";
				VERSION_INFO_PREFIX = "";
			};
			name = "Debug-Verbose";
		};
		C2562D081C63A55B0086789D /* Debug-Verbose */ = {
			isa = XCBuildConfiguration;
			buildSettings = {
				CLANG_ENABLE_MODULES = YES;
				DEBUG_INFORMATION_FORMAT = "dwarf-with-dsym";
				DEFINES_MODULE = YES;
				DYLIB_COMPATIBILITY_VERSION = 1;
				DYLIB_CURRENT_VERSION = 1;
				DYLIB_INSTALL_NAME_BASE = "@rpath";
				GCC_OPTIMIZATION_LEVEL = fast;
				GENERATE_PROFILING_CODE = YES;
				INFOPLIST_FILE = Eveleth/Info.plist;
				INSTALL_PATH = "$(LOCAL_LIBRARY_DIR)/Frameworks";
				LD_RUNPATH_SEARCH_PATHS = "$(inherited) @executable_path/Frameworks @loader_path/Frameworks";
				PRODUCT_BUNDLE_IDENTIFIER = com.moondeerstudios.Eveleth;
				PRODUCT_NAME = "$(TARGET_NAME)";
				SKIP_INSTALL = YES;
				SWIFT_OPTIMIZATION_LEVEL = "-Owholemodule";
			};
			name = "Debug-Verbose";
		};
		C274C7EC1C5A89D800A5FC23 /* Profile */ = {
			isa = XCBuildConfiguration;
			buildSettings = {
				ALWAYS_SEARCH_USER_PATHS = NO;
				CLANG_CXX_LANGUAGE_STANDARD = "gnu++0x";
				CLANG_CXX_LIBRARY = "libc++";
				CLANG_ENABLE_MODULES = YES;
				CLANG_ENABLE_OBJC_ARC = YES;
				CLANG_WARN_BOOL_CONVERSION = YES;
				CLANG_WARN_CONSTANT_CONVERSION = YES;
				CLANG_WARN_DIRECT_OBJC_ISA_USAGE = YES_ERROR;
				CLANG_WARN_EMPTY_BODY = YES;
				CLANG_WARN_ENUM_CONVERSION = YES;
				CLANG_WARN_INT_CONVERSION = YES;
				CLANG_WARN_OBJC_ROOT_CLASS = YES_ERROR;
				CLANG_WARN_UNREACHABLE_CODE = YES;
				CLANG_WARN__DUPLICATE_METHOD_MATCH = YES;
				"CODE_SIGN_IDENTITY[sdk=iphoneos*]" = "iPhone Developer";
				COPY_PHASE_STRIP = NO;
				CURRENT_PROJECT_VERSION = 1;
				DEBUG_INFORMATION_FORMAT = dwarf;
				ENABLE_STRICT_OBJC_MSGSEND = YES;
				ENABLE_TESTABILITY = YES;
				GCC_C_LANGUAGE_STANDARD = gnu99;
				GCC_DYNAMIC_NO_PIC = NO;
				GCC_NO_COMMON_BLOCKS = YES;
				GCC_OPTIMIZATION_LEVEL = 0;
				GCC_PREPROCESSOR_DEFINITIONS = (
					"DEBUG=1",
					"$(inherited)",
				);
				GCC_WARN_64_TO_32_BIT_CONVERSION = YES;
				GCC_WARN_ABOUT_RETURN_TYPE = YES_ERROR;
				GCC_WARN_UNDECLARED_SELECTOR = YES;
				GCC_WARN_UNINITIALIZED_AUTOS = YES_AGGRESSIVE;
				GCC_WARN_UNUSED_FUNCTION = YES;
				GCC_WARN_UNUSED_VARIABLE = YES;
				IPHONEOS_DEPLOYMENT_TARGET = 9.0;
				MTL_ENABLE_DEBUG_INFO = YES;
				ONLY_ACTIVE_ARCH = YES;
				SDKROOT = iphoneos;
				SWIFT_OPTIMIZATION_LEVEL = "-Onone";
				TARGETED_DEVICE_FAMILY = "1,2";
				VERSIONING_SYSTEM = "apple-generic";
				VERSION_INFO_PREFIX = "";
			};
			name = Profile;
		};
		C274C7ED1C5A89D800A5FC23 /* Profile */ = {
			isa = XCBuildConfiguration;
			buildSettings = {
				CLANG_ENABLE_MODULES = YES;
				DEBUG_INFORMATION_FORMAT = "dwarf-with-dsym";
				DEFINES_MODULE = YES;
				DYLIB_COMPATIBILITY_VERSION = 1;
				DYLIB_CURRENT_VERSION = 1;
				DYLIB_INSTALL_NAME_BASE = "@rpath";
				GCC_OPTIMIZATION_LEVEL = fast;
				GENERATE_PROFILING_CODE = YES;
				INFOPLIST_FILE = Eveleth/Info.plist;
				INSTALL_PATH = "$(LOCAL_LIBRARY_DIR)/Frameworks";
				LD_RUNPATH_SEARCH_PATHS = "$(inherited) @executable_path/Frameworks @loader_path/Frameworks";
				PRODUCT_BUNDLE_IDENTIFIER = com.moondeerstudios.Eveleth;
				PRODUCT_NAME = "$(TARGET_NAME)";
				SKIP_INSTALL = YES;
				SWIFT_OPTIMIZATION_LEVEL = "-Owholemodule";
			};
			name = Profile;
		};
		C2B123931B8548F6008FED5E /* Debug */ = {
			isa = XCBuildConfiguration;
			buildSettings = {
				ALWAYS_SEARCH_USER_PATHS = NO;
				CLANG_CXX_LANGUAGE_STANDARD = "gnu++0x";
				CLANG_CXX_LIBRARY = "libc++";
				CLANG_ENABLE_MODULES = YES;
				CLANG_ENABLE_OBJC_ARC = YES;
				CLANG_WARN_BOOL_CONVERSION = YES;
				CLANG_WARN_CONSTANT_CONVERSION = YES;
				CLANG_WARN_DIRECT_OBJC_ISA_USAGE = YES_ERROR;
				CLANG_WARN_EMPTY_BODY = YES;
				CLANG_WARN_ENUM_CONVERSION = YES;
				CLANG_WARN_INT_CONVERSION = YES;
				CLANG_WARN_OBJC_ROOT_CLASS = YES_ERROR;
				CLANG_WARN_UNREACHABLE_CODE = YES;
				CLANG_WARN__DUPLICATE_METHOD_MATCH = YES;
				"CODE_SIGN_IDENTITY[sdk=iphoneos*]" = "iPhone Developer";
				COPY_PHASE_STRIP = NO;
				CURRENT_PROJECT_VERSION = 1;
				DEBUG_INFORMATION_FORMAT = dwarf;
				ENABLE_STRICT_OBJC_MSGSEND = YES;
				ENABLE_TESTABILITY = YES;
				GCC_C_LANGUAGE_STANDARD = gnu99;
				GCC_DYNAMIC_NO_PIC = NO;
				GCC_NO_COMMON_BLOCKS = YES;
				GCC_OPTIMIZATION_LEVEL = 0;
				GCC_PREPROCESSOR_DEFINITIONS = (
					"DEBUG=1",
					"$(inherited)",
				);
				GCC_WARN_64_TO_32_BIT_CONVERSION = YES;
				GCC_WARN_ABOUT_RETURN_TYPE = YES_ERROR;
				GCC_WARN_UNDECLARED_SELECTOR = YES;
				GCC_WARN_UNINITIALIZED_AUTOS = YES_AGGRESSIVE;
				GCC_WARN_UNUSED_FUNCTION = YES;
				GCC_WARN_UNUSED_VARIABLE = YES;
				IPHONEOS_DEPLOYMENT_TARGET = 9.0;
				MTL_ENABLE_DEBUG_INFO = YES;
				ONLY_ACTIVE_ARCH = YES;
				SDKROOT = iphoneos;
				SWIFT_OPTIMIZATION_LEVEL = "-Onone";
				TARGETED_DEVICE_FAMILY = "1,2";
				VERSIONING_SYSTEM = "apple-generic";
				VERSION_INFO_PREFIX = "";
			};
			name = Debug;
		};
		C2B123941B8548F6008FED5E /* Release */ = {
			isa = XCBuildConfiguration;
			buildSettings = {
				ALWAYS_SEARCH_USER_PATHS = NO;
				CLANG_CXX_LANGUAGE_STANDARD = "gnu++0x";
				CLANG_CXX_LIBRARY = "libc++";
				CLANG_ENABLE_MODULES = YES;
				CLANG_ENABLE_OBJC_ARC = YES;
				CLANG_WARN_BOOL_CONVERSION = YES;
				CLANG_WARN_CONSTANT_CONVERSION = YES;
				CLANG_WARN_DIRECT_OBJC_ISA_USAGE = YES_ERROR;
				CLANG_WARN_EMPTY_BODY = YES;
				CLANG_WARN_ENUM_CONVERSION = YES;
				CLANG_WARN_INT_CONVERSION = YES;
				CLANG_WARN_OBJC_ROOT_CLASS = YES_ERROR;
				CLANG_WARN_UNREACHABLE_CODE = YES;
				CLANG_WARN__DUPLICATE_METHOD_MATCH = YES;
				"CODE_SIGN_IDENTITY[sdk=iphoneos*]" = "iPhone Developer";
				COPY_PHASE_STRIP = NO;
				CURRENT_PROJECT_VERSION = 1;
				DEBUG_INFORMATION_FORMAT = "dwarf-with-dsym";
				ENABLE_NS_ASSERTIONS = NO;
				ENABLE_STRICT_OBJC_MSGSEND = YES;
				GCC_C_LANGUAGE_STANDARD = gnu99;
				GCC_NO_COMMON_BLOCKS = YES;
				GCC_WARN_64_TO_32_BIT_CONVERSION = YES;
				GCC_WARN_ABOUT_RETURN_TYPE = YES_ERROR;
				GCC_WARN_UNDECLARED_SELECTOR = YES;
				GCC_WARN_UNINITIALIZED_AUTOS = YES_AGGRESSIVE;
				GCC_WARN_UNUSED_FUNCTION = YES;
				GCC_WARN_UNUSED_VARIABLE = YES;
				IPHONEOS_DEPLOYMENT_TARGET = 9.0;
				MTL_ENABLE_DEBUG_INFO = NO;
				SDKROOT = iphoneos;
				TARGETED_DEVICE_FAMILY = "1,2";
				VALIDATE_PRODUCT = YES;
				VERSIONING_SYSTEM = "apple-generic";
				VERSION_INFO_PREFIX = "";
			};
			name = Release;
		};
		C2B123961B8548F6008FED5E /* Debug */ = {
			isa = XCBuildConfiguration;
			buildSettings = {
				CLANG_ENABLE_MODULES = YES;
				DEBUG_INFORMATION_FORMAT = "dwarf-with-dsym";
				DEFINES_MODULE = YES;
				DYLIB_COMPATIBILITY_VERSION = 1;
				DYLIB_CURRENT_VERSION = 1;
				DYLIB_INSTALL_NAME_BASE = "@rpath";
				GCC_OPTIMIZATION_LEVEL = fast;
				GENERATE_PROFILING_CODE = YES;
				INFOPLIST_FILE = Eveleth/Info.plist;
				INSTALL_PATH = "$(LOCAL_LIBRARY_DIR)/Frameworks";
				LD_RUNPATH_SEARCH_PATHS = "$(inherited) @executable_path/Frameworks @loader_path/Frameworks";
				PRODUCT_BUNDLE_IDENTIFIER = com.moondeerstudios.Eveleth;
				PRODUCT_NAME = "$(TARGET_NAME)";
				SKIP_INSTALL = YES;
				SWIFT_OPTIMIZATION_LEVEL = "-Owholemodule";
			};
			name = Debug;
		};
		C2B123971B8548F6008FED5E /* Release */ = {
			isa = XCBuildConfiguration;
			buildSettings = {
				CLANG_ENABLE_MODULES = YES;
				DEBUG_INFORMATION_FORMAT = "dwarf-with-dsym";
				DEFINES_MODULE = YES;
				DYLIB_COMPATIBILITY_VERSION = 1;
				DYLIB_CURRENT_VERSION = 1;
				DYLIB_INSTALL_NAME_BASE = "@rpath";
				GCC_OPTIMIZATION_LEVEL = fast;
				GENERATE_PROFILING_CODE = YES;
				INFOPLIST_FILE = Eveleth/Info.plist;
				INSTALL_PATH = "$(LOCAL_LIBRARY_DIR)/Frameworks";
				LD_RUNPATH_SEARCH_PATHS = "$(inherited) @executable_path/Frameworks @loader_path/Frameworks";
				PRODUCT_BUNDLE_IDENTIFIER = com.moondeerstudios.Eveleth;
				PRODUCT_NAME = "$(TARGET_NAME)";
				SKIP_INSTALL = YES;
				SWIFT_OPTIMIZATION_LEVEL = "-Owholemodule";
			};
			name = Release;
		};
/* End XCBuildConfiguration section */

/* Begin XCConfigurationList section */
		C2B123871B8548F6008FED5E /* Build configuration list for PBXProject "Eveleth" */ = {
			isa = XCConfigurationList;
			buildConfigurations = (
				C2B123931B8548F6008FED5E /* Debug */,
				C2562D071C63A55B0086789D /* Debug-Verbose */,
				C274C7EC1C5A89D800A5FC23 /* Profile */,
				C2B123941B8548F6008FED5E /* Release */,
			);
			defaultConfigurationIsVisible = 0;
			defaultConfigurationName = Release;
		};
		C2B123951B8548F6008FED5E /* Build configuration list for PBXNativeTarget "Eveleth" */ = {
			isa = XCConfigurationList;
			buildConfigurations = (
				C2B123961B8548F6008FED5E /* Debug */,
				C2562D081C63A55B0086789D /* Debug-Verbose */,
				C274C7ED1C5A89D800A5FC23 /* Profile */,
				C2B123971B8548F6008FED5E /* Release */,
			);
			defaultConfigurationIsVisible = 0;
			defaultConfigurationName = Release;
		};
/* End XCConfigurationList section */
	};
	rootObject = C2B123841B8548F6008FED5E /* Project object */;
}
