// !$*UTF8*$!
{
	archiveVersion = 1;
	classes = {
	};
	objectVersion = 47;
	objects = {

/* Begin PBXBuildFile section */
		C207458F1B8DF6D5000A06D4 /* Time.swift in Sources */ = {isa = PBXBuildFile; fileRef = C207458E1B8DF6D5000A06D4 /* Time.swift */; };
		C20827541C03B2A2004D68FC /* StandardChordPattern.swift in Sources */ = {isa = PBXBuildFile; fileRef = C20827531C03B2A2004D68FC /* StandardChordPattern.swift */; };
		C20A10991C51332B00522FD7 /* Segment.swift in Sources */ = {isa = PBXBuildFile; fileRef = C20A10981C51332B00522FD7 /* Segment.swift */; };
		C20A10A11C51552B00522FD7 /* BarBeatTimeTests.swift in Sources */ = {isa = PBXBuildFile; fileRef = C20A10A01C51552B00522FD7 /* BarBeatTimeTests.swift */; };
		C21E44C11B7653BF00574BD2 /* SPYRO's Pure Oscillators.sf2 in Resources */ = {isa = PBXBuildFile; fileRef = C21E44C01B7653BF00574BD2 /* SPYRO's Pure Oscillators.sf2 */; };
		C21E44C51B76546C00574BD2 /* AudioManager.swift in Sources */ = {isa = PBXBuildFile; fileRef = C21E44C41B76546C00574BD2 /* AudioManager.swift */; };
		C222E6C81BD2B78600DBBBDA /* FestivoLC.framework in Frameworks */ = {isa = PBXBuildFile; fileRef = C222E6C71BD2B78600DBBBDA /* FestivoLC.framework */; };
		C222E6C91BD2B78600DBBBDA /* FestivoLC.framework in Embed Frameworks */ = {isa = PBXBuildFile; fileRef = C222E6C71BD2B78600DBBBDA /* FestivoLC.framework */; settings = {ATTRIBUTES = (CodeSignOnCopy, RemoveHeadersOnCopy, ); }; };
		C222E6CB1BD2B78600DBBBDA /* Triump.framework in Frameworks */ = {isa = PBXBuildFile; fileRef = C222E6CA1BD2B78600DBBBDA /* Triump.framework */; };
		C222E6CC1BD2B78600DBBBDA /* Triump.framework in Embed Frameworks */ = {isa = PBXBuildFile; fileRef = C222E6CA1BD2B78600DBBBDA /* Triump.framework */; settings = {ATTRIBUTES = (CodeSignOnCopy, RemoveHeadersOnCopy, ); }; };
		C22567821BB05ED100E4842B /* Lumberjack.framework in Frameworks */ = {isa = PBXBuildFile; fileRef = C22567811BB05ED100E4842B /* Lumberjack.framework */; };
		C22567831BB05ED100E4842B /* Lumberjack.framework in Embed Frameworks */ = {isa = PBXBuildFile; fileRef = C22567811BB05ED100E4842B /* Lumberjack.framework */; settings = {ATTRIBUTES = (CodeSignOnCopy, RemoveHeadersOnCopy, ); }; };
		C22D93F11BADA24A00B04A2B /* MIDINodeHistory.swift in Sources */ = {isa = PBXBuildFile; fileRef = C22D93F01BADA24A00B04A2B /* MIDINodeHistory.swift */; };
		C22FA58D1BC830D600162DB4 /* SettingsManager.swift in Sources */ = {isa = PBXBuildFile; fileRef = C22FA58C1BC830D600162DB4 /* SettingsManager.swift */; };
		C23B05831C01251D0081AC6E /* Duration.swift in Sources */ = {isa = PBXBuildFile; fileRef = C23B05821C01251D0081AC6E /* Duration.swift */; };
		C23B05851C0125240081AC6E /* Velocity.swift in Sources */ = {isa = PBXBuildFile; fileRef = C23B05841C0125240081AC6E /* Velocity.swift */; };
		C23B05871C01258D0081AC6E /* Packet.swift in Sources */ = {isa = PBXBuildFile; fileRef = C23B05861C01258D0081AC6E /* Packet.swift */; };
		C23B05891C0127140081AC6E /* Octave.swift in Sources */ = {isa = PBXBuildFile; fileRef = C23B05881C0127140081AC6E /* Octave.swift */; };
		C23B058B1C014AC50081AC6E /* Natural.swift in Sources */ = {isa = PBXBuildFile; fileRef = C23B058A1C014AC50081AC6E /* Natural.swift */; };
		C23B058D1C014EBD0081AC6E /* Note.swift in Sources */ = {isa = PBXBuildFile; fileRef = C23B058C1C014EBD0081AC6E /* Note.swift */; };
		C23B05951C0219560081AC6E /* NoteChordTests.swift in Sources */ = {isa = PBXBuildFile; fileRef = C23B05941C0219560081AC6E /* NoteChordTests.swift */; };
		C23B059D1C026F4C0081AC6E /* ChordGenerator.swift in Sources */ = {isa = PBXBuildFile; fileRef = C23B059C1C026F4C0081AC6E /* ChordGenerator.swift */; };
		C24DCE381C3438A800AD98BE /* GrooveFile.swift in Sources */ = {isa = PBXBuildFile; fileRef = C24DCE371C3438A800AD98BE /* GrooveFile.swift */; };
		C24DCE3A1C343C0C00AD98BE /* GrooveTrack.swift in Sources */ = {isa = PBXBuildFile; fileRef = C24DCE391C343C0C00AD98BE /* GrooveTrack.swift */; };
		C24E83961C3EDFD800B4A16A /* SecondaryControllerContainerViewController.swift in Sources */ = {isa = PBXBuildFile; fileRef = C24E83951C3EDFD800B4A16A /* SecondaryControllerContainerViewController.swift */; };
		C24E83981C3EE0A300B4A16A /* MixerContainerViewController.swift in Sources */ = {isa = PBXBuildFile; fileRef = C24E83971C3EE0A300B4A16A /* MixerContainerViewController.swift */; };
		C24E839A1C3EE0D100B4A16A /* MIDIPlayerContainerViewController.swift in Sources */ = {isa = PBXBuildFile; fileRef = C24E83991C3EE0D100B4A16A /* MIDIPlayerContainerViewController.swift */; };
		C24E839C1C3EE17900B4A16A /* MixerContainer.storyboard in Resources */ = {isa = PBXBuildFile; fileRef = C24E839B1C3EE17900B4A16A /* MixerContainer.storyboard */; };
		C24E839E1C3EEE1300B4A16A /* MIDIPlayerContainer.storyboard in Resources */ = {isa = PBXBuildFile; fileRef = C24E839D1C3EEE1300B4A16A /* MIDIPlayerContainer.storyboard */; };
		C2516B2B1C08ECE10060710B /* RootViewController.swift in Sources */ = {isa = PBXBuildFile; fileRef = C2516B2A1C08ECE10060710B /* RootViewController.swift */; };
		C2516B2D1C08F1B50060710B /* TransportViewController.swift in Sources */ = {isa = PBXBuildFile; fileRef = C2516B2C1C08F1B50060710B /* TransportViewController.swift */; };
		C2516B301C08F47C0060710B /* Transport.storyboard in Resources */ = {isa = PBXBuildFile; fileRef = C2516B2E1C08F47C0060710B /* Transport.storyboard */; };
		C2516B331C08F77F0060710B /* MIDIPlayer.storyboard in Resources */ = {isa = PBXBuildFile; fileRef = C2516B311C08F77F0060710B /* MIDIPlayer.storyboard */; };
		C255C4321BD664B000CAEE9C /* Mixer.storyboard in Resources */ = {isa = PBXBuildFile; fileRef = C255C4311BD664B000CAEE9C /* Mixer.storyboard */; };
		C255C4351BD664CD00CAEE9C /* Instrument.storyboard in Resources */ = {isa = PBXBuildFile; fileRef = C255C4331BD664CD00CAEE9C /* Instrument.storyboard */; };
		C255C4371BD664E400CAEE9C /* Generator.storyboard in Resources */ = {isa = PBXBuildFile; fileRef = C255C4361BD664E400CAEE9C /* Generator.storyboard */; };
		C255C43A1BD664FB00CAEE9C /* Documents.storyboard in Resources */ = {isa = PBXBuildFile; fileRef = C255C4381BD664FB00CAEE9C /* Documents.storyboard */; };
		C255C43C1BD6651100CAEE9C /* Tempo.storyboard in Resources */ = {isa = PBXBuildFile; fileRef = C255C43B1BD6651100CAEE9C /* Tempo.storyboard */; };
		C2569E401B90005400EEB441 /* TempoTrack.swift in Sources */ = {isa = PBXBuildFile; fileRef = C2569E3F1B90005400EEB441 /* TempoTrack.swift */; };
		C2576E0D1C13343E00F9A192 /* MIDIPlayer.swift in Sources */ = {isa = PBXBuildFile; fileRef = C2576E0C1C13343E00F9A192 /* MIDIPlayer.swift */; };
		C25EBC831B8BFAFA00E57665 /* MIDIFile.swift in Sources */ = {isa = PBXBuildFile; fileRef = C25EBC821B8BFAFA00E57665 /* MIDIFile.swift */; };
		C2670CCE1C46FEF6000F76F9 /* MIDIGenerator.swift in Sources */ = {isa = PBXBuildFile; fileRef = C2670CCD1C46FEF6000F76F9 /* MIDIGenerator.swift */; };
		C2670CD01C4704A2000F76F9 /* MIDINodeDispatch.swift in Sources */ = {isa = PBXBuildFile; fileRef = C2670CCF1C4704A2000F76F9 /* MIDINodeDispatch.swift */; };
		C2670CD21C47356D000F76F9 /* MIDINodePath.swift in Sources */ = {isa = PBXBuildFile; fileRef = C2670CD11C47356D000F76F9 /* MIDINodePath.swift */; };
		C269D1D71BD7FA190084A7EE /* LogManager.swift in Sources */ = {isa = PBXBuildFile; fileRef = C269D1D61BD7FA190084A7EE /* LogManager.swift */; };
		C26A09761BC96B97002EFEE1 /* MixerLayout.swift in Sources */ = {isa = PBXBuildFile; fileRef = C26A09751BC96B97002EFEE1 /* MixerLayout.swift */; };
		C26A27EF1B948E4F00BD1698 /* DocumentsViewController.swift in Sources */ = {isa = PBXBuildFile; fileRef = C26A27EE1B948E4E00BD1698 /* DocumentsViewController.swift */; };
		C26EEB2E1B7FDA8F00EC6979 /* MixerViewController.swift in Sources */ = {isa = PBXBuildFile; fileRef = C26EEB2D1B7FDA8F00EC6979 /* MixerViewController.swift */; };
		C26EEB301B7FDAF300EC6979 /* MixerCell.swift in Sources */ = {isa = PBXBuildFile; fileRef = C26EEB2F1B7FDAF300EC6979 /* MixerCell.swift */; };
		C26FC16F1B7BA63300E271A3 /* MIDINode.swift in Sources */ = {isa = PBXBuildFile; fileRef = C26FC16E1B7BA63300E271A3 /* MIDINode.swift */; };
		C26FC1711B7BAC7F00E271A3 /* MIDIPlayerNode.swift in Sources */ = {isa = PBXBuildFile; fileRef = C26FC1701B7BAC7F00E271A3 /* MIDIPlayerNode.swift */; };
		C26FC1731B7BAEBD00E271A3 /* AddTool.swift in Sources */ = {isa = PBXBuildFile; fileRef = C26FC1721B7BAEBD00E271A3 /* AddTool.swift */; };
		C2729ADD1BEE6B3D004FA34F /* LocalDocumentItem.swift in Sources */ = {isa = PBXBuildFile; fileRef = C2729ADC1BEE6B3D004FA34F /* LocalDocumentItem.swift */; };
		C2729ADF1BEE6B7C004FA34F /* NSMetadataItem.swift in Sources */ = {isa = PBXBuildFile; fileRef = C2729ADE1BEE6B7C004FA34F /* NSMetadataItem.swift */; };
		C272B2A01B7D700600134E5F /* SoundSet.swift in Sources */ = {isa = PBXBuildFile; fileRef = C272B29F1B7D700600134E5F /* SoundSet.swift */; };
		C272B2A21B7D714B00134E5F /* PureOscillators.programlist in Resources */ = {isa = PBXBuildFile; fileRef = C272B2A11B7D714B00134E5F /* PureOscillators.programlist */; };
		C2776C201B9DF50D002FE5A8 /* Emax Volume 1.sf2 in Resources */ = {isa = PBXBuildFile; fileRef = C2776C1A1B9DF50D002FE5A8 /* Emax Volume 1.sf2 */; };
		C2776C221B9DF50D002FE5A8 /* Emax Volume 2.sf2 in Resources */ = {isa = PBXBuildFile; fileRef = C2776C1B1B9DF50D002FE5A8 /* Emax Volume 2.sf2 */; };
		C2776C241B9DF50D002FE5A8 /* Emax Volume 3.sf2 in Resources */ = {isa = PBXBuildFile; fileRef = C2776C1C1B9DF50D002FE5A8 /* Emax Volume 3.sf2 */; };
		C2776C261B9DF50D002FE5A8 /* Emax Volume 4.sf2 in Resources */ = {isa = PBXBuildFile; fileRef = C2776C1D1B9DF50D002FE5A8 /* Emax Volume 4.sf2 */; };
		C2776C281B9DF50D002FE5A8 /* Emax Volume 5.sf2 in Resources */ = {isa = PBXBuildFile; fileRef = C2776C1E1B9DF50D002FE5A8 /* Emax Volume 5.sf2 */; };
		C2776C2A1B9DF50D002FE5A8 /* Emax Volume 6.sf2 in Resources */ = {isa = PBXBuildFile; fileRef = C2776C1F1B9DF50D002FE5A8 /* Emax Volume 6.sf2 */; };
		C2776C301B9E8E72002FE5A8 /* SF2File.swift in Sources */ = {isa = PBXBuildFile; fileRef = C2207B901B9DC63300E4D65D /* SF2File.swift */; };
		C27AC89B1C0E8ACC00762AAF /* RemoveTool.swift in Sources */ = {isa = PBXBuildFile; fileRef = C27AC89A1C0E8ACC00762AAF /* RemoveTool.swift */; };
		C27E18AD1B965F8500626314 /* Eveleth.framework in Frameworks */ = {isa = PBXBuildFile; fileRef = C2404BCD1B78EDEB00A68A64 /* Eveleth.framework */; };
		C27E18AE1B965F8500626314 /* Eveleth.framework in Embed Frameworks */ = {isa = PBXBuildFile; fileRef = C2404BCD1B78EDEB00A68A64 /* Eveleth.framework */; settings = {ATTRIBUTES = (CodeSignOnCopy, RemoveHeadersOnCopy, ); }; };
		C27E18B21B965F8500626314 /* MoonKit.framework in Frameworks */ = {isa = PBXBuildFile; fileRef = C2404BD41B78EEC500A68A64 /* MoonKit.framework */; };
		C27E18B31B965F8500626314 /* MoonKit.framework in Embed Frameworks */ = {isa = PBXBuildFile; fileRef = C2404BD41B78EEC500A68A64 /* MoonKit.framework */; settings = {ATTRIBUTES = (CodeSignOnCopy, RemoveHeadersOnCopy, ); }; };
		C27E18B41B965F8500626314 /* Chameleon.framework in Frameworks */ = {isa = PBXBuildFile; fileRef = C2404BD11B78EE3800A68A64 /* Chameleon.framework */; };
		C27E18B51B965F8500626314 /* Chameleon.framework in Embed Frameworks */ = {isa = PBXBuildFile; fileRef = C2404BD11B78EE3800A68A64 /* Chameleon.framework */; settings = {ATTRIBUTES = (CodeSignOnCopy, RemoveHeadersOnCopy, ); }; };
		C282911D1C1DFFD600F9975C /* Tool.swift in Sources */ = {isa = PBXBuildFile; fileRef = C282911C1C1DFFD600F9975C /* Tool.swift */; };
		C283B69C1BC02E3B007A4A36 /* Settings.bundle in Resources */ = {isa = PBXBuildFile; fileRef = C283B69B1BC02E3B007A4A36 /* Settings.bundle */; };
		C283B69E1BC0495A007A4A36 /* DocumentItem.swift in Sources */ = {isa = PBXBuildFile; fileRef = C283B69D1BC0495A007A4A36 /* DocumentItem.swift */; };
		C284F7CB1C49C8A8009C72A0 /* MIDINodePathTests.swift in Sources */ = {isa = PBXBuildFile; fileRef = C284F7CA1C49C8A8009C72A0 /* MIDINodePathTests.swift */; };
		C28BB6021BBF110E00BF2F70 /* DocumentCell.swift in Sources */ = {isa = PBXBuildFile; fileRef = C28BB6011BBF110E00BF2F70 /* DocumentCell.swift */; };
		C291C3EB1B91EDA700702AEA /* MIDIFileTrackChunk.swift in Sources */ = {isa = PBXBuildFile; fileRef = C291C3EA1B91EDA700702AEA /* MIDIFileTrackChunk.swift */; };
		C291C3ED1B91EDB700702AEA /* MIDIFileHeaderChunk.swift in Sources */ = {isa = PBXBuildFile; fileRef = C291C3EC1B91EDB700702AEA /* MIDIFileHeaderChunk.swift */; };
		C291C3EF1B91EDCC00702AEA /* MetaEvent.swift in Sources */ = {isa = PBXBuildFile; fileRef = C291C3EE1B91EDCC00702AEA /* MetaEvent.swift */; };
		C291C3F11B91EDD600702AEA /* ChannelEvent.swift in Sources */ = {isa = PBXBuildFile; fileRef = C291C3F01B91EDD600702AEA /* ChannelEvent.swift */; };
		C291C3F31B91EDE100702AEA /* VariableLengthQuantity.swift in Sources */ = {isa = PBXBuildFile; fileRef = C291C3F21B91EDE100702AEA /* VariableLengthQuantity.swift */; };
		C291C3F51B91F05900702AEA /* MIDIEvent.swift in Sources */ = {isa = PBXBuildFile; fileRef = C291C3F41B91F05900702AEA /* MIDIEvent.swift */; };
		C2981BA81C2468FD007FC51F /* Loop.swift in Sources */ = {isa = PBXBuildFile; fileRef = C2981BA71C2468FD007FC51F /* Loop.swift */; };
		C2981BAA1C2B85F4007FC51F /* Transport.swift in Sources */ = {isa = PBXBuildFile; fileRef = C2981BA91C2B85F4007FC51F /* Transport.swift */; };
		C2995C481BB8ABC70003AAB2 /* Trajectory.swift in Sources */ = {isa = PBXBuildFile; fileRef = C2995C471BB8ABC70003AAB2 /* Trajectory.swift */; };
		C2AA2BC81B84B04200A0B08D /* InstrumentViewController.swift in Sources */ = {isa = PBXBuildFile; fileRef = C2AA2BC71B84B04200A0B08D /* InstrumentViewController.swift */; };
		C2AA2BCB1B84FB2100A0B08D /* Sequencer.swift in Sources */ = {isa = PBXBuildFile; fileRef = C2AA2BCA1B84FB2100A0B08D /* Sequencer.swift */; };
		C2AC3A971BA9D4CD00692EBB /* TempoViewController.swift in Sources */ = {isa = PBXBuildFile; fileRef = C2AC3A961BA9D4CD00692EBB /* TempoViewController.swift */; };
		C2AF09D51BB9DB410021A37E /* AudioToolbox.framework in Frameworks */ = {isa = PBXBuildFile; fileRef = C2AF09D41BB9DB410021A37E /* AudioToolbox.framework */; };
		C2B123BF1B864DCC008FED5E /* MIDIClock.swift in Sources */ = {isa = PBXBuildFile; fileRef = C2B123BE1B864DCC008FED5E /* MIDIClock.swift */; };
		C2B12D971BDC531500A6C719 /* Track.swift in Sources */ = {isa = PBXBuildFile; fileRef = C2B12D961BDC531500A6C719 /* Track.swift */; };
		C2B2B03F1BCDCE5F007AF9DC /* TrackColor.swift in Sources */ = {isa = PBXBuildFile; fileRef = C2B2B03E1BCDCE5F007AF9DC /* TrackColor.swift */; };
		C2B2B0431BCEA55D007AF9DC /* MIDIEventContainer.swift in Sources */ = {isa = PBXBuildFile; fileRef = C2B2B0421BCEA55D007AF9DC /* MIDIEventContainer.swift */; };
		C2B3B2EB1C55A9110001152F /* NodeSelectionTool.swift in Sources */ = {isa = PBXBuildFile; fileRef = C2B3B2EA1C55A9110001152F /* NodeSelectionTool.swift */; };
		C2BC7AD51B76C85E001729BA /* Instrument.swift in Sources */ = {isa = PBXBuildFile; fileRef = C2BC7AD41B76C85E001729BA /* Instrument.swift */; };
		C2BDBBC01BD3E12C00E343F1 /* INFOChunk.swift in Sources */ = {isa = PBXBuildFile; fileRef = C2BDBBBF1BD3E12C00E343F1 /* INFOChunk.swift */; };
		C2BDBBC21BD3E14900E343F1 /* SDTAChunk.swift in Sources */ = {isa = PBXBuildFile; fileRef = C2BDBBC11BD3E14900E343F1 /* SDTAChunk.swift */; };
		C2BDBBC41BD3E15D00E343F1 /* PDTAChunk.swift in Sources */ = {isa = PBXBuildFile; fileRef = C2BDBBC31BD3E15D00E343F1 /* PDTAChunk.swift */; };
		C2CBE87D1BFA3BAC00EDA3A3 /* Chord.swift in Sources */ = {isa = PBXBuildFile; fileRef = C2CBE87C1BFA3BAC00EDA3A3 /* Chord.swift */; };
		C2CD18E11B7E681A00705922 /* Error.swift in Sources */ = {isa = PBXBuildFile; fileRef = C2CD18E01B7E681A00705922 /* Error.swift */; };
		C2CF38CD1B7EBED30085B3D5 /* InstrumentTrack.swift in Sources */ = {isa = PBXBuildFile; fileRef = C2CF38CC1B7EBED30085B3D5 /* InstrumentTrack.swift */; };
		C2CFB7FF1BBF486300983664 /* DocumentsViewLayout.swift in Sources */ = {isa = PBXBuildFile; fileRef = C2CFB7FE1BBF486300983664 /* DocumentsViewLayout.swift */; };
		C2D406741BB9FDC700681DEF /* MIDIDocumentManager.swift in Sources */ = {isa = PBXBuildFile; fileRef = C2D406731BB9FDC700681DEF /* MIDIDocumentManager.swift */; };
		C2DDA22F1C38A6CF005F0965 /* GrooveNode.swift in Sources */ = {isa = PBXBuildFile; fileRef = C2DDA22E1C38A6CF005F0965 /* GrooveNode.swift */; };
		C2DDA2311C38A8B5005F0965 /* GrooveLoop.swift in Sources */ = {isa = PBXBuildFile; fileRef = C2DDA2301C38A8B5005F0965 /* GrooveLoop.swift */; };
		C2DFBE7A1B8AA5AB00898C2A /* Sequence.swift in Sources */ = {isa = PBXBuildFile; fileRef = C2DFBE791B8AA5AB00898C2A /* Sequence.swift */; };
		C2E043351B72F4DC005F0675 /* AppDelegate.swift in Sources */ = {isa = PBXBuildFile; fileRef = C2E043341B72F4DC005F0675 /* AppDelegate.swift */; };
		C2E043391B72F4DC005F0675 /* MIDIPlayerScene.swift in Sources */ = {isa = PBXBuildFile; fileRef = C2E043381B72F4DC005F0675 /* MIDIPlayerScene.swift */; };
		C2E0433B1B72F4DC005F0675 /* MIDIPlayerViewController.swift in Sources */ = {isa = PBXBuildFile; fileRef = C2E0433A1B72F4DC005F0675 /* MIDIPlayerViewController.swift */; };
		C2E0433E1B72F4DC005F0675 /* Main.storyboard in Resources */ = {isa = PBXBuildFile; fileRef = C2E0433C1B72F4DC005F0675 /* Main.storyboard */; };
		C2E043401B72F4DC005F0675 /* Assets.xcassets in Resources */ = {isa = PBXBuildFile; fileRef = C2E0433F1B72F4DC005F0675 /* Assets.xcassets */; };
		C2E043431B72F4DC005F0675 /* LaunchScreen.storyboard in Resources */ = {isa = PBXBuildFile; fileRef = C2E043411B72F4DC005F0675 /* LaunchScreen.storyboard */; };
		C2E542391BD56E00005B452F /* SoundSetType.swift in Sources */ = {isa = PBXBuildFile; fileRef = C2E542381BD56E00005B452F /* SoundSetType.swift */; };
		C2E5423D1BD57252005B452F /* EmaxSoundSet.swift in Sources */ = {isa = PBXBuildFile; fileRef = C2E5423C1BD57252005B452F /* EmaxSoundSet.swift */; };
		C2E705C51BBB17AE00636EF3 /* PurgatoryViewController.swift in Sources */ = {isa = PBXBuildFile; fileRef = C2E705C41BBB17AE00636EF3 /* PurgatoryViewController.swift */; };
		C2EA30531BB9DF3300020958 /* MIDIDocument.swift in Sources */ = {isa = PBXBuildFile; fileRef = C2EA30521BB9DF3300020958 /* MIDIDocument.swift */; };
		C2ECC5E31B9C7FFA0010E76E /* MIDINodeEvent.swift in Sources */ = {isa = PBXBuildFile; fileRef = C2ECC5E21B9C7FFA0010E76E /* MIDINodeEvent.swift */; };
		C2EFA0EC1B823642002EBA3D /* GeneratorViewController.swift in Sources */ = {isa = PBXBuildFile; fileRef = C2EFA0EB1B823642002EBA3D /* GeneratorViewController.swift */; };
		C2EFA0EE1B824A2F002EBA3D /* AssetManager.swift in Sources */ = {isa = PBXBuildFile; fileRef = C2EFA0ED1B824A2F002EBA3D /* AssetManager.swift */; };
		C2F2ADC21B90EBD300FF4836 /* Woodblock.wav in Resources */ = {isa = PBXBuildFile; fileRef = C2F2ADC11B90EBD300FF4836 /* Woodblock.wav */; };
		C2F2ADC41B91098A00FF4836 /* NoteGenerator.swift in Sources */ = {isa = PBXBuildFile; fileRef = C2F2ADC31B91098A00FF4836 /* NoteGenerator.swift */; };
		C2F2ADC61B91203700FF4836 /* Metronome.swift in Sources */ = {isa = PBXBuildFile; fileRef = C2F2ADC51B91203700FF4836 /* Metronome.swift */; };
		C2F35DB91BB4507800ECB045 /* MIDIPlayerView.swift in Sources */ = {isa = PBXBuildFile; fileRef = C2F35DB81BB4507800ECB045 /* MIDIPlayerView.swift */; };
		C2F589F91BAC688F009166D5 /* BarBeatTimeLabel.swift in Sources */ = {isa = PBXBuildFile; fileRef = C2F589F81BAC688F009166D5 /* BarBeatTimeLabel.swift */; };
		C2FEB0251C0F6183000BD1B7 /* GeneratorTool.swift in Sources */ = {isa = PBXBuildFile; fileRef = C2FEB0241C0F6183000BD1B7 /* GeneratorTool.swift */; };
		C2FF79851BD05F1E002CBA79 /* BarBeatTime.swift in Sources */ = {isa = PBXBuildFile; fileRef = C2FF79841BD05F1E002CBA79 /* BarBeatTime.swift */; };
		C2FF79871BD06115002CBA79 /* TimeSignature.swift in Sources */ = {isa = PBXBuildFile; fileRef = C2FF79861BD06115002CBA79 /* TimeSignature.swift */; };
/* End PBXBuildFile section */

/* Begin PBXContainerItemProxy section */
		C20A10A31C51552B00522FD7 /* PBXContainerItemProxy */ = {
			isa = PBXContainerItemProxy;
			containerPortal = C2E043291B72F4DC005F0675 /* Project object */;
			proxyType = 1;
			remoteGlobalIDString = C2E043301B72F4DC005F0675;
			remoteInfo = PerpetualGroove;
		};
		C23B05971C0219560081AC6E /* PBXContainerItemProxy */ = {
			isa = PBXContainerItemProxy;
			containerPortal = C2E043291B72F4DC005F0675 /* Project object */;
			proxyType = 1;
			remoteGlobalIDString = C2E043301B72F4DC005F0675;
			remoteInfo = PerpetualGroove;
		};
		C284F7CD1C49C8A8009C72A0 /* PBXContainerItemProxy */ = {
			isa = PBXContainerItemProxy;
			containerPortal = C2E043291B72F4DC005F0675 /* Project object */;
			proxyType = 1;
			remoteGlobalIDString = C2E043301B72F4DC005F0675;
			remoteInfo = PerpetualGroove;
		};
/* End PBXContainerItemProxy section */

/* Begin PBXCopyFilesBuildPhase section */
		C27E18B61B965F8600626314 /* Embed Frameworks */ = {
			isa = PBXCopyFilesBuildPhase;
			buildActionMask = 2147483647;
			dstPath = "";
			dstSubfolderSpec = 10;
			files = (
				C22567831BB05ED100E4842B /* Lumberjack.framework in Embed Frameworks */,
				C27E18B31B965F8500626314 /* MoonKit.framework in Embed Frameworks */,
				C27E18AE1B965F8500626314 /* Eveleth.framework in Embed Frameworks */,
				C222E6C91BD2B78600DBBBDA /* FestivoLC.framework in Embed Frameworks */,
				C27E18B51B965F8500626314 /* Chameleon.framework in Embed Frameworks */,
				C222E6CC1BD2B78600DBBBDA /* Triump.framework in Embed Frameworks */,
			);
			name = "Embed Frameworks";
			runOnlyForDeploymentPostprocessing = 0;
		};
/* End PBXCopyFilesBuildPhase section */

/* Begin PBXFileReference section */
		C20745891B8CE4C3000A06D4 /* morse_code_a.mid */ = {isa = PBXFileReference; lastKnownFileType = audio.midi; path = morse_code_a.mid; sourceTree = "<group>"; };
		C207458C1B8CFB91000A06D4 /* test_morse_code_a.mid */ = {isa = PBXFileReference; lastKnownFileType = audio.midi; path = test_morse_code_a.mid; sourceTree = "<group>"; };
		C207458E1B8DF6D5000A06D4 /* Time.swift */ = {isa = PBXFileReference; fileEncoding = 4; lastKnownFileType = sourcecode.swift; path = Time.swift; sourceTree = "<group>"; };
		C20827531C03B2A2004D68FC /* StandardChordPattern.swift */ = {isa = PBXFileReference; fileEncoding = 4; lastKnownFileType = sourcecode.swift; path = StandardChordPattern.swift; sourceTree = "<group>"; };
		C20A10981C51332B00522FD7 /* Segment.swift */ = {isa = PBXFileReference; fileEncoding = 4; lastKnownFileType = sourcecode.swift; path = Segment.swift; sourceTree = "<group>"; };
		C20A109E1C51552B00522FD7 /* BarBeatTimeTests.xctest */ = {isa = PBXFileReference; explicitFileType = wrapper.cfbundle; includeInIndex = 0; path = BarBeatTimeTests.xctest; sourceTree = BUILT_PRODUCTS_DIR; };
		C20A10A01C51552B00522FD7 /* BarBeatTimeTests.swift */ = {isa = PBXFileReference; lastKnownFileType = sourcecode.swift; path = BarBeatTimeTests.swift; sourceTree = "<group>"; };
		C20A10A21C51552B00522FD7 /* Info.plist */ = {isa = PBXFileReference; lastKnownFileType = text.plist.xml; path = Info.plist; sourceTree = "<group>"; };
		C21E44C01B7653BF00574BD2 /* SPYRO's Pure Oscillators.sf2 */ = {isa = PBXFileReference; lastKnownFileType = file; name = "SPYRO's Pure Oscillators.sf2"; path = "PerpetualGroove/SPYRO's Pure Oscillators.sf2"; sourceTree = "<group>"; };
		C21E44C41B76546C00574BD2 /* AudioManager.swift */ = {isa = PBXFileReference; fileEncoding = 4; lastKnownFileType = sourcecode.swift; path = AudioManager.swift; sourceTree = "<group>"; };
		C21E44C81B76739C00574BD2 /* sf2.playground */ = {isa = PBXFileReference; lastKnownFileType = file.playground; name = sf2.playground; path = PerpetualGroove/sf2.playground; sourceTree = "<group>"; };
		C2207B901B9DC63300E4D65D /* SF2File.swift */ = {isa = PBXFileReference; fileEncoding = 4; lastKnownFileType = sourcecode.swift; path = SF2File.swift; sourceTree = "<group>"; };
		C222E6C71BD2B78600DBBBDA /* FestivoLC.framework */ = {isa = PBXFileReference; explicitFileType = wrapper.framework; path = FestivoLC.framework; sourceTree = BUILT_PRODUCTS_DIR; };
		C222E6CA1BD2B78600DBBBDA /* Triump.framework */ = {isa = PBXFileReference; explicitFileType = wrapper.framework; path = Triump.framework; sourceTree = BUILT_PRODUCTS_DIR; };
		C22567811BB05ED100E4842B /* Lumberjack.framework */ = {isa = PBXFileReference; explicitFileType = wrapper.framework; path = Lumberjack.framework; sourceTree = BUILT_PRODUCTS_DIR; };
		C22D93F01BADA24A00B04A2B /* MIDINodeHistory.swift */ = {isa = PBXFileReference; fileEncoding = 4; lastKnownFileType = sourcecode.swift; path = MIDINodeHistory.swift; sourceTree = "<group>"; };
		C22FA58A1BC7F3D300162DB4 /* TrackLabel.swift */ = {isa = PBXFileReference; fileEncoding = 4; lastKnownFileType = sourcecode.swift; path = TrackLabel.swift; sourceTree = "<group>"; };
		C22FA58C1BC830D600162DB4 /* SettingsManager.swift */ = {isa = PBXFileReference; fileEncoding = 4; lastKnownFileType = sourcecode.swift; path = SettingsManager.swift; sourceTree = "<group>"; };
		C23B05821C01251D0081AC6E /* Duration.swift */ = {isa = PBXFileReference; fileEncoding = 4; lastKnownFileType = sourcecode.swift; path = Duration.swift; sourceTree = "<group>"; };
		C23B05841C0125240081AC6E /* Velocity.swift */ = {isa = PBXFileReference; fileEncoding = 4; lastKnownFileType = sourcecode.swift; path = Velocity.swift; sourceTree = "<group>"; };
		C23B05861C01258D0081AC6E /* Packet.swift */ = {isa = PBXFileReference; fileEncoding = 4; lastKnownFileType = sourcecode.swift; path = Packet.swift; sourceTree = "<group>"; };
		C23B05881C0127140081AC6E /* Octave.swift */ = {isa = PBXFileReference; fileEncoding = 4; lastKnownFileType = sourcecode.swift; path = Octave.swift; sourceTree = "<group>"; };
		C23B058A1C014AC50081AC6E /* Natural.swift */ = {isa = PBXFileReference; fileEncoding = 4; lastKnownFileType = sourcecode.swift; path = Natural.swift; sourceTree = "<group>"; };
		C23B058C1C014EBD0081AC6E /* Note.swift */ = {isa = PBXFileReference; fileEncoding = 4; lastKnownFileType = sourcecode.swift; path = Note.swift; sourceTree = "<group>"; };
		C23B05921C0219560081AC6E /* NoteChordTests.xctest */ = {isa = PBXFileReference; explicitFileType = wrapper.cfbundle; includeInIndex = 0; path = NoteChordTests.xctest; sourceTree = BUILT_PRODUCTS_DIR; };
		C23B05941C0219560081AC6E /* NoteChordTests.swift */ = {isa = PBXFileReference; lastKnownFileType = sourcecode.swift; path = NoteChordTests.swift; sourceTree = "<group>"; };
		C23B05961C0219560081AC6E /* Info.plist */ = {isa = PBXFileReference; lastKnownFileType = text.plist.xml; path = Info.plist; sourceTree = "<group>"; };
		C23B059C1C026F4C0081AC6E /* ChordGenerator.swift */ = {isa = PBXFileReference; fileEncoding = 4; lastKnownFileType = sourcecode.swift; path = ChordGenerator.swift; sourceTree = "<group>"; };
		C2404BCD1B78EDEB00A68A64 /* Eveleth.framework */ = {isa = PBXFileReference; explicitFileType = wrapper.framework; path = Eveleth.framework; sourceTree = BUILT_PRODUCTS_DIR; };
		C2404BD11B78EE3800A68A64 /* Chameleon.framework */ = {isa = PBXFileReference; explicitFileType = wrapper.framework; path = Chameleon.framework; sourceTree = BUILT_PRODUCTS_DIR; };
		C2404BD41B78EEC500A68A64 /* MoonKit.framework */ = {isa = PBXFileReference; explicitFileType = wrapper.framework; path = MoonKit.framework; sourceTree = BUILT_PRODUCTS_DIR; };
		C24DCE371C3438A800AD98BE /* GrooveFile.swift */ = {isa = PBXFileReference; fileEncoding = 4; lastKnownFileType = sourcecode.swift; path = GrooveFile.swift; sourceTree = "<group>"; };
		C24DCE391C343C0C00AD98BE /* GrooveTrack.swift */ = {isa = PBXFileReference; fileEncoding = 4; lastKnownFileType = sourcecode.swift; path = GrooveTrack.swift; sourceTree = "<group>"; };
		C24E83951C3EDFD800B4A16A /* SecondaryControllerContainerViewController.swift */ = {isa = PBXFileReference; fileEncoding = 4; lastKnownFileType = sourcecode.swift; path = SecondaryControllerContainerViewController.swift; sourceTree = "<group>"; };
		C24E83971C3EE0A300B4A16A /* MixerContainerViewController.swift */ = {isa = PBXFileReference; fileEncoding = 4; lastKnownFileType = sourcecode.swift; path = MixerContainerViewController.swift; sourceTree = "<group>"; };
		C24E83991C3EE0D100B4A16A /* MIDIPlayerContainerViewController.swift */ = {isa = PBXFileReference; fileEncoding = 4; lastKnownFileType = sourcecode.swift; path = MIDIPlayerContainerViewController.swift; sourceTree = "<group>"; };
		C24E839B1C3EE17900B4A16A /* MixerContainer.storyboard */ = {isa = PBXFileReference; fileEncoding = 4; lastKnownFileType = file.storyboard; path = MixerContainer.storyboard; sourceTree = "<group>"; };
		C24E839D1C3EEE1300B4A16A /* MIDIPlayerContainer.storyboard */ = {isa = PBXFileReference; fileEncoding = 4; lastKnownFileType = file.storyboard; path = MIDIPlayerContainer.storyboard; sourceTree = "<group>"; };
		C2516B2A1C08ECE10060710B /* RootViewController.swift */ = {isa = PBXFileReference; fileEncoding = 4; lastKnownFileType = sourcecode.swift; path = RootViewController.swift; sourceTree = "<group>"; };
		C2516B2C1C08F1B50060710B /* TransportViewController.swift */ = {isa = PBXFileReference; fileEncoding = 4; lastKnownFileType = sourcecode.swift; path = TransportViewController.swift; sourceTree = "<group>"; };
		C2516B2F1C08F47C0060710B /* Base */ = {isa = PBXFileReference; lastKnownFileType = file.storyboard; name = Base; path = Base.lproj/Transport.storyboard; sourceTree = "<group>"; };
		C2516B321C08F77F0060710B /* Base */ = {isa = PBXFileReference; lastKnownFileType = file.storyboard; name = Base; path = Base.lproj/MIDIPlayer.storyboard; sourceTree = "<group>"; };
		C255C4311BD664B000CAEE9C /* Mixer.storyboard */ = {isa = PBXFileReference; fileEncoding = 4; lastKnownFileType = file.storyboard; name = Mixer.storyboard; path = Base.lproj/Mixer.storyboard; sourceTree = "<group>"; };
		C255C4341BD664CD00CAEE9C /* Base */ = {isa = PBXFileReference; lastKnownFileType = file.storyboard; name = Base; path = Base.lproj/Instrument.storyboard; sourceTree = "<group>"; };
		C255C4361BD664E400CAEE9C /* Generator.storyboard */ = {isa = PBXFileReference; fileEncoding = 4; lastKnownFileType = file.storyboard; name = Generator.storyboard; path = Base.lproj/Generator.storyboard; sourceTree = "<group>"; };
		C255C4391BD664FB00CAEE9C /* Base */ = {isa = PBXFileReference; lastKnownFileType = file.storyboard; name = Base; path = Base.lproj/Documents.storyboard; sourceTree = "<group>"; };
		C255C43B1BD6651100CAEE9C /* Tempo.storyboard */ = {isa = PBXFileReference; fileEncoding = 4; lastKnownFileType = file.storyboard; name = Tempo.storyboard; path = Base.lproj/Tempo.storyboard; sourceTree = "<group>"; };
		C2569E3F1B90005400EEB441 /* TempoTrack.swift */ = {isa = PBXFileReference; fileEncoding = 4; lastKnownFileType = sourcecode.swift; path = TempoTrack.swift; sourceTree = "<group>"; };
		C2576E0C1C13343E00F9A192 /* MIDIPlayer.swift */ = {isa = PBXFileReference; fileEncoding = 4; lastKnownFileType = sourcecode.swift; path = MIDIPlayer.swift; sourceTree = "<group>"; };
		C25EBC821B8BFAFA00E57665 /* MIDIFile.swift */ = {isa = PBXFileReference; fileEncoding = 4; lastKnownFileType = sourcecode.swift; path = MIDIFile.swift; sourceTree = "<group>"; };
		C2670CCD1C46FEF6000F76F9 /* MIDIGenerator.swift */ = {isa = PBXFileReference; fileEncoding = 4; lastKnownFileType = sourcecode.swift; path = MIDIGenerator.swift; sourceTree = "<group>"; };
		C2670CCF1C4704A2000F76F9 /* MIDINodeDispatch.swift */ = {isa = PBXFileReference; fileEncoding = 4; lastKnownFileType = sourcecode.swift; path = MIDINodeDispatch.swift; sourceTree = "<group>"; };
		C2670CD11C47356D000F76F9 /* MIDINodePath.swift */ = {isa = PBXFileReference; fileEncoding = 4; lastKnownFileType = sourcecode.swift; path = MIDINodePath.swift; sourceTree = "<group>"; };
		C2670CD31C488490000F76F9 /* PerpetualGroove.playground */ = {isa = PBXFileReference; lastKnownFileType = file.playground; path = PerpetualGroove.playground; sourceTree = "<group>"; };
		C269D1D61BD7FA190084A7EE /* LogManager.swift */ = {isa = PBXFileReference; fileEncoding = 4; lastKnownFileType = sourcecode.swift; path = LogManager.swift; sourceTree = "<group>"; };
		C26A09751BC96B97002EFEE1 /* MixerLayout.swift */ = {isa = PBXFileReference; fileEncoding = 4; lastKnownFileType = sourcecode.swift; path = MixerLayout.swift; sourceTree = "<group>"; };
		C26A27EE1B948E4E00BD1698 /* DocumentsViewController.swift */ = {isa = PBXFileReference; fileEncoding = 4; lastKnownFileType = sourcecode.swift; path = DocumentsViewController.swift; sourceTree = "<group>"; };
		C26EEB2D1B7FDA8F00EC6979 /* MixerViewController.swift */ = {isa = PBXFileReference; fileEncoding = 4; lastKnownFileType = sourcecode.swift; path = MixerViewController.swift; sourceTree = "<group>"; };
		C26EEB2F1B7FDAF300EC6979 /* MixerCell.swift */ = {isa = PBXFileReference; fileEncoding = 4; lastKnownFileType = sourcecode.swift; path = MixerCell.swift; sourceTree = "<group>"; };
		C26FC16E1B7BA63300E271A3 /* MIDINode.swift */ = {isa = PBXFileReference; fileEncoding = 4; lastKnownFileType = sourcecode.swift; path = MIDINode.swift; sourceTree = "<group>"; };
		C26FC1701B7BAC7F00E271A3 /* MIDIPlayerNode.swift */ = {isa = PBXFileReference; fileEncoding = 4; lastKnownFileType = sourcecode.swift; path = MIDIPlayerNode.swift; sourceTree = "<group>"; };
		C26FC1721B7BAEBD00E271A3 /* AddTool.swift */ = {isa = PBXFileReference; fileEncoding = 4; lastKnownFileType = sourcecode.swift; path = AddTool.swift; sourceTree = "<group>"; };
		C2729ADC1BEE6B3D004FA34F /* LocalDocumentItem.swift */ = {isa = PBXFileReference; fileEncoding = 4; lastKnownFileType = sourcecode.swift; path = LocalDocumentItem.swift; sourceTree = "<group>"; };
		C2729ADE1BEE6B7C004FA34F /* NSMetadataItem.swift */ = {isa = PBXFileReference; fileEncoding = 4; lastKnownFileType = sourcecode.swift; path = NSMetadataItem.swift; sourceTree = "<group>"; };
		C272B29F1B7D700600134E5F /* SoundSet.swift */ = {isa = PBXFileReference; fileEncoding = 4; lastKnownFileType = sourcecode.swift; path = SoundSet.swift; sourceTree = "<group>"; };
		C272B2A11B7D714B00134E5F /* PureOscillators.programlist */ = {isa = PBXFileReference; fileEncoding = 4; lastKnownFileType = text; path = PureOscillators.programlist; sourceTree = "<group>"; };
		C2776C1A1B9DF50D002FE5A8 /* Emax Volume 1.sf2 */ = {isa = PBXFileReference; lastKnownFileType = file; path = "Emax Volume 1.sf2"; sourceTree = "<group>"; };
		C2776C1B1B9DF50D002FE5A8 /* Emax Volume 2.sf2 */ = {isa = PBXFileReference; lastKnownFileType = file; path = "Emax Volume 2.sf2"; sourceTree = "<group>"; };
		C2776C1C1B9DF50D002FE5A8 /* Emax Volume 3.sf2 */ = {isa = PBXFileReference; lastKnownFileType = file; path = "Emax Volume 3.sf2"; sourceTree = "<group>"; };
		C2776C1D1B9DF50D002FE5A8 /* Emax Volume 4.sf2 */ = {isa = PBXFileReference; lastKnownFileType = file; path = "Emax Volume 4.sf2"; sourceTree = "<group>"; };
		C2776C1E1B9DF50D002FE5A8 /* Emax Volume 5.sf2 */ = {isa = PBXFileReference; lastKnownFileType = file; path = "Emax Volume 5.sf2"; sourceTree = "<group>"; };
		C2776C1F1B9DF50D002FE5A8 /* Emax Volume 6.sf2 */ = {isa = PBXFileReference; lastKnownFileType = file; path = "Emax Volume 6.sf2"; sourceTree = "<group>"; };
		C27AC89A1C0E8ACC00762AAF /* RemoveTool.swift */ = {isa = PBXFileReference; fileEncoding = 4; lastKnownFileType = sourcecode.swift; path = RemoveTool.swift; sourceTree = "<group>"; };
		C282911C1C1DFFD600F9975C /* Tool.swift */ = {isa = PBXFileReference; fileEncoding = 4; lastKnownFileType = sourcecode.swift; path = Tool.swift; sourceTree = "<group>"; };
		C283B69B1BC02E3B007A4A36 /* Settings.bundle */ = {isa = PBXFileReference; lastKnownFileType = "wrapper.plug-in"; path = Settings.bundle; sourceTree = "<group>"; };
		C283B69D1BC0495A007A4A36 /* DocumentItem.swift */ = {isa = PBXFileReference; fileEncoding = 4; lastKnownFileType = sourcecode.swift; path = DocumentItem.swift; sourceTree = "<group>"; };
		C284F7C81C49C8A8009C72A0 /* MIDINodePathTests.xctest */ = {isa = PBXFileReference; explicitFileType = wrapper.cfbundle; includeInIndex = 0; path = MIDINodePathTests.xctest; sourceTree = BUILT_PRODUCTS_DIR; };
		C284F7CA1C49C8A8009C72A0 /* MIDINodePathTests.swift */ = {isa = PBXFileReference; lastKnownFileType = sourcecode.swift; path = MIDINodePathTests.swift; sourceTree = "<group>"; };
		C284F7CC1C49C8A8009C72A0 /* Info.plist */ = {isa = PBXFileReference; lastKnownFileType = text.plist.xml; path = Info.plist; sourceTree = "<group>"; };
		C28AA0EB1B8BC74800DA2502 /* test.mid */ = {isa = PBXFileReference; lastKnownFileType = audio.midi; path = test.mid; sourceTree = "<group>"; };
		C28AA0ED1B8BE1F800DA2502 /* Ping Puh Ping.mid */ = {isa = PBXFileReference; lastKnownFileType = audio.midi; path = "Ping Puh Ping.mid"; sourceTree = "<group>"; };
		C28BB6011BBF110E00BF2F70 /* DocumentCell.swift */ = {isa = PBXFileReference; fileEncoding = 4; lastKnownFileType = sourcecode.swift; path = DocumentCell.swift; sourceTree = "<group>"; };
		C291C3EA1B91EDA700702AEA /* MIDIFileTrackChunk.swift */ = {isa = PBXFileReference; fileEncoding = 4; lastKnownFileType = sourcecode.swift; path = MIDIFileTrackChunk.swift; sourceTree = "<group>"; };
		C291C3EC1B91EDB700702AEA /* MIDIFileHeaderChunk.swift */ = {isa = PBXFileReference; fileEncoding = 4; lastKnownFileType = sourcecode.swift; path = MIDIFileHeaderChunk.swift; sourceTree = "<group>"; };
		C291C3EE1B91EDCC00702AEA /* MetaEvent.swift */ = {isa = PBXFileReference; fileEncoding = 4; lastKnownFileType = sourcecode.swift; path = MetaEvent.swift; sourceTree = "<group>"; };
		C291C3F01B91EDD600702AEA /* ChannelEvent.swift */ = {isa = PBXFileReference; fileEncoding = 4; lastKnownFileType = sourcecode.swift; path = ChannelEvent.swift; sourceTree = "<group>"; };
		C291C3F21B91EDE100702AEA /* VariableLengthQuantity.swift */ = {isa = PBXFileReference; fileEncoding = 4; lastKnownFileType = sourcecode.swift; path = VariableLengthQuantity.swift; sourceTree = "<group>"; };
		C291C3F41B91F05900702AEA /* MIDIEvent.swift */ = {isa = PBXFileReference; fileEncoding = 4; lastKnownFileType = sourcecode.swift; path = MIDIEvent.swift; sourceTree = "<group>"; };
		C2981BA71C2468FD007FC51F /* Loop.swift */ = {isa = PBXFileReference; fileEncoding = 4; lastKnownFileType = sourcecode.swift; path = Loop.swift; sourceTree = "<group>"; };
		C2981BA91C2B85F4007FC51F /* Transport.swift */ = {isa = PBXFileReference; fileEncoding = 4; lastKnownFileType = sourcecode.swift; path = Transport.swift; sourceTree = "<group>"; };
		C2995C471BB8ABC70003AAB2 /* Trajectory.swift */ = {isa = PBXFileReference; fileEncoding = 4; lastKnownFileType = sourcecode.swift; path = Trajectory.swift; sourceTree = "<group>"; };
		C2AA2BC71B84B04200A0B08D /* InstrumentViewController.swift */ = {isa = PBXFileReference; fileEncoding = 4; lastKnownFileType = sourcecode.swift; path = InstrumentViewController.swift; sourceTree = "<group>"; };
		C2AA2BCA1B84FB2100A0B08D /* Sequencer.swift */ = {isa = PBXFileReference; fileEncoding = 4; lastKnownFileType = sourcecode.swift; path = Sequencer.swift; sourceTree = "<group>"; };
		C2AC3A961BA9D4CD00692EBB /* TempoViewController.swift */ = {isa = PBXFileReference; fileEncoding = 4; lastKnownFileType = sourcecode.swift; path = TempoViewController.swift; sourceTree = "<group>"; };
		C2AD8E881B7D99C60003579E /* Groove.entitlements */ = {isa = PBXFileReference; lastKnownFileType = text.xml; path = Groove.entitlements; sourceTree = "<group>"; };
		C2AF09D41BB9DB410021A37E /* AudioToolbox.framework */ = {isa = PBXFileReference; lastKnownFileType = wrapper.framework; name = AudioToolbox.framework; path = System/Library/Frameworks/AudioToolbox.framework; sourceTree = SDKROOT; };
		C2B123BE1B864DCC008FED5E /* MIDIClock.swift */ = {isa = PBXFileReference; fileEncoding = 4; lastKnownFileType = sourcecode.swift; path = MIDIClock.swift; sourceTree = "<group>"; };
		C2B12D961BDC531500A6C719 /* Track.swift */ = {isa = PBXFileReference; fileEncoding = 4; lastKnownFileType = sourcecode.swift; path = Track.swift; sourceTree = "<group>"; };
		C2B2B03E1BCDCE5F007AF9DC /* TrackColor.swift */ = {isa = PBXFileReference; fileEncoding = 4; lastKnownFileType = sourcecode.swift; path = TrackColor.swift; sourceTree = "<group>"; };
		C2B2B0421BCEA55D007AF9DC /* MIDIEventContainer.swift */ = {isa = PBXFileReference; fileEncoding = 4; lastKnownFileType = sourcecode.swift; path = MIDIEventContainer.swift; sourceTree = "<group>"; };
		C2B3B2EA1C55A9110001152F /* NodeSelectionTool.swift */ = {isa = PBXFileReference; fileEncoding = 4; lastKnownFileType = sourcecode.swift; path = NodeSelectionTool.swift; sourceTree = "<group>"; };
		C2BC7AD41B76C85E001729BA /* Instrument.swift */ = {isa = PBXFileReference; fileEncoding = 4; lastKnownFileType = sourcecode.swift; path = Instrument.swift; sourceTree = "<group>"; };
		C2BDBBBF1BD3E12C00E343F1 /* INFOChunk.swift */ = {isa = PBXFileReference; fileEncoding = 4; lastKnownFileType = sourcecode.swift; path = INFOChunk.swift; sourceTree = "<group>"; };
		C2BDBBC11BD3E14900E343F1 /* SDTAChunk.swift */ = {isa = PBXFileReference; fileEncoding = 4; lastKnownFileType = sourcecode.swift; path = SDTAChunk.swift; sourceTree = "<group>"; };
		C2BDBBC31BD3E15D00E343F1 /* PDTAChunk.swift */ = {isa = PBXFileReference; fileEncoding = 4; lastKnownFileType = sourcecode.swift; path = PDTAChunk.swift; sourceTree = "<group>"; };
		C2CBE87C1BFA3BAC00EDA3A3 /* Chord.swift */ = {isa = PBXFileReference; fileEncoding = 4; lastKnownFileType = sourcecode.swift; path = Chord.swift; sourceTree = "<group>"; };
		C2CD18E01B7E681A00705922 /* Error.swift */ = {isa = PBXFileReference; fileEncoding = 4; lastKnownFileType = sourcecode.swift; path = Error.swift; sourceTree = "<group>"; };
		C2CF38CC1B7EBED30085B3D5 /* InstrumentTrack.swift */ = {isa = PBXFileReference; fileEncoding = 4; lastKnownFileType = sourcecode.swift; path = InstrumentTrack.swift; sourceTree = "<group>"; };
		C2CFB7FE1BBF486300983664 /* DocumentsViewLayout.swift */ = {isa = PBXFileReference; fileEncoding = 4; lastKnownFileType = sourcecode.swift; path = DocumentsViewLayout.swift; sourceTree = "<group>"; };
		C2D0EFA21BDD793F00AE49FD /* Logs */ = {isa = PBXFileReference; lastKnownFileType = folder; path = Logs; sourceTree = SOURCE_ROOT; };
		C2D406731BB9FDC700681DEF /* MIDIDocumentManager.swift */ = {isa = PBXFileReference; fileEncoding = 4; lastKnownFileType = sourcecode.swift; path = MIDIDocumentManager.swift; sourceTree = "<group>"; };
		C2DDA22E1C38A6CF005F0965 /* GrooveNode.swift */ = {isa = PBXFileReference; fileEncoding = 4; lastKnownFileType = sourcecode.swift; path = GrooveNode.swift; sourceTree = "<group>"; };
		C2DDA2301C38A8B5005F0965 /* GrooveLoop.swift */ = {isa = PBXFileReference; fileEncoding = 4; lastKnownFileType = sourcecode.swift; path = GrooveLoop.swift; sourceTree = "<group>"; };
		C2DFBE791B8AA5AB00898C2A /* Sequence.swift */ = {isa = PBXFileReference; fileEncoding = 4; lastKnownFileType = sourcecode.swift; path = Sequence.swift; sourceTree = "<group>"; };
		C2E043311B72F4DC005F0675 /* Groove.app */ = {isa = PBXFileReference; explicitFileType = wrapper.application; includeInIndex = 0; path = Groove.app; sourceTree = BUILT_PRODUCTS_DIR; };
		C2E043341B72F4DC005F0675 /* AppDelegate.swift */ = {isa = PBXFileReference; lastKnownFileType = sourcecode.swift; path = AppDelegate.swift; sourceTree = "<group>"; };
		C2E043381B72F4DC005F0675 /* MIDIPlayerScene.swift */ = {isa = PBXFileReference; lastKnownFileType = sourcecode.swift; path = MIDIPlayerScene.swift; sourceTree = "<group>"; };
		C2E0433A1B72F4DC005F0675 /* MIDIPlayerViewController.swift */ = {isa = PBXFileReference; lastKnownFileType = sourcecode.swift; path = MIDIPlayerViewController.swift; sourceTree = "<group>"; };
		C2E0433D1B72F4DC005F0675 /* Base */ = {isa = PBXFileReference; lastKnownFileType = file.storyboard; name = Base; path = Base.lproj/Main.storyboard; sourceTree = "<group>"; };
		C2E0433F1B72F4DC005F0675 /* Assets.xcassets */ = {isa = PBXFileReference; lastKnownFileType = folder.assetcatalog; path = Assets.xcassets; sourceTree = "<group>"; };
		C2E043421B72F4DC005F0675 /* Base */ = {isa = PBXFileReference; lastKnownFileType = file.storyboard; name = Base; path = Base.lproj/LaunchScreen.storyboard; sourceTree = "<group>"; };
		C2E043441B72F4DC005F0675 /* Info.plist */ = {isa = PBXFileReference; lastKnownFileType = text.plist.xml; path = Info.plist; sourceTree = "<group>"; };
		C2E542381BD56E00005B452F /* SoundSetType.swift */ = {isa = PBXFileReference; fileEncoding = 4; lastKnownFileType = sourcecode.swift; path = SoundSetType.swift; sourceTree = "<group>"; };
		C2E5423A1BD5721C005B452F /* sf2Info.txt */ = {isa = PBXFileReference; fileEncoding = 4; lastKnownFileType = text; path = sf2Info.txt; sourceTree = "<group>"; };
		C2E5423C1BD57252005B452F /* EmaxSoundSet.swift */ = {isa = PBXFileReference; fileEncoding = 4; lastKnownFileType = sourcecode.swift; path = EmaxSoundSet.swift; sourceTree = "<group>"; };
		C2E705C41BBB17AE00636EF3 /* PurgatoryViewController.swift */ = {isa = PBXFileReference; fileEncoding = 4; lastKnownFileType = sourcecode.swift; path = PurgatoryViewController.swift; sourceTree = "<group>"; };
		C2EA30521BB9DF3300020958 /* MIDIDocument.swift */ = {isa = PBXFileReference; fileEncoding = 4; lastKnownFileType = sourcecode.swift; path = MIDIDocument.swift; sourceTree = "<group>"; };
		C2ECC5E21B9C7FFA0010E76E /* MIDINodeEvent.swift */ = {isa = PBXFileReference; fileEncoding = 4; lastKnownFileType = sourcecode.swift; path = MIDINodeEvent.swift; sourceTree = "<group>"; };
		C2EFA0EB1B823642002EBA3D /* GeneratorViewController.swift */ = {isa = PBXFileReference; fileEncoding = 4; lastKnownFileType = sourcecode.swift; path = GeneratorViewController.swift; sourceTree = "<group>"; };
		C2EFA0ED1B824A2F002EBA3D /* AssetManager.swift */ = {isa = PBXFileReference; fileEncoding = 4; lastKnownFileType = sourcecode.swift; path = AssetManager.swift; sourceTree = "<group>"; };
		C2F2ADC11B90EBD300FF4836 /* Woodblock.wav */ = {isa = PBXFileReference; lastKnownFileType = audio.wav; path = Woodblock.wav; sourceTree = "<group>"; };
		C2F2ADC31B91098A00FF4836 /* NoteGenerator.swift */ = {isa = PBXFileReference; fileEncoding = 4; lastKnownFileType = sourcecode.swift; path = NoteGenerator.swift; sourceTree = "<group>"; };
		C2F2ADC51B91203700FF4836 /* Metronome.swift */ = {isa = PBXFileReference; fileEncoding = 4; lastKnownFileType = sourcecode.swift; path = Metronome.swift; sourceTree = "<group>"; };
		C2F35DB81BB4507800ECB045 /* MIDIPlayerView.swift */ = {isa = PBXFileReference; fileEncoding = 4; lastKnownFileType = sourcecode.swift; path = MIDIPlayerView.swift; sourceTree = "<group>"; };
		C2F589F81BAC688F009166D5 /* BarBeatTimeLabel.swift */ = {isa = PBXFileReference; fileEncoding = 4; lastKnownFileType = sourcecode.swift; path = BarBeatTimeLabel.swift; sourceTree = "<group>"; };
		C2FEB0241C0F6183000BD1B7 /* GeneratorTool.swift */ = {isa = PBXFileReference; fileEncoding = 4; lastKnownFileType = sourcecode.swift; path = GeneratorTool.swift; sourceTree = "<group>"; };
		C2FF79841BD05F1E002CBA79 /* BarBeatTime.swift */ = {isa = PBXFileReference; fileEncoding = 4; lastKnownFileType = sourcecode.swift; path = BarBeatTime.swift; sourceTree = "<group>"; };
		C2FF79861BD06115002CBA79 /* TimeSignature.swift */ = {isa = PBXFileReference; fileEncoding = 4; lastKnownFileType = sourcecode.swift; path = TimeSignature.swift; sourceTree = "<group>"; };
/* End PBXFileReference section */

/* Begin PBXFrameworksBuildPhase section */
		C20A109B1C51552B00522FD7 /* Frameworks */ = {
			isa = PBXFrameworksBuildPhase;
			buildActionMask = 2147483647;
			files = (
			);
			runOnlyForDeploymentPostprocessing = 0;
		};
		C23B058F1C0219560081AC6E /* Frameworks */ = {
			isa = PBXFrameworksBuildPhase;
			buildActionMask = 2147483647;
			files = (
			);
			runOnlyForDeploymentPostprocessing = 0;
		};
		C284F7C51C49C8A8009C72A0 /* Frameworks */ = {
			isa = PBXFrameworksBuildPhase;
			buildActionMask = 2147483647;
			files = (
			);
			runOnlyForDeploymentPostprocessing = 0;
		};
		C2E0432E1B72F4DC005F0675 /* Frameworks */ = {
			isa = PBXFrameworksBuildPhase;
			buildActionMask = 2147483647;
			files = (
				C222E6C81BD2B78600DBBBDA /* FestivoLC.framework in Frameworks */,
				C22567821BB05ED100E4842B /* Lumberjack.framework in Frameworks */,
				C27E18AD1B965F8500626314 /* Eveleth.framework in Frameworks */,
				C27E18B41B965F8500626314 /* Chameleon.framework in Frameworks */,
				C27E18B21B965F8500626314 /* MoonKit.framework in Frameworks */,
				C2AF09D51BB9DB410021A37E /* AudioToolbox.framework in Frameworks */,
				C222E6CB1BD2B78600DBBBDA /* Triump.framework in Frameworks */,
			);
			runOnlyForDeploymentPostprocessing = 0;
		};
/* End PBXFrameworksBuildPhase section */

/* Begin PBXGroup section */
		C20A109F1C51552B00522FD7 /* BarBeatTimeTests */ = {
			isa = PBXGroup;
			children = (
				C20A10A01C51552B00522FD7 /* BarBeatTimeTests.swift */,
				C20A10A21C51552B00522FD7 /* Info.plist */,
			);
			path = BarBeatTimeTests;
			sourceTree = "<group>";
		};
		C23B05931C0219560081AC6E /* NoteChordTests */ = {
			isa = PBXGroup;
			children = (
				C23B05941C0219560081AC6E /* NoteChordTests.swift */,
				C23B05961C0219560081AC6E /* Info.plist */,
			);
			path = NoteChordTests;
			sourceTree = "<group>";
		};
		C2404BD71B78EF8200A68A64 /* Embedded Frameworks */ = {
			isa = PBXGroup;
			children = (
				C2AF09D41BB9DB410021A37E /* AudioToolbox.framework */,
				C22567811BB05ED100E4842B /* Lumberjack.framework */,
				C222E6C71BD2B78600DBBBDA /* FestivoLC.framework */,
				C222E6CA1BD2B78600DBBBDA /* Triump.framework */,
				C2404BD41B78EEC500A68A64 /* MoonKit.framework */,
				C2404BD11B78EE3800A68A64 /* Chameleon.framework */,
				C2404BCD1B78EDEB00A68A64 /* Eveleth.framework */,
			);
			name = "Embedded Frameworks";
			sourceTree = "<group>";
		};
		C2404BD81B78EFA800A68A64 /* Sound Sets */ = {
			isa = PBXGroup;
			children = (
				C2776C191B9DF50D002FE5A8 /* Emax_Collections_Bundle */,
				C2F2ADC11B90EBD300FF4836 /* Woodblock.wav */,
				C21E44C01B7653BF00574BD2 /* SPYRO's Pure Oscillators.sf2 */,
			);
			name = "Sound Sets";
			sourceTree = "<group>";
		};
		C2404BD91B78EFD700A68A64 /* Playgrounds */ = {
			isa = PBXGroup;
			children = (
				C21E44C81B76739C00574BD2 /* sf2.playground */,
				C2670CD31C488490000F76F9 /* PerpetualGroove.playground */,
			);
			name = Playgrounds;
			sourceTree = "<group>";
		};
		C2404BDA1B78F02C00A68A64 /* Source */ = {
			isa = PBXGroup;
			children = (
				C24DCE361C34389400AD98BE /* Groove Files */,
				C2E043341B72F4DC005F0675 /* AppDelegate.swift */,
				C2EFA0ED1B824A2F002EBA3D /* AssetManager.swift */,
				C26A27EA1B93C04400BD1698 /* View Controllers */,
				C26A27E91B93C02900BD1698 /* Scene */,
				C26A27ED1B93C0AE00BD1698 /* Audio */,
				C26A27EC1B93C09200BD1698 /* Sequencer */,
				C26A27EB1B93C06200BD1698 /* MIDI Files */,
				C2CD18E01B7E681A00705922 /* Error.swift */,
				C22FA58C1BC830D600162DB4 /* SettingsManager.swift */,
				C269D1D61BD7FA190084A7EE /* LogManager.swift */,
			);
			name = Source;
			sourceTree = "<group>";
		};
		C2404BDB1B78F03E00A68A64 /* Resources */ = {
			isa = PBXGroup;
			children = (
				C207458C1B8CFB91000A06D4 /* test_morse_code_a.mid */,
				C20745891B8CE4C3000A06D4 /* morse_code_a.mid */,
				C28AA0ED1B8BE1F800DA2502 /* Ping Puh Ping.mid */,
				C28AA0EB1B8BC74800DA2502 /* test.mid */,
				C2E0433C1B72F4DC005F0675 /* Main.storyboard */,
				C2516B311C08F77F0060710B /* MIDIPlayer.storyboard */,
				C255C43B1BD6651100CAEE9C /* Tempo.storyboard */,
				C2516B2E1C08F47C0060710B /* Transport.storyboard */,
				C255C4381BD664FB00CAEE9C /* Documents.storyboard */,
				C255C4361BD664E400CAEE9C /* Generator.storyboard */,
				C255C4331BD664CD00CAEE9C /* Instrument.storyboard */,
				C255C4311BD664B000CAEE9C /* Mixer.storyboard */,
				C2E0433F1B72F4DC005F0675 /* Assets.xcassets */,
				C2E043411B72F4DC005F0675 /* LaunchScreen.storyboard */,
				C272B2A11B7D714B00134E5F /* PureOscillators.programlist */,
				C283B69B1BC02E3B007A4A36 /* Settings.bundle */,
				C24E839B1C3EE17900B4A16A /* MixerContainer.storyboard */,
				C24E839D1C3EEE1300B4A16A /* MIDIPlayerContainer.storyboard */,
			);
			name = Resources;
			sourceTree = "<group>";
		};
		C2404BDC1B78F04700A68A64 /* Supporting Files */ = {
			isa = PBXGroup;
			children = (
				C2E043441B72F4DC005F0675 /* Info.plist */,
			);
			name = "Supporting Files";
			sourceTree = "<group>";
		};
		C24DCE361C34389400AD98BE /* Groove Files */ = {
			isa = PBXGroup;
			children = (
				C24DCE371C3438A800AD98BE /* GrooveFile.swift */,
				C24DCE391C343C0C00AD98BE /* GrooveTrack.swift */,
				C2DDA22E1C38A6CF005F0965 /* GrooveNode.swift */,
				C2DDA2301C38A8B5005F0965 /* GrooveLoop.swift */,
			);
			name = "Groove Files";
			sourceTree = "<group>";
		};
		C26A27E91B93C02900BD1698 /* Scene */ = {
			isa = PBXGroup;
			children = (
				C2670CD11C47356D000F76F9 /* MIDINodePath.swift */,
				C22D93F01BADA24A00B04A2B /* MIDINodeHistory.swift */,
				C2E043381B72F4DC005F0675 /* MIDIPlayerScene.swift */,
				C26FC1701B7BAC7F00E271A3 /* MIDIPlayerNode.swift */,
				C26FC1721B7BAEBD00E271A3 /* AddTool.swift */,
				C27AC89A1C0E8ACC00762AAF /* RemoveTool.swift */,
				C2FEB0241C0F6183000BD1B7 /* GeneratorTool.swift */,
				C26FC16E1B7BA63300E271A3 /* MIDINode.swift */,
				C2995C471BB8ABC70003AAB2 /* Trajectory.swift */,
				C2670CCD1C46FEF6000F76F9 /* MIDIGenerator.swift */,
				C2670CCF1C4704A2000F76F9 /* MIDINodeDispatch.swift */,
				C20A10981C51332B00522FD7 /* Segment.swift */,
				C2B3B2EA1C55A9110001152F /* NodeSelectionTool.swift */,
			);
			name = Scene;
			sourceTree = "<group>";
		};
		C26A27EA1B93C04400BD1698 /* View Controllers */ = {
			isa = PBXGroup;
			children = (
				C2729ADC1BEE6B3D004FA34F /* LocalDocumentItem.swift */,
				C22FA58A1BC7F3D300162DB4 /* TrackLabel.swift */,
				C2E705C41BBB17AE00636EF3 /* PurgatoryViewController.swift */,
				C26A27EE1B948E4E00BD1698 /* DocumentsViewController.swift */,
				C2E0433A1B72F4DC005F0675 /* MIDIPlayerViewController.swift */,
				C2516B2A1C08ECE10060710B /* RootViewController.swift */,
				C2516B2C1C08F1B50060710B /* TransportViewController.swift */,
				C26EEB2D1B7FDA8F00EC6979 /* MixerViewController.swift */,
				C26EEB2F1B7FDAF300EC6979 /* MixerCell.swift */,
				C2AA2BC71B84B04200A0B08D /* InstrumentViewController.swift */,
				C2EFA0EB1B823642002EBA3D /* GeneratorViewController.swift */,
				C2AC3A961BA9D4CD00692EBB /* TempoViewController.swift */,
				C2F589F81BAC688F009166D5 /* BarBeatTimeLabel.swift */,
				C2F35DB81BB4507800ECB045 /* MIDIPlayerView.swift */,
				C28BB6011BBF110E00BF2F70 /* DocumentCell.swift */,
				C2CFB7FE1BBF486300983664 /* DocumentsViewLayout.swift */,
				C283B69D1BC0495A007A4A36 /* DocumentItem.swift */,
				C26A09751BC96B97002EFEE1 /* MixerLayout.swift */,
				C2729ADE1BEE6B7C004FA34F /* NSMetadataItem.swift */,
				C24E83951C3EDFD800B4A16A /* SecondaryControllerContainerViewController.swift */,
				C24E83971C3EE0A300B4A16A /* MixerContainerViewController.swift */,
				C24E83991C3EE0D100B4A16A /* MIDIPlayerContainerViewController.swift */,
			);
			name = "View Controllers";
			sourceTree = "<group>";
		};
		C26A27EB1B93C06200BD1698 /* MIDI Files */ = {
			isa = PBXGroup;
			children = (
				C2D406731BB9FDC700681DEF /* MIDIDocumentManager.swift */,
				C291C3F41B91F05900702AEA /* MIDIEvent.swift */,
				C25EBC821B8BFAFA00E57665 /* MIDIFile.swift */,
				C291C3EC1B91EDB700702AEA /* MIDIFileHeaderChunk.swift */,
				C291C3EA1B91EDA700702AEA /* MIDIFileTrackChunk.swift */,
				C291C3EE1B91EDCC00702AEA /* MetaEvent.swift */,
				C291C3F01B91EDD600702AEA /* ChannelEvent.swift */,
				C291C3F21B91EDE100702AEA /* VariableLengthQuantity.swift */,
				C2ECC5E21B9C7FFA0010E76E /* MIDINodeEvent.swift */,
				C2EA30521BB9DF3300020958 /* MIDIDocument.swift */,
				C2B2B0421BCEA55D007AF9DC /* MIDIEventContainer.swift */,
			);
			name = "MIDI Files";
			sourceTree = "<group>";
		};
		C26A27EC1B93C09200BD1698 /* Sequencer */ = {
			isa = PBXGroup;
			children = (
				C20827531C03B2A2004D68FC /* StandardChordPattern.swift */,
				C23B059C1C026F4C0081AC6E /* ChordGenerator.swift */,
				C2576E0C1C13343E00F9A192 /* MIDIPlayer.swift */,
				C282911C1C1DFFD600F9975C /* Tool.swift */,
				C2F2ADC31B91098A00FF4836 /* NoteGenerator.swift */,
				C23B05821C01251D0081AC6E /* Duration.swift */,
				C23B05841C0125240081AC6E /* Velocity.swift */,
				C23B05861C01258D0081AC6E /* Packet.swift */,
				C23B05881C0127140081AC6E /* Octave.swift */,
				C23B058A1C014AC50081AC6E /* Natural.swift */,
				C23B058C1C014EBD0081AC6E /* Note.swift */,
				C2CBE87C1BFA3BAC00EDA3A3 /* Chord.swift */,
				C2FF79841BD05F1E002CBA79 /* BarBeatTime.swift */,
				C2FF79861BD06115002CBA79 /* TimeSignature.swift */,
				C2B2B03E1BCDCE5F007AF9DC /* TrackColor.swift */,
				C2AA2BCA1B84FB2100A0B08D /* Sequencer.swift */,
				C2DFBE791B8AA5AB00898C2A /* Sequence.swift */,
				C2CF38CC1B7EBED30085B3D5 /* InstrumentTrack.swift */,
				C2569E3F1B90005400EEB441 /* TempoTrack.swift */,
				C2F2ADC51B91203700FF4836 /* Metronome.swift */,
				C2B123BE1B864DCC008FED5E /* MIDIClock.swift */,
				C207458E1B8DF6D5000A06D4 /* Time.swift */,
				C2B12D961BDC531500A6C719 /* Track.swift */,
				C2981BA71C2468FD007FC51F /* Loop.swift */,
				C2981BA91C2B85F4007FC51F /* Transport.swift */,
			);
			name = Sequencer;
			sourceTree = "<group>";
		};
		C26A27ED1B93C0AE00BD1698 /* Audio */ = {
			isa = PBXGroup;
			children = (
				C2E5423A1BD5721C005B452F /* sf2Info.txt */,
				C21E44C41B76546C00574BD2 /* AudioManager.swift */,
				C2207B901B9DC63300E4D65D /* SF2File.swift */,
				C2BC7AD41B76C85E001729BA /* Instrument.swift */,
				C272B29F1B7D700600134E5F /* SoundSet.swift */,
				C2BDBBBF1BD3E12C00E343F1 /* INFOChunk.swift */,
				C2BDBBC11BD3E14900E343F1 /* SDTAChunk.swift */,
				C2BDBBC31BD3E15D00E343F1 /* PDTAChunk.swift */,
				C2E542381BD56E00005B452F /* SoundSetType.swift */,
				C2E5423C1BD57252005B452F /* EmaxSoundSet.swift */,
			);
			name = Audio;
			sourceTree = "<group>";
		};
		C2776C191B9DF50D002FE5A8 /* Emax_Collections_Bundle */ = {
			isa = PBXGroup;
			children = (
				C2776C1A1B9DF50D002FE5A8 /* Emax Volume 1.sf2 */,
				C2776C1B1B9DF50D002FE5A8 /* Emax Volume 2.sf2 */,
				C2776C1C1B9DF50D002FE5A8 /* Emax Volume 3.sf2 */,
				C2776C1D1B9DF50D002FE5A8 /* Emax Volume 4.sf2 */,
				C2776C1E1B9DF50D002FE5A8 /* Emax Volume 5.sf2 */,
				C2776C1F1B9DF50D002FE5A8 /* Emax Volume 6.sf2 */,
			);
			name = Emax_Collections_Bundle;
			path = PerpetualGroove/Emax_Collections_Bundle;
			sourceTree = "<group>";
		};
		C284F7C91C49C8A8009C72A0 /* MIDINodePathTests */ = {
			isa = PBXGroup;
			children = (
				C284F7CA1C49C8A8009C72A0 /* MIDINodePathTests.swift */,
				C284F7CC1C49C8A8009C72A0 /* Info.plist */,
			);
			path = MIDINodePathTests;
			sourceTree = "<group>";
		};
		C2E043281B72F4DC005F0675 = {
			isa = PBXGroup;
			children = (
				C2404BD91B78EFD700A68A64 /* Playgrounds */,
				C2404BD71B78EF8200A68A64 /* Embedded Frameworks */,
				C2404BD81B78EFA800A68A64 /* Sound Sets */,
				C2E043331B72F4DC005F0675 /* PerpetualGroove */,
				C23B05931C0219560081AC6E /* NoteChordTests */,
				C284F7C91C49C8A8009C72A0 /* MIDINodePathTests */,
				C20A109F1C51552B00522FD7 /* BarBeatTimeTests */,
				C2E043321B72F4DC005F0675 /* Products */,
			);
			sourceTree = "<group>";
		};
		C2E043321B72F4DC005F0675 /* Products */ = {
			isa = PBXGroup;
			children = (
				C2E043311B72F4DC005F0675 /* Groove.app */,
				C23B05921C0219560081AC6E /* NoteChordTests.xctest */,
				C284F7C81C49C8A8009C72A0 /* MIDINodePathTests.xctest */,
				C20A109E1C51552B00522FD7 /* BarBeatTimeTests.xctest */,
			);
			name = Products;
			sourceTree = "<group>";
		};
		C2E043331B72F4DC005F0675 /* PerpetualGroove */ = {
			isa = PBXGroup;
			children = (
				C2D0EFA21BDD793F00AE49FD /* Logs */,
				C2AD8E881B7D99C60003579E /* Groove.entitlements */,
				C2404BDA1B78F02C00A68A64 /* Source */,
				C2404BDB1B78F03E00A68A64 /* Resources */,
				C2404BDC1B78F04700A68A64 /* Supporting Files */,
			);
			path = PerpetualGroove;
			sourceTree = "<group>";
		};
/* End PBXGroup section */

/* Begin PBXNativeTarget section */
		C20A109D1C51552B00522FD7 /* BarBeatTimeTests */ = {
			isa = PBXNativeTarget;
			buildConfigurationList = C20A10A51C51552B00522FD7 /* Build configuration list for PBXNativeTarget "BarBeatTimeTests" */;
			buildPhases = (
				C20A109A1C51552B00522FD7 /* Sources */,
				C20A109B1C51552B00522FD7 /* Frameworks */,
				C20A109C1C51552B00522FD7 /* Resources */,
			);
			buildRules = (
			);
			dependencies = (
				C20A10A41C51552B00522FD7 /* PBXTargetDependency */,
			);
			name = BarBeatTimeTests;
			productName = BarBeatTimeTests;
			productReference = C20A109E1C51552B00522FD7 /* BarBeatTimeTests.xctest */;
			productType = "com.apple.product-type.bundle.unit-test";
		};
		C23B05911C0219560081AC6E /* NoteChordTests */ = {
			isa = PBXNativeTarget;
			buildConfigurationList = C23B05991C0219560081AC6E /* Build configuration list for PBXNativeTarget "NoteChordTests" */;
			buildPhases = (
				C23B058E1C0219560081AC6E /* Sources */,
				C23B058F1C0219560081AC6E /* Frameworks */,
				C23B05901C0219560081AC6E /* Resources */,
			);
			buildRules = (
			);
			dependencies = (
				C23B05981C0219560081AC6E /* PBXTargetDependency */,
			);
			name = NoteChordTests;
			productName = NoteChordTests;
			productReference = C23B05921C0219560081AC6E /* NoteChordTests.xctest */;
			productType = "com.apple.product-type.bundle.unit-test";
		};
		C284F7C71C49C8A8009C72A0 /* MIDINodePathTests */ = {
			isa = PBXNativeTarget;
			buildConfigurationList = C284F7D11C49C8A8009C72A0 /* Build configuration list for PBXNativeTarget "MIDINodePathTests" */;
			buildPhases = (
				C284F7C41C49C8A8009C72A0 /* Sources */,
				C284F7C51C49C8A8009C72A0 /* Frameworks */,
				C284F7C61C49C8A8009C72A0 /* Resources */,
			);
			buildRules = (
			);
			dependencies = (
				C284F7CE1C49C8A8009C72A0 /* PBXTargetDependency */,
			);
			name = MIDINodePathTests;
			productName = MIDINodePathTests;
			productReference = C284F7C81C49C8A8009C72A0 /* MIDINodePathTests.xctest */;
			productType = "com.apple.product-type.bundle.unit-test";
		};
		C2E043301B72F4DC005F0675 /* PerpetualGroove */ = {
			isa = PBXNativeTarget;
			buildConfigurationList = C2E043471B72F4DC005F0675 /* Build configuration list for PBXNativeTarget "PerpetualGroove" */;
			buildPhases = (
				C2E0432D1B72F4DC005F0675 /* Sources */,
				C2E0432E1B72F4DC005F0675 /* Frameworks */,
				C2E0432F1B72F4DC005F0675 /* Resources */,
				C27E18B61B965F8600626314 /* Embed Frameworks */,
			);
			buildRules = (
			);
			dependencies = (
			);
			name = PerpetualGroove;
			productName = PerpetualGroove;
			productReference = C2E043311B72F4DC005F0675 /* Groove.app */;
			productType = "com.apple.product-type.application";
		};
/* End PBXNativeTarget section */

/* Begin PBXProject section */
		C2E043291B72F4DC005F0675 /* Project object */ = {
			isa = PBXProject;
			attributes = {
				LastSwiftUpdateCheck = 0720;
				LastUpgradeCheck = 0710;
				ORGANIZATIONNAME = "Moondeer Studios";
				TargetAttributes = {
					C20A109D1C51552B00522FD7 = {
						CreatedOnToolsVersion = 7.2;
						TestTargetID = C2E043301B72F4DC005F0675;
					};
					C23B05911C0219560081AC6E = {
						CreatedOnToolsVersion = 7.1.1;
						TestTargetID = C2E043301B72F4DC005F0675;
					};
					C284F7C71C49C8A8009C72A0 = {
						CreatedOnToolsVersion = 7.2;
						TestTargetID = C2E043301B72F4DC005F0675;
					};
					C2E043301B72F4DC005F0675 = {
						CreatedOnToolsVersion = 7.0;
						DevelopmentTeam = JT6STF4SHA;
						SystemCapabilities = {
							com.apple.BackgroundModes = {
								enabled = 1;
							};
							com.apple.InterAppAudio = {
								enabled = 1;
							};
							com.apple.iCloud = {
								enabled = 1;
							};
						};
					};
				};
			};
			buildConfigurationList = C2E0432C1B72F4DC005F0675 /* Build configuration list for PBXProject "PerpetualGroove" */;
			compatibilityVersion = "Xcode 6.3";
			developmentRegion = English;
			hasScannedForEncodings = 0;
			knownRegions = (
				en,
				Base,
			);
			mainGroup = C2E043281B72F4DC005F0675;
			productRefGroup = C2E043321B72F4DC005F0675 /* Products */;
			projectDirPath = "";
			projectRoot = "";
			targets = (
				C2E043301B72F4DC005F0675 /* PerpetualGroove */,
				C23B05911C0219560081AC6E /* NoteChordTests */,
				C284F7C71C49C8A8009C72A0 /* MIDINodePathTests */,
				C20A109D1C51552B00522FD7 /* BarBeatTimeTests */,
			);
		};
/* End PBXProject section */

/* Begin PBXResourcesBuildPhase section */
		C20A109C1C51552B00522FD7 /* Resources */ = {
			isa = PBXResourcesBuildPhase;
			buildActionMask = 2147483647;
			files = (
			);
			runOnlyForDeploymentPostprocessing = 0;
		};
		C23B05901C0219560081AC6E /* Resources */ = {
			isa = PBXResourcesBuildPhase;
			buildActionMask = 2147483647;
			files = (
			);
			runOnlyForDeploymentPostprocessing = 0;
		};
		C284F7C61C49C8A8009C72A0 /* Resources */ = {
			isa = PBXResourcesBuildPhase;
			buildActionMask = 2147483647;
			files = (
			);
			runOnlyForDeploymentPostprocessing = 0;
		};
		C2E0432F1B72F4DC005F0675 /* Resources */ = {
			isa = PBXResourcesBuildPhase;
			buildActionMask = 2147483647;
			files = (
				C2F2ADC21B90EBD300FF4836 /* Woodblock.wav in Resources */,
				C255C43A1BD664FB00CAEE9C /* Documents.storyboard in Resources */,
				C2776C281B9DF50D002FE5A8 /* Emax Volume 5.sf2 in Resources */,
				C255C4321BD664B000CAEE9C /* Mixer.storyboard in Resources */,
				C2776C201B9DF50D002FE5A8 /* Emax Volume 1.sf2 in Resources */,
				C2E043431B72F4DC005F0675 /* LaunchScreen.storyboard in Resources */,
				C24E839E1C3EEE1300B4A16A /* MIDIPlayerContainer.storyboard in Resources */,
				C255C43C1BD6651100CAEE9C /* Tempo.storyboard in Resources */,
				C24E839C1C3EE17900B4A16A /* MixerContainer.storyboard in Resources */,
				C255C4351BD664CD00CAEE9C /* Instrument.storyboard in Resources */,
				C2516B301C08F47C0060710B /* Transport.storyboard in Resources */,
				C2E043401B72F4DC005F0675 /* Assets.xcassets in Resources */,
				C2516B331C08F77F0060710B /* MIDIPlayer.storyboard in Resources */,
				C255C4371BD664E400CAEE9C /* Generator.storyboard in Resources */,
				C283B69C1BC02E3B007A4A36 /* Settings.bundle in Resources */,
				C2776C2A1B9DF50D002FE5A8 /* Emax Volume 6.sf2 in Resources */,
				C2E0433E1B72F4DC005F0675 /* Main.storyboard in Resources */,
				C2776C261B9DF50D002FE5A8 /* Emax Volume 4.sf2 in Resources */,
				C21E44C11B7653BF00574BD2 /* SPYRO's Pure Oscillators.sf2 in Resources */,
				C272B2A21B7D714B00134E5F /* PureOscillators.programlist in Resources */,
				C2776C241B9DF50D002FE5A8 /* Emax Volume 3.sf2 in Resources */,
				C2776C221B9DF50D002FE5A8 /* Emax Volume 2.sf2 in Resources */,
			);
			runOnlyForDeploymentPostprocessing = 0;
		};
/* End PBXResourcesBuildPhase section */

/* Begin PBXSourcesBuildPhase section */
		C20A109A1C51552B00522FD7 /* Sources */ = {
			isa = PBXSourcesBuildPhase;
			buildActionMask = 2147483647;
			files = (
				C20A10A11C51552B00522FD7 /* BarBeatTimeTests.swift in Sources */,
			);
			runOnlyForDeploymentPostprocessing = 0;
		};
		C23B058E1C0219560081AC6E /* Sources */ = {
			isa = PBXSourcesBuildPhase;
			buildActionMask = 2147483647;
			files = (
				C23B05951C0219560081AC6E /* NoteChordTests.swift in Sources */,
			);
			runOnlyForDeploymentPostprocessing = 0;
		};
		C284F7C41C49C8A8009C72A0 /* Sources */ = {
			isa = PBXSourcesBuildPhase;
			buildActionMask = 2147483647;
			files = (
				C284F7CB1C49C8A8009C72A0 /* MIDINodePathTests.swift in Sources */,
			);
			runOnlyForDeploymentPostprocessing = 0;
		};
		C2E0432D1B72F4DC005F0675 /* Sources */ = {
			isa = PBXSourcesBuildPhase;
			buildActionMask = 2147483647;
			files = (
				C2DDA22F1C38A6CF005F0965 /* GrooveNode.swift in Sources */,
				C2B123BF1B864DCC008FED5E /* MIDIClock.swift in Sources */,
				C2DFBE7A1B8AA5AB00898C2A /* Sequence.swift in Sources */,
				C26FC1731B7BAEBD00E271A3 /* AddTool.swift in Sources */,
				C24DCE3A1C343C0C00AD98BE /* GrooveTrack.swift in Sources */,
				C26FC16F1B7BA63300E271A3 /* MIDINode.swift in Sources */,
				C291C3F31B91EDE100702AEA /* VariableLengthQuantity.swift in Sources */,
				C2F2ADC61B91203700FF4836 /* Metronome.swift in Sources */,
				C24E83961C3EDFD800B4A16A /* SecondaryControllerContainerViewController.swift in Sources */,
				C23B058B1C014AC50081AC6E /* Natural.swift in Sources */,
				C2CBE87D1BFA3BAC00EDA3A3 /* Chord.swift in Sources */,
				C207458F1B8DF6D5000A06D4 /* Time.swift in Sources */,
				C2EA30531BB9DF3300020958 /* MIDIDocument.swift in Sources */,
				C23B05891C0127140081AC6E /* Octave.swift in Sources */,
				C2F2ADC41B91098A00FF4836 /* NoteGenerator.swift in Sources */,
				C26EEB2E1B7FDA8F00EC6979 /* MixerViewController.swift in Sources */,
				C2AC3A971BA9D4CD00692EBB /* TempoViewController.swift in Sources */,
				C2576E0D1C13343E00F9A192 /* MIDIPlayer.swift in Sources */,
				C2981BAA1C2B85F4007FC51F /* Transport.swift in Sources */,
				C26A27EF1B948E4F00BD1698 /* DocumentsViewController.swift in Sources */,
				C2776C301B9E8E72002FE5A8 /* SF2File.swift in Sources */,
				C2569E401B90005400EEB441 /* TempoTrack.swift in Sources */,
				C2CD18E11B7E681A00705922 /* Error.swift in Sources */,
				C2B2B03F1BCDCE5F007AF9DC /* TrackColor.swift in Sources */,
				C2E043391B72F4DC005F0675 /* MIDIPlayerScene.swift in Sources */,
				C2995C481BB8ABC70003AAB2 /* Trajectory.swift in Sources */,
				C272B2A01B7D700600134E5F /* SoundSet.swift in Sources */,
				C2BDBBC01BD3E12C00E343F1 /* INFOChunk.swift in Sources */,
				C2B3B2EB1C55A9110001152F /* NodeSelectionTool.swift in Sources */,
				C2B12D971BDC531500A6C719 /* Track.swift in Sources */,
				C26EEB301B7FDAF300EC6979 /* MixerCell.swift in Sources */,
				C2FF79871BD06115002CBA79 /* TimeSignature.swift in Sources */,
				C2BDBBC41BD3E15D00E343F1 /* PDTAChunk.swift in Sources */,
				C2EFA0EC1B823642002EBA3D /* GeneratorViewController.swift in Sources */,
				C291C3EF1B91EDCC00702AEA /* MetaEvent.swift in Sources */,
				C23B058D1C014EBD0081AC6E /* Note.swift in Sources */,
				C25EBC831B8BFAFA00E57665 /* MIDIFile.swift in Sources */,
				C2670CD01C4704A2000F76F9 /* MIDINodeDispatch.swift in Sources */,
				C26FC1711B7BAC7F00E271A3 /* MIDIPlayerNode.swift in Sources */,
				C27AC89B1C0E8ACC00762AAF /* RemoveTool.swift in Sources */,
				C2670CD21C47356D000F76F9 /* MIDINodePath.swift in Sources */,
				C20827541C03B2A2004D68FC /* StandardChordPattern.swift in Sources */,
				C291C3F11B91EDD600702AEA /* ChannelEvent.swift in Sources */,
				C2E705C51BBB17AE00636EF3 /* PurgatoryViewController.swift in Sources */,
				C2516B2B1C08ECE10060710B /* RootViewController.swift in Sources */,
				C24DCE381C3438A800AD98BE /* GrooveFile.swift in Sources */,
				C28BB6021BBF110E00BF2F70 /* DocumentCell.swift in Sources */,
				C2AA2BC81B84B04200A0B08D /* InstrumentViewController.swift in Sources */,
				C291C3ED1B91EDB700702AEA /* MIDIFileHeaderChunk.swift in Sources */,
				C26A09761BC96B97002EFEE1 /* MixerLayout.swift in Sources */,
				C2B2B0431BCEA55D007AF9DC /* MIDIEventContainer.swift in Sources */,
				C2729ADD1BEE6B3D004FA34F /* LocalDocumentItem.swift in Sources */,
				C2DDA2311C38A8B5005F0965 /* GrooveLoop.swift in Sources */,
				C2E0433B1B72F4DC005F0675 /* MIDIPlayerViewController.swift in Sources */,
				C2981BA81C2468FD007FC51F /* Loop.swift in Sources */,
				C2BC7AD51B76C85E001729BA /* Instrument.swift in Sources */,
				C22FA58D1BC830D600162DB4 /* SettingsManager.swift in Sources */,
				C2CFB7FF1BBF486300983664 /* DocumentsViewLayout.swift in Sources */,
				C2729ADF1BEE6B7C004FA34F /* NSMetadataItem.swift in Sources */,
				C283B69E1BC0495A007A4A36 /* DocumentItem.swift in Sources */,
				C21E44C51B76546C00574BD2 /* AudioManager.swift in Sources */,
				C282911D1C1DFFD600F9975C /* Tool.swift in Sources */,
				C2F35DB91BB4507800ECB045 /* MIDIPlayerView.swift in Sources */,
				C291C3F51B91F05900702AEA /* MIDIEvent.swift in Sources */,
				C23B05851C0125240081AC6E /* Velocity.swift in Sources */,
				C2E542391BD56E00005B452F /* SoundSetType.swift in Sources */,
				C2F589F91BAC688F009166D5 /* BarBeatTimeLabel.swift in Sources */,
				C2AA2BCB1B84FB2100A0B08D /* Sequencer.swift in Sources */,
				C269D1D71BD7FA190084A7EE /* LogManager.swift in Sources */,
				C2516B2D1C08F1B50060710B /* TransportViewController.swift in Sources */,
				C2ECC5E31B9C7FFA0010E76E /* MIDINodeEvent.swift in Sources */,
				C291C3EB1B91EDA700702AEA /* MIDIFileTrackChunk.swift in Sources */,
				C22D93F11BADA24A00B04A2B /* MIDINodeHistory.swift in Sources */,
				C2E043351B72F4DC005F0675 /* AppDelegate.swift in Sources */,
				C20A10991C51332B00522FD7 /* Segment.swift in Sources */,
				C2FEB0251C0F6183000BD1B7 /* GeneratorTool.swift in Sources */,
				C24E83981C3EE0A300B4A16A /* MixerContainerViewController.swift in Sources */,
				C2CF38CD1B7EBED30085B3D5 /* InstrumentTrack.swift in Sources */,
				C23B059D1C026F4C0081AC6E /* ChordGenerator.swift in Sources */,
				C23B05831C01251D0081AC6E /* Duration.swift in Sources */,
				C2EFA0EE1B824A2F002EBA3D /* AssetManager.swift in Sources */,
				C2FF79851BD05F1E002CBA79 /* BarBeatTime.swift in Sources */,
				C24E839A1C3EE0D100B4A16A /* MIDIPlayerContainerViewController.swift in Sources */,
				C2E5423D1BD57252005B452F /* EmaxSoundSet.swift in Sources */,
				C2670CCE1C46FEF6000F76F9 /* MIDIGenerator.swift in Sources */,
				C23B05871C01258D0081AC6E /* Packet.swift in Sources */,
				C2D406741BB9FDC700681DEF /* MIDIDocumentManager.swift in Sources */,
				C2BDBBC21BD3E14900E343F1 /* SDTAChunk.swift in Sources */,
			);
			runOnlyForDeploymentPostprocessing = 0;
		};
/* End PBXSourcesBuildPhase section */

/* Begin PBXTargetDependency section */
		C20A10A41C51552B00522FD7 /* PBXTargetDependency */ = {
			isa = PBXTargetDependency;
			target = C2E043301B72F4DC005F0675 /* PerpetualGroove */;
			targetProxy = C20A10A31C51552B00522FD7 /* PBXContainerItemProxy */;
		};
		C23B05981C0219560081AC6E /* PBXTargetDependency */ = {
			isa = PBXTargetDependency;
			target = C2E043301B72F4DC005F0675 /* PerpetualGroove */;
			targetProxy = C23B05971C0219560081AC6E /* PBXContainerItemProxy */;
		};
		C284F7CE1C49C8A8009C72A0 /* PBXTargetDependency */ = {
			isa = PBXTargetDependency;
			target = C2E043301B72F4DC005F0675 /* PerpetualGroove */;
			targetProxy = C284F7CD1C49C8A8009C72A0 /* PBXContainerItemProxy */;
		};
/* End PBXTargetDependency section */

/* Begin PBXVariantGroup section */
		C2516B2E1C08F47C0060710B /* Transport.storyboard */ = {
			isa = PBXVariantGroup;
			children = (
				C2516B2F1C08F47C0060710B /* Base */,
			);
			name = Transport.storyboard;
			sourceTree = "<group>";
		};
		C2516B311C08F77F0060710B /* MIDIPlayer.storyboard */ = {
			isa = PBXVariantGroup;
			children = (
				C2516B321C08F77F0060710B /* Base */,
			);
			name = MIDIPlayer.storyboard;
			sourceTree = "<group>";
		};
		C255C4331BD664CD00CAEE9C /* Instrument.storyboard */ = {
			isa = PBXVariantGroup;
			children = (
				C255C4341BD664CD00CAEE9C /* Base */,
			);
			name = Instrument.storyboard;
			sourceTree = "<group>";
		};
		C255C4381BD664FB00CAEE9C /* Documents.storyboard */ = {
			isa = PBXVariantGroup;
			children = (
				C255C4391BD664FB00CAEE9C /* Base */,
			);
			name = Documents.storyboard;
			sourceTree = "<group>";
		};
		C2E0433C1B72F4DC005F0675 /* Main.storyboard */ = {
			isa = PBXVariantGroup;
			children = (
				C2E0433D1B72F4DC005F0675 /* Base */,
			);
			name = Main.storyboard;
			sourceTree = "<group>";
		};
		C2E043411B72F4DC005F0675 /* LaunchScreen.storyboard */ = {
			isa = PBXVariantGroup;
			children = (
				C2E043421B72F4DC005F0675 /* Base */,
			);
			name = LaunchScreen.storyboard;
			sourceTree = "<group>";
		};
/* End PBXVariantGroup section */

/* Begin XCBuildConfiguration section */
		C20A10A61C51552B00522FD7 /* Debug */ = {
			isa = XCBuildConfiguration;
			buildSettings = {
				BUNDLE_LOADER = "$(TEST_HOST)";
				INFOPLIST_FILE = BarBeatTimeTests/Info.plist;
				IPHONEOS_DEPLOYMENT_TARGET = 9.2;
				LD_RUNPATH_SEARCH_PATHS = "$(inherited) @executable_path/Frameworks @loader_path/Frameworks";
				PRODUCT_BUNDLE_IDENTIFIER = com.moondeerstudios.BarBeatTimeTests;
				PRODUCT_NAME = "$(TARGET_NAME)";
				TEST_HOST = "$(BUILT_PRODUCTS_DIR)/Groove.app/Groove";
			};
			name = Debug;
		};
		C20A10A71C51552B00522FD7 /* Release */ = {
			isa = XCBuildConfiguration;
			buildSettings = {
				BUNDLE_LOADER = "$(TEST_HOST)";
				INFOPLIST_FILE = BarBeatTimeTests/Info.plist;
				IPHONEOS_DEPLOYMENT_TARGET = 9.2;
				LD_RUNPATH_SEARCH_PATHS = "$(inherited) @executable_path/Frameworks @loader_path/Frameworks";
				PRODUCT_BUNDLE_IDENTIFIER = com.moondeerstudios.BarBeatTimeTests;
				PRODUCT_NAME = "$(TARGET_NAME)";
				TEST_HOST = "$(BUILT_PRODUCTS_DIR)/Groove.app/Groove";
			};
			name = Release;
		};
		C23B059A1C0219560081AC6E /* Debug */ = {
			isa = XCBuildConfiguration;
			buildSettings = {
				BUNDLE_LOADER = "$(TEST_HOST)";
				INFOPLIST_FILE = NoteChordTests/Info.plist;
				IPHONEOS_DEPLOYMENT_TARGET = 9.1;
				LD_RUNPATH_SEARCH_PATHS = "$(inherited) @executable_path/Frameworks @loader_path/Frameworks";
				PRODUCT_BUNDLE_IDENTIFIER = com.moondeerstudios.NoteChordTests;
				PRODUCT_NAME = "$(TARGET_NAME)";
				TEST_HOST = "$(BUILT_PRODUCTS_DIR)/Groove.app/Groove";
			};
			name = Debug;
		};
		C23B059B1C0219560081AC6E /* Release */ = {
			isa = XCBuildConfiguration;
			buildSettings = {
				BUNDLE_LOADER = "$(TEST_HOST)";
				INFOPLIST_FILE = NoteChordTests/Info.plist;
				IPHONEOS_DEPLOYMENT_TARGET = 9.1;
				LD_RUNPATH_SEARCH_PATHS = "$(inherited) @executable_path/Frameworks @loader_path/Frameworks";
				PRODUCT_BUNDLE_IDENTIFIER = com.moondeerstudios.NoteChordTests;
				PRODUCT_NAME = "$(TARGET_NAME)";
				TEST_HOST = "$(BUILT_PRODUCTS_DIR)/Groove.app/Groove";
			};
			name = Release;
		};
		C284F7CF1C49C8A8009C72A0 /* Debug */ = {
			isa = XCBuildConfiguration;
			buildSettings = {
				BUNDLE_LOADER = "$(TEST_HOST)";
				INFOPLIST_FILE = MIDINodePathTests/Info.plist;
				IPHONEOS_DEPLOYMENT_TARGET = 9.2;
				LD_RUNPATH_SEARCH_PATHS = "$(inherited) @executable_path/Frameworks @loader_path/Frameworks";
				PRODUCT_BUNDLE_IDENTIFIER = com.moondeerstudios.MIDINodePathTests;
				PRODUCT_NAME = "$(TARGET_NAME)";
				TEST_HOST = "$(BUILT_PRODUCTS_DIR)/Groove.app/Groove";
			};
			name = Debug;
		};
		C284F7D01C49C8A8009C72A0 /* Release */ = {
			isa = XCBuildConfiguration;
			buildSettings = {
				BUNDLE_LOADER = "$(TEST_HOST)";
				INFOPLIST_FILE = MIDINodePathTests/Info.plist;
				IPHONEOS_DEPLOYMENT_TARGET = 9.2;
				LD_RUNPATH_SEARCH_PATHS = "$(inherited) @executable_path/Frameworks @loader_path/Frameworks";
				PRODUCT_BUNDLE_IDENTIFIER = com.moondeerstudios.MIDINodePathTests;
				PRODUCT_NAME = "$(TARGET_NAME)";
				TEST_HOST = "$(BUILT_PRODUCTS_DIR)/Groove.app/Groove";
			};
			name = Release;
		};
		C2E043451B72F4DC005F0675 /* Debug */ = {
			isa = XCBuildConfiguration;
			buildSettings = {
				ALWAYS_SEARCH_USER_PATHS = NO;
				CLANG_CXX_LANGUAGE_STANDARD = "gnu++0x";
				CLANG_CXX_LIBRARY = "libc++";
				CLANG_ENABLE_MODULES = YES;
				CLANG_ENABLE_OBJC_ARC = YES;
				CLANG_WARN_BOOL_CONVERSION = YES;
				CLANG_WARN_CONSTANT_CONVERSION = YES;
				CLANG_WARN_DIRECT_OBJC_ISA_USAGE = YES_ERROR;
				CLANG_WARN_EMPTY_BODY = YES;
				CLANG_WARN_ENUM_CONVERSION = YES;
				CLANG_WARN_INT_CONVERSION = YES;
				CLANG_WARN_OBJC_ROOT_CLASS = YES_ERROR;
				CLANG_WARN_UNREACHABLE_CODE = YES;
				CLANG_WARN__DUPLICATE_METHOD_MATCH = YES;
				"CODE_SIGN_IDENTITY[sdk=iphoneos*]" = "iPhone Developer";
				COPY_PHASE_STRIP = NO;
				DEBUG_INFORMATION_FORMAT = dwarf;
				ENABLE_STRICT_OBJC_MSGSEND = YES;
				ENABLE_TESTABILITY = YES;
				GCC_C_LANGUAGE_STANDARD = gnu99;
				GCC_DYNAMIC_NO_PIC = NO;
				GCC_NO_COMMON_BLOCKS = YES;
				GCC_OPTIMIZATION_LEVEL = 0;
				GCC_PREPROCESSOR_DEFINITIONS = (
					"DEBUG=1",
					"$(inherited)",
				);
				GCC_WARN_64_TO_32_BIT_CONVERSION = YES;
				GCC_WARN_ABOUT_RETURN_TYPE = YES_ERROR;
				GCC_WARN_UNDECLARED_SELECTOR = YES;
				GCC_WARN_UNINITIALIZED_AUTOS = YES_AGGRESSIVE;
				GCC_WARN_UNUSED_FUNCTION = YES;
				GCC_WARN_UNUSED_VARIABLE = YES;
				IPHONEOS_DEPLOYMENT_TARGET = 9.0;
				MTL_ENABLE_DEBUG_INFO = YES;
				ONLY_ACTIVE_ARCH = YES;
				SDKROOT = iphoneos;
				SWIFT_OPTIMIZATION_LEVEL = "-Onone";
				TARGETED_DEVICE_FAMILY = "1,2";
			};
			name = Debug;
		};
		C2E043461B72F4DC005F0675 /* Release */ = {
			isa = XCBuildConfiguration;
			buildSettings = {
				ALWAYS_SEARCH_USER_PATHS = NO;
				CLANG_CXX_LANGUAGE_STANDARD = "gnu++0x";
				CLANG_CXX_LIBRARY = "libc++";
				CLANG_ENABLE_MODULES = YES;
				CLANG_ENABLE_OBJC_ARC = YES;
				CLANG_WARN_BOOL_CONVERSION = YES;
				CLANG_WARN_CONSTANT_CONVERSION = YES;
				CLANG_WARN_DIRECT_OBJC_ISA_USAGE = YES_ERROR;
				CLANG_WARN_EMPTY_BODY = YES;
				CLANG_WARN_ENUM_CONVERSION = YES;
				CLANG_WARN_INT_CONVERSION = YES;
				CLANG_WARN_OBJC_ROOT_CLASS = YES_ERROR;
				CLANG_WARN_UNREACHABLE_CODE = YES;
				CLANG_WARN__DUPLICATE_METHOD_MATCH = YES;
				"CODE_SIGN_IDENTITY[sdk=iphoneos*]" = "iPhone Developer";
				COPY_PHASE_STRIP = NO;
				DEBUG_INFORMATION_FORMAT = "dwarf-with-dsym";
				ENABLE_NS_ASSERTIONS = NO;
				ENABLE_STRICT_OBJC_MSGSEND = YES;
				GCC_C_LANGUAGE_STANDARD = gnu99;
				GCC_NO_COMMON_BLOCKS = YES;
				GCC_WARN_64_TO_32_BIT_CONVERSION = YES;
				GCC_WARN_ABOUT_RETURN_TYPE = YES_ERROR;
				GCC_WARN_UNDECLARED_SELECTOR = YES;
				GCC_WARN_UNINITIALIZED_AUTOS = YES_AGGRESSIVE;
				GCC_WARN_UNUSED_FUNCTION = YES;
				GCC_WARN_UNUSED_VARIABLE = YES;
				IPHONEOS_DEPLOYMENT_TARGET = 9.0;
				MTL_ENABLE_DEBUG_INFO = NO;
				SDKROOT = iphoneos;
				TARGETED_DEVICE_FAMILY = "1,2";
				VALIDATE_PRODUCT = YES;
			};
			name = Release;
		};
		C2E043481B72F4DC005F0675 /* Debug */ = {
			isa = XCBuildConfiguration;
			buildSettings = {
				ASSETCATALOG_COMPILER_APPICON_NAME = AppIcon;
				ASSETCATALOG_COMPILER_LAUNCHIMAGE_NAME = "Brand Assets";
				CODE_SIGN_ENTITLEMENTS = PerpetualGroove/Groove.entitlements;
				CODE_SIGN_IDENTITY = "iPhone Developer";
				"CODE_SIGN_IDENTITY[sdk=iphoneos*]" = "iPhone Developer";
				DEBUG_INFORMATION_FORMAT = "dwarf-with-dsym";
				EMBEDDED_CONTENT_CONTAINS_SWIFT = YES;
				INFOPLIST_FILE = PerpetualGroove/Info.plist;
				LD_RUNPATH_SEARCH_PATHS = "@executable_path/Frameworks";
				OTHER_SWIFT_FLAGS = "-DDebug -DLogLevelDebug";
				PRODUCT_BUNDLE_IDENTIFIER = com.moondeerstudios.PerpetualGroove;
				PRODUCT_NAME = Groove;
				PROVISIONING_PROFILE = "";
				SKIP_INSTALL = YES;
				STRIP_STYLE = debugging;
				VALID_ARCHS = "arm64 armv7s armv7";
			};
			name = Debug;
		};
		C2E043491B72F4DC005F0675 /* Release */ = {
			isa = XCBuildConfiguration;
			buildSettings = {
				ASSETCATALOG_COMPILER_APPICON_NAME = AppIcon;
				ASSETCATALOG_COMPILER_LAUNCHIMAGE_NAME = "Brand Assets";
				CODE_SIGN_ENTITLEMENTS = PerpetualGroove/Groove.entitlements;
				CODE_SIGN_IDENTITY = "iPhone Developer";
				"CODE_SIGN_IDENTITY[sdk=iphoneos*]" = "iPhone Developer";
				EMBEDDED_CONTENT_CONTAINS_SWIFT = YES;
				INFOPLIST_FILE = PerpetualGroove/Info.plist;
				LD_RUNPATH_SEARCH_PATHS = "@executable_path/Frameworks";
				OTHER_SWIFT_FLAGS = "-DRelease -DLogLevelWarning";
				PRODUCT_BUNDLE_IDENTIFIER = com.moondeerstudios.PerpetualGroove;
				PRODUCT_NAME = Groove;
				PROVISIONING_PROFILE = "";
				SKIP_INSTALL = YES;
				STRIP_STYLE = debugging;
				SWIFT_OPTIMIZATION_LEVEL = "-Owholemodule";
				VALID_ARCHS = "arm64 armv7s armv7";
			};
			name = Release;
		};
/* End XCBuildConfiguration section */

/* Begin XCConfigurationList section */
		C20A10A51C51552B00522FD7 /* Build configuration list for PBXNativeTarget "BarBeatTimeTests" */ = {
			isa = XCConfigurationList;
			buildConfigurations = (
				C20A10A61C51552B00522FD7 /* Debug */,
				C20A10A71C51552B00522FD7 /* Release */,
			);
			defaultConfigurationIsVisible = 0;
			defaultConfigurationName = Release;
		};
		C23B05991C0219560081AC6E /* Build configuration list for PBXNativeTarget "NoteChordTests" */ = {
			isa = XCConfigurationList;
			buildConfigurations = (
				C23B059A1C0219560081AC6E /* Debug */,
				C23B059B1C0219560081AC6E /* Release */,
			);
			defaultConfigurationIsVisible = 0;
			defaultConfigurationName = Release;
		};
		C284F7D11C49C8A8009C72A0 /* Build configuration list for PBXNativeTarget "MIDINodePathTests" */ = {
			isa = XCConfigurationList;
			buildConfigurations = (
				C284F7CF1C49C8A8009C72A0 /* Debug */,
				C284F7D01C49C8A8009C72A0 /* Release */,
			);
			defaultConfigurationIsVisible = 0;
			defaultConfigurationName = Release;
		};
		C2E0432C1B72F4DC005F0675 /* Build configuration list for PBXProject "PerpetualGroove" */ = {
			isa = XCConfigurationList;
			buildConfigurations = (
				C2E043451B72F4DC005F0675 /* Debug */,
				C2E043461B72F4DC005F0675 /* Release */,
			);
			defaultConfigurationIsVisible = 0;
			defaultConfigurationName = Release;
		};
		C2E043471B72F4DC005F0675 /* Build configuration list for PBXNativeTarget "PerpetualGroove" */ = {
			isa = XCConfigurationList;
			buildConfigurations = (
				C2E043481B72F4DC005F0675 /* Debug */,
				C2E043491B72F4DC005F0675 /* Release */,
			);
			defaultConfigurationIsVisible = 0;
			defaultConfigurationName = Release;
		};
/* End XCConfigurationList section */
	};
	rootObject = C2E043291B72F4DC005F0675 /* Project object */;
}
